
Microsoft Visual Studio Solution File, Format Version 12.00
# Visual Studio Version 17
VisualStudioVersion = 17.12.35527.113
MinimumVisualStudioVersion = 10.0.40219.1
Project("{F184B08F-C81C-45F6-A57F-5ABD9991F28F}") = "AgronicaStampe_2010", "AgronicaStampe_2010\AgronicaStampe_2010.vbproj", "{187EC417-7C6E-49D1-A1F2-3F0231427757}"
EndProject
Project("{F184B08F-C81C-45F6-A57F-5ABD9991F28F}") = "AgronicaCoreDataProvider", "..\AgronicaCore_2010\AgronicaCoreDataProvider\AgronicaCoreDataProvider.vbproj", "{D1E4EDCA-946A-44B1-AA32-F315E0A9F13C}"
EndProject
Project("{F184B08F-C81C-45F6-A57F-5ABD9991F28F}") = "AgronicaCoreGestioneRichieste", "..\AgronicaCore_2010\AgronicaCoreGestioneRichieste\AgronicaCoreGestioneRichieste.vbproj", "{EFD63249-9CBE-4CB4-90D2-E881341C3B96}"
EndProject
Project("{2150E333-8FDC-42A3-9474-1A3956D46DE8}") = "Core", "Core", "{FFF13D92-32C0-4642-B3CE-6EBA1CAA316B}"
EndProject
Project("{F184B08F-C81C-45F6-A57F-5ABD9991F28F}") = "AgronicaCoreStampeDAL", "..\AgronicaCore_2010\AgronicaCoreStampeDAL\AgronicaCoreStampeDAL.vbproj", "{21FDABC5-4CAF-43DE-800A-1AE7B4CB7CBB}"
EndProject
Project("{F184B08F-C81C-45F6-A57F-5ABD9991F28F}") = "AgronicaCoreContabDAL", "..\AgronicaCore_2010\AgronicaCoreContabDAL\AgronicaCoreContabDAL.vbproj", "{3325415C-E4F0-4EE5-BF6A-C0BD9BF3276B}"
EndProject
Project("{F184B08F-C81C-45F6-A57F-5ABD9991F28F}") = "AgronicaCoreMetaSchemaDAL", "..\AgronicaCore_2010\AgronicaCoreMetaSchemaDAL\AgronicaCoreMetaSchemaDAL.vbproj", "{307B2208-0488-440A-876B-5DCE4086E53B}"
EndProject
Project("{F184B08F-C81C-45F6-A57F-5ABD9991F28F}") = "AgronicaCoreAnagrafeDAL", "..\AgronicaCore_2010\AgronicaCoreAnagrafeDAL\AgronicaCoreAnagrafeDAL.vbproj", "{4489BE20-BBE8-4B33-A6C3-82B845521073}"
EndProject
Project("{F184B08F-C81C-45F6-A57F-5ABD9991F28F}") = "AgronicaCoreContabHLP", "..\AgronicaCore_2010\AgronicaCoreContabHLP\AgronicaCoreContabHLP.vbproj", "{03C0A225-5A83-4A65-B3AA-207E2932AEF8}"
EndProject
Project("{F184B08F-C81C-45F6-A57F-5ABD9991F28F}") = "AgronicaCoreUtility", "..\AgronicaCore_2010\AgronicaCoreUtility\AgronicaCoreUtility.vbproj", "{1C26FAC0-09AD-4D00-9FA6-6142B93542CF}"
EndProject
Project("{F184B08F-C81C-45F6-A57F-5ABD9991F28F}") = "AgronicaCoreUtentiDAL", "..\AgronicaCore_2010\AgronicaCoreUtentiDAL\AgronicaCoreUtentiDAL.vbproj", "{7430F460-F70F-4E5C-85F3-FEFD8E7EECBE}"
EndProject
Project("{F184B08F-C81C-45F6-A57F-5ABD9991F28F}") = "AgronicaCoreXML", "..\AgronicaCore_2010\AgronicaCoreXML\AgronicaCoreXML.vbproj", "{56B64BCF-A26C-4AC3-86FE-7F8114B1B3D9}"
EndProject
Project("{F184B08F-C81C-45F6-A57F-5ABD9991F28F}") = "AgronicaCoreScadenziario_BIZ", "..\AgronicaCore_2010\AgronicaCoreScadenziario_BIZ\AgronicaCoreScadenziario_BIZ\AgronicaCoreScadenziario_BIZ.vbproj", "{C3CD5BAA-F8BF-462B-8533-E1A61C376FD7}"
EndProject
Project("{F184B08F-C81C-45F6-A57F-5ABD9991F28F}") = "CBI_CorporateBankingInterbancario", "..\AgronicaSincronizzatore_2010\CBI_CorporateBankingInterbancario\CBI_CorporateBankingInterbancario.vbproj", "{8241C060-F3A5-4BE4-85BF-05EC5C0B2640}"
EndProject
Project("{2150E333-8FDC-42A3-9474-1A3956D46DE8}") = "Importatori ed Esportatori", "Importatori ed Esportatori", "{1AFB7E62-572D-4A60-98AE-3AA9D6EC4D6C}"
EndProject
Project("{F184B08F-C81C-45F6-A57F-5ABD9991F28F}") = "AgronicaCoreVarieDAL", "..\AgronicaCore_2010\AgronicaCoreVarieDAL\AgronicaCoreVarieDAL.vbproj", "{0746D560-498B-435B-B197-FAA7FF9BD0DA}"
EndProject
Project("{F184B08F-C81C-45F6-A57F-5ABD9991F28F}") = "AgronicaControlli_2010", "..\GiasOnline_2010\AgronicaControlli_2010\AgronicaControlli_2010.vbproj", "{74C51F78-05DC-4FED-B012-40BA23E87B77}"
EndProject
Project("{F184B08F-C81C-45F6-A57F-5ABD9991F28F}") = "AgronicaCoreWebService", "..\AgronicaCore_2010\AgronicaCoreWebService\AgronicaCoreWebService.vbproj", "{C72BDD2D-2D24-41AF-B4FC-1D71060BDE58}"
EndProject
Project("{F184B08F-C81C-45F6-A57F-5ABD9991F28F}") = "AgronicaCoreDpiBIZ", "..\AgronicaCore_2010\AgronicaCoreDpiBIZ\AgronicaCoreDpiBIZ.vbproj", "{D0A726B3-FB25-4885-981E-4E741B35B843}"
EndProject
Project("{F184B08F-C81C-45F6-A57F-5ABD9991F28F}") = "AgronicaCoreScadenziario_DAL", "..\AgronicaCore_2010\AgronicaCoreScadenziario\AgronicaCoreScadenziario_DAL.vbproj", "{AE20EAF7-05AB-40E3-A238-33454E0CE715}"
EndProject
Project("{F184B08F-C81C-45F6-A57F-5ABD9991F28F}") = "AgronicaCoreVarieBIZ", "..\AgronicaCore_2010\AgronicaCoreVarieBIZ\AgronicaCoreVarieBIZ.vbproj", "{0C28E3AB-427E-45D5-B6B3-43D3378AF207}"
EndProject
Project("{F184B08F-C81C-45F6-A57F-5ABD9991F28F}") = "AgronicaCoreContabBIZ", "..\AgronicaCore_2010\AgronicaCoreContabBIZ\AgronicaCoreContabBIZ.vbproj", "{09C9A140-71E4-430E-9E87-73C69E876912}"
EndProject
Project("{F184B08F-C81C-45F6-A57F-5ABD9991F28F}") = "AgronicaCoreDpiDAL", "..\AgronicaCore_2010\AgronicaCoreDpiDAL\AgronicaCoreDpiDAL.vbproj", "{BE99028C-CC87-4EA8-8132-D4E7F9E56028}"
EndProject
Project("{2150E333-8FDC-42A3-9474-1A3956D46DE8}") = "Core_Gis", "Core_Gis", "{9CC85573-44EF-4973-A088-216A4050406C}"
EndProject
Project("{F184B08F-C81C-45F6-A57F-5ABD9991F28F}") = "AgronicaCoreGraficaDAL", "..\AgronicaCore_2010\AgronicaCoreGraficaDAL\AgronicaCoreGraficaDAL.vbproj", "{0BEE295E-9A01-4A27-BEFF-CCB552C07CAE}"
EndProject
Project("{2150E333-8FDC-42A3-9474-1A3956D46DE8}") = "ImportazioneGraficaGias", "ImportazioneGraficaGias", "{009AB322-C97E-4781-B87F-A2A9CBE68EA7}"
EndProject
Project("{F184B08F-C81C-45F6-A57F-5ABD9991F28F}") = "AgronicaConversioneCartografiaGias.FormatsConverter", "..\AgronicaGIS2012\AgronicaConversioneCartografiaGias\AgronicaConversioneCartografiaGias.FormatsConverter\AgronicaConversioneCartografiaGias.FormatsConverter.vbproj", "{AB4CD9B0-7252-43EF-9EFB-34AD450DD74E}"
EndProject
Project("{F184B08F-C81C-45F6-A57F-5ABD9991F28F}") = "AgronicaConversioneCartografiaGias.GeoConverter", "..\AgronicaGIS2012\AgronicaConversioneCartografiaGias\AgronicaConversioneCartografiaGias\AgronicaConversioneCartografiaGias.GeoConverter.vbproj", "{8FA27405-01BD-4DA3-9461-DBB8FE16DEC7}"
EndProject
Project("{F184B08F-C81C-45F6-A57F-5ABD9991F28F}") = "AgronicaCoreGisDAL", "..\AgronicaCore_2012\AgronicaCoreGisDAL\AgronicaCoreGisDAL.vbproj", "{D6963B76-054B-4070-8BAD-DC9CC4C6F8D7}"
EndProject
Project("{F184B08F-C81C-45F6-A57F-5ABD9991F28F}") = "AgronicaGIS2012.Commons", "..\AgronicaGIS2012\AgronicaGIS2012.Commons\AgronicaGIS2012.Commons.vbproj", "{BEA06BCC-9EBB-43BC-BB37-FD4519D128D3}"
EndProject
Project("{F184B08F-C81C-45F6-A57F-5ABD9991F28F}") = "AgronicaCoreAnagrafeBIZ", "..\AgronicaCore_2010\AgronicaCoreAnagrafeBIZ\AgronicaCoreAnagrafeBIZ.vbproj", "{23F6D423-BC4F-4D05-A52A-67FA593234C8}"
EndProject
Project("{2150E333-8FDC-42A3-9474-1A3956D46DE8}") = ".nuget", ".nuget", "{4DC38CA7-EAD9-4B8B-8B39-13968088A330}"
	ProjectSection(SolutionItems) = preProject
		.nuget\NuGet.Config = .nuget\NuGet.Config
	EndProjectSection
EndProject
Project("{F184B08F-C81C-45F6-A57F-5ABD9991F28F}") = "AgronicaCoreModello", "..\AgronicaCore_2010\AgronicaCoreModello\AgronicaCoreModello.vbproj", "{30FDD803-F95C-4F68-BE23-6538127E149D}"
EndProject
Project("{F184B08F-C81C-45F6-A57F-5ABD9991F28F}") = "AgronicaCoreZooDAL", "..\AgronicaCore_2010\AgronicaCoreZooDAL\AgronicaCoreZooDAL.vbproj", "{2332B409-B2E5-4A70-9F33-589F4BF7522F}"
EndProject
Project("{F184B08F-C81C-45F6-A57F-5ABD9991F28F}") = "AgronicaCoreSementieriDAL", "..\AgronicaCore_2010\AgronicaCoreSementieriDAL\AgronicaCoreSementieriDAL.vbproj", "{7CF14AE3-4B42-4488-A29E-E4B698752964}"
EndProject
Project("{F184B08F-C81C-45F6-A57F-5ABD9991F28F}") = "AgronicaCoreGraficaBIZ", "..\AgronicaCore_2010\AgronicaCoreGraficaBIZ\AgronicaCoreGraficaBIZ.vbproj", "{F7E29145-114D-4520-B0AB-112ABBF72226}"
EndProject
Project("{F184B08F-C81C-45F6-A57F-5ABD9991F28F}") = "AgronicaCoreGestoreModificheBIZ", "..\AgronicaCore_2010\AgronicaCoreGestoreModificheBIZ\AgronicaCoreGestoreModificheBIZ.vbproj", "{6C64FE54-7833-4319-ACAD-E50A1CE638C2}"
EndProject
Project("{F184B08F-C81C-45F6-A57F-5ABD9991F28F}") = "Agronica.Helpers.Graphs", "..\AgronicaCore_2010\Agronica.Helpers.Graphs\Agronica.Helpers.Graphs.vbproj", "{CE1C58EC-D9FC-4EFC-8B78-885B8BC103FC}"
EndProject
Project("{F184B08F-C81C-45F6-A57F-5ABD9991F28F}") = "AgronicaCoreAuditDAL", "..\AgronicaCore_2010\AgronicaCoreAuditDAL\AgronicaCoreAuditDAL.vbproj", "{696EF322-2ED5-48A4-BC26-FE40897DD0D8}"
EndProject
Project("{F184B08F-C81C-45F6-A57F-5ABD9991F28F}") = "AgronicaCorePianoConcimazioneBIZ", "..\AgronicaCore_2010\AgronicaCorePianoConcimazioneBIZ\AgronicaCorePianoConcimazioneBIZ.vbproj", "{8E64885E-19AD-4476-9094-1B5EF239CD43}"
EndProject
Project("{F184B08F-C81C-45F6-A57F-5ABD9991F28F}") = "AgronicaCorePianoConcimazioneDAL", "..\AgronicaCore_2010\AgronicaCorePianoConcimazioneDAL\AgronicaCorePianoConcimazioneDAL.vbproj", "{068260CC-54BB-4E8D-8538-09CEB2503C0E}"
EndProject
Project("{F184B08F-C81C-45F6-A57F-5ABD9991F28F}") = "AgronicaCoreProfilazioneDAL", "..\AgronicaCore_2010\AgronicaCoreProfilazioneDAL\AgronicaCoreProfilazioneDAL.vbproj", "{812BE209-57AC-45DB-9BFC-A4D64BFA29D8}"
EndProject
Project("{F184B08F-C81C-45F6-A57F-5ABD9991F28F}") = "AgronicaCoreEntityFramework", "..\AgronicaCore_2010\AgronicaCoreEntityFramework\AgronicaCoreEntityFramework.vbproj", "{E52F9105-12EF-40A1-BD8A-F53BCB42FA36}"
EndProject
Project("{F184B08F-C81C-45F6-A57F-5ABD9991F28F}") = "AgronicaCoreEntityFramework_POCO", "..\AgronicaCore_2010\AgronicaCoreEntityFramework_POCOClasses\AgronicaCoreEntityFramework_POCO.vbproj", "{63042AAF-F178-4337-BB88-C3332E989B51}"
EndProject
Project("{F184B08F-C81C-45F6-A57F-5ABD9991F28F}") = "AgronicaCoreMetaSchemaBIZ", "..\AgronicaCore_2010\AgronicaCoreMetaSchemaBIZ\AgronicaCoreMetaSchemaBIZ.vbproj", "{DFE81D0F-EB19-4E60-A58D-4D21363C6B6A}"
EndProject
Project("{F184B08F-C81C-45F6-A57F-5ABD9991F28F}") = "AgronicaCoreProfilazioneBIZ", "..\AgronicaCore_2010\AgronicaCoreProfilazioneBiz\AgronicaCoreProfilazioneBIZ.vbproj", "{9CA961B9-D9D3-4C47-B99E-F496F86EA287}"
EndProject
Project("{F184B08F-C81C-45F6-A57F-5ABD9991F28F}") = "AgronicaControlliGIS", "..\AgronicaGIS2012\AgronicaControlliGIS\AgronicaControlliGIS.vbproj", "{4D08AE6B-07EE-4C0B-A6EB-6B7F3F292F41}"
EndProject
Project("{F184B08F-C81C-45F6-A57F-5ABD9991F28F}") = "AgronicaCoreGisBIZ", "..\AgronicaCore_2012\AgronicaCoreGisBIZ\AgronicaCoreGisBIZ.vbproj", "{8942B252-809E-4FE1-9284-A3FDD7A174EA}"
EndProject
Project("{F184B08F-C81C-45F6-A57F-5ABD9991F28F}") = "AgronicaCoreG2GLocalDal", "..\AgronicaCore_2010\AgronicaCoreG2GLocalDal\AgronicaCoreG2GLocalDal.vbproj", "{E51A575E-861A-4E5E-BF1A-528C9483122F}"
EndProject
Project("{2150E333-8FDC-42A3-9474-1A3956D46DE8}") = "Precision", "Precision", "{D3576F71-4408-46EA-882F-CC59248FFFFA}"
EndProject
Project("{F184B08F-C81C-45F6-A57F-5ABD9991F28F}") = "AgronicaPrecisionFarming", "..\AgronicaGIS2012\AgronicaPrecisionFarming\AgronicaPrecisionFarming.vbproj", "{4393FB26-26D4-44E7-B74B-BBAEC9676CEA}"
EndProject
Project("{F184B08F-C81C-45F6-A57F-5ABD9991F28F}") = "AgronicaFODMhelper", "..\AgronicaGIS2012\AgronicaFODMhelper\AgronicaFODMhelper.vbproj", "{63751910-CAC1-4AD9-B7BB-28F5DAC7CF84}"
EndProject
Project("{F184B08F-C81C-45F6-A57F-5ABD9991F28F}") = "AgronicaSHPWrapper", "..\AgronicaGIS2012\AgronicaSHP\AgronicaSHPWrapper\AgronicaSHPWrapper.vbproj", "{BF0B317E-C293-4529-B2D5-57E3A92B5FDE}"
EndProject
Project("{F184B08F-C81C-45F6-A57F-5ABD9991F28F}") = "AgronicaSHPWrapper.InterpretaDatiDBF", "..\AgronicaGIS2012\AgronicaSHPWrapper.InterpretaDatiDBF\AgronicaSHPWrapper.InterpretaDatiDBF.vbproj", "{A129AF63-714D-49B5-899D-5500523BBA98}"
EndProject
Project("{F184B08F-C81C-45F6-A57F-5ABD9991F28F}") = "AgronicaCoreMailBIZ", "..\AgronicaCore_2010\AgronicaCoreMailBIZ\AgronicaCoreMailBIZ.vbproj", "{66EA66A8-E530-47E9-891F-BCA7A8203636}"
EndProject
Project("{F184B08F-C81C-45F6-A57F-5ABD9991F28F}") = "AgronicaCoreMailDAL", "..\AgronicaCore_2010\AgronicaCoreMailDAL\AgronicaCoreMailDAL.vbproj", "{B9F50753-945B-4D8A-B4A1-6EA4E899AFF4}"
EndProject
Project("{F184B08F-C81C-45F6-A57F-5ABD9991F28F}") = "AgronicaCoreModelloInSviluppo", "..\AgronicaCore_2010\AgronicaCoreModelloInSviluppo\AgronicaCoreModelloInSviluppo.vbproj", "{A45C88BE-ABE7-4761-9E0C-5125A5CD94FD}"
EndProject
Project("{F184B08F-C81C-45F6-A57F-5ABD9991F28F}") = "AgronicaCoreModelliPrevisionaliDAL", "..\AgronicaCore_2010\AgronicaCoreModelliPrevisionaliDAL\AgronicaCoreModelliPrevisionaliDAL.vbproj", "{EACBF511-16D0-4F07-9467-0664796CAF41}"
EndProject
Project("{F184B08F-C81C-45F6-A57F-5ABD9991F28F}") = "AgronicaCoreAcciseDAL", "..\AgronicaCore_2010\AgronicaCoreAcciseDAL\AgronicaCoreAcciseDAL.vbproj", "{03FA6E46-041F-42D2-B722-62C9885C2847}"
EndProject
Project("{F184B08F-C81C-45F6-A57F-5ABD9991F28F}") = "AgronicaCoreAcciseCommon", "..\AgronicaCore_2010\AgronicaCoreAcciseCommon\AgronicaCoreAcciseCommon.vbproj", "{29AA22E8-5744-47D3-8F0E-359D1ABB8CD3}"
EndProject
Project("{F184B08F-C81C-45F6-A57F-5ABD9991F28F}") = "AgronicaCoreMVVCommon", "..\AgronicaCore_2010\AgronicaCoreMVVCommon\AgronicaCoreMVVCommon.vbproj", "{FA626696-B046-46AF-89D6-FEA795DD6E97}"
EndProject
Project("{F184B08F-C81C-45F6-A57F-5ABD9991F28F}") = "AgronicaCoreMVVBIZ", "..\AgronicaCore_2010\AgronicaCoreMVVBIZ\AgronicaCoreMVVBIZ.vbproj", "{DC26A5F5-5DA5-4388-88D7-4ABE72251150}"
EndProject
Project("{F184B08F-C81C-45F6-A57F-5ABD9991F28F}") = "AgronicaCoreMVVDal", "..\AgronicaCore_2010\AgronicaCoreMVVDal\AgronicaCoreMVVDal.vbproj", "{32070AAF-0ED0-4424-86BE-BBEA1D1B8C16}"
EndProject
Project("{F184B08F-C81C-45F6-A57F-5ABD9991F28F}") = "AgronicaCorePUA_DAL", "..\AgronicaCore_2010\AgronicaCorePUA_DAL\AgronicaCorePUA_DAL.vbproj", "{5A441011-0F08-4535-85B6-36031C54CAE2}"
EndProject
Project("{FAE04EC0-301F-11D3-BF4B-00C04F79EFBC}") = "AgronicaPianoConcimazioneVariabile", "..\AgronicaGIS2012\AgronicaPianoConcimazioneVariabile\AgronicaPianoConcimazioneVariabile.csproj", "{AC95FA2E-5527-4EED-9A6E-05A5C958A40C}"
EndProject
Project("{F184B08F-C81C-45F6-A57F-5ABD9991F28F}") = "AgronicaCoreUtentiBIZ", "..\AgronicaCore_2010\AgronicaCoreUtentiBIZ\AgronicaCoreUtentiBIZ.vbproj", "{81C236B6-2854-4B14-9CDA-C8668035A364}"
EndProject
Project("{F184B08F-C81C-45F6-A57F-5ABD9991F28F}") = "AgronicaCoreStampeBIZ", "..\AgronicaCore_2010\AgronicaCoreStampeBIZ\AgronicaCoreStampeBIZ.vbproj", "{0E3E9758-C7E3-403C-BE23-C1EBB701E390}"
EndProject
Project("{F184B08F-C81C-45F6-A57F-5ABD9991F28F}") = "AgronicaCoreBiologicoBIZ", "..\AgronicaCore_2010\AgronicaCoreBiologicoBIZ\AgronicaCoreBiologicoBIZ.vbproj", "{AEF62042-AB26-419A-B72D-BFB321E7C88C}"
EndProject
Project("{F184B08F-C81C-45F6-A57F-5ABD9991F28F}") = "AgronicaCoreBiologicoDAL", "..\AgronicaCore_2010\AgronicaCoreBiologicoDAL\AgronicaCoreBiologicoDAL.vbproj", "{04FC431E-B891-49A7-B044-BDEE8F4C1674}"
EndProject
Project("{F184B08F-C81C-45F6-A57F-5ABD9991F28F}") = "Agronica.Helpers.SAML", "..\AgronicaCore_2010\Agronica.Helpers.SAML\Agronica.Helpers.SAML.vbproj", "{29A54C68-9B9D-44BF-9DD0-8735ED380CA5}"
EndProject
Project("{FAE04EC0-301F-11D3-BF4B-00C04F79EFBC}") = "SharpMap.Layers.AgronicaGdalRasterLayer", "..\AgronicaGIS2012\SharpMap.Layers.AgronicaGdalRasterLayer\SharpMap.Layers.AgronicaGdalRasterLayer.csproj", "{76DCB01E-E92C-4691-8CDB-E928E1EC6001}"
EndProject
Project("{F184B08F-C81C-45F6-A57F-5ABD9991F28F}") = "Agronica.Helpers.OAuth2", "..\AgronicaCore_2010\Agronica.Helpers.OAuth2\Agronica.Helpers.OAuth2.vbproj", "{451C42ED-FC7E-4F90-B4EC-41FC8AC4E39D}"
EndProject
Project("{F184B08F-C81C-45F6-A57F-5ABD9991F28F}") = "Agronica2JohnDeere", "..\AgronicaGIS2012\Agronica2JohnDeere\Agronica2JohnDeere.vbproj", "{37C73A07-3CF7-405B-9165-43D7EFBAB4A8}"
EndProject
Project("{F184B08F-C81C-45F6-A57F-5ABD9991F28F}") = "Agronica2AdaptFramework", "..\AgronicaGIS2012\Agronica2AdaptFramework\Agronica2AdaptFramework.vbproj", "{25323A0B-CB76-468A-ABA9-E7F4AFE1022B}"
EndProject
Project("{F184B08F-C81C-45F6-A57F-5ABD9991F28F}") = "AgronicaCoreCapitolatoClienteDAL", "..\AgronicaCore_2010\AgronicaCoreCapitolatoClienteDAL\AgronicaCoreCapitolatoClienteDAL.vbproj", "{2928E7EC-C1A7-4425-A1EA-6609F36C9CC4}"
EndProject
Project("{2150E333-8FDC-42A3-9474-1A3956D46DE8}") = "CoreSTD", "CoreSTD", "{6217A25A-C105-42AA-81F9-1B7AC435E262}"
EndProject
Project("{9A19103F-16F7-4668-BE54-9A1E7A4F7556}") = "AgronicaCoreModelsSTD", "..\AgronicaCoreStd\AgronicaCoreModelsSTD\AgronicaCoreModelsSTD.csproj", "{D1EF9537-76E2-4D18-84A1-FC304F42699A}"
EndProject
Project("{F184B08F-C81C-45F6-A57F-5ABD9991F28F}") = "AgronicaCoreUtilityVersioni", "..\AgronicaCore_2010\AgronicaCoreUtilityVersioni\AgronicaCoreUtilityVersioni.vbproj", "{65A1E92B-5C81-4D83-ADE7-1C4AF0EF9963}"
EndProject
Project("{F184B08F-C81C-45F6-A57F-5ABD9991F28F}") = "AgronicaCoreEFatturaDAL", "..\AgronicaCore_2010\AgronicaCoreEFatturaDAL\AgronicaCoreEFatturaDAL.vbproj", "{FD8A76F9-DC9F-41A5-98DD-849DFED3B233}"
EndProject
Project("{F184B08F-C81C-45F6-A57F-5ABD9991F28F}") = "AgronicaCoreMeteoDAL", "..\AgronicaCore_2010\AgronicaCoreMeteoDAL\AgronicaCoreMeteoDAL.vbproj", "{F4BA9F1B-1DC9-4D06-A545-4369C9A87D86}"
EndProject
Project("{F184B08F-C81C-45F6-A57F-5ABD9991F28F}") = "AgronicaCoreUmaBiz", "..\AgronicaCore_2010\AgronicaCoreUmaBiz\AgronicaCoreUmaBiz.vbproj", "{94C6F339-D020-4FDB-B06B-A0F9116DE6A5}"
EndProject
Project("{F184B08F-C81C-45F6-A57F-5ABD9991F28F}") = "AgronicaCoreUmaDal", "..\AgronicaCore_2010\AgronicaCoreUmaDal\AgronicaCoreUmaDal.vbproj", "{DAF17CCA-DB03-4077-8192-AFCB6E733517}"
EndProject
Project("{9A19103F-16F7-4668-BE54-9A1E7A4F7556}") = "AgronicaCoreDTOStd", "..\AgronicaCoreStd\AgronicaCoreDTOStd\AgronicaCoreDTOStd.csproj", "{EDFB2BDD-B430-4CB8-A17A-3E5830BE81CD}"
EndProject
Project("{F184B08F-C81C-45F6-A57F-5ABD9991F28F}") = "AgronicaCoreEFatturaBIZ", "..\AgronicaCore_2010\AgronicaCoreEFatturaBIZ\AgronicaCoreEFatturaBIZ.vbproj", "{69034ED6-8DBA-4570-8351-F208DE925636}"
EndProject
Project("{F184B08F-C81C-45F6-A57F-5ABD9991F28F}") = "Agronica.Helpers.GiasBase", "..\AgronicaCore_2010\Agronica.Helpers.GiasBase\Agronica.Helpers.GiasBase.vbproj", "{7A9F6A10-ED3A-44A7-94C7-CA069A36C133}"
EndProject
Project("{F184B08F-C81C-45F6-A57F-5ABD9991F28F}") = "Agronica.Helpers.Retail", "..\AgronicaCore_2010\Agronica.Helper.Retail\Agronica.Helpers.Retail.vbproj", "{48838442-1A35-4CA7-A5CE-DF39EED4AB14}"
EndProject
Project("{F184B08F-C81C-45F6-A57F-5ABD9991F28F}") = "AgronicaCoreHubIoTDAL", "..\AgronicaCore_2010\AgronicaCoreHubIoTDAL\AgronicaCoreHubIoTDAL.vbproj", "{45F7A95D-B5A9-4AF2-9B87-AB35E39313DA}"
EndProject
Project("{F184B08F-C81C-45F6-A57F-5ABD9991F28F}") = "AgronicaCoreHubIoTBIZ", "..\AgronicaCore_2010\AgronicaCoreHubIoTBIZ\AgronicaCoreHubIoTBIZ.vbproj", "{FF2ABB15-D150-4D6B-AEEE-12EB980E5415}"
EndProject
Project("{F184B08F-C81C-45F6-A57F-5ABD9991F28F}") = "Agronica.Helpers.AlgoritmiProiezione", "..\AgronicaCore_2010\Agronica.Helpers.AlgoritmiProiezione\Agronica.Helpers.AlgoritmiProiezione.vbproj", "{23F749CB-EBE2-4E50-8546-FDAE51E08D4F}"
EndProject
Project("{F184B08F-C81C-45F6-A57F-5ABD9991F28F}") = "AgronicaCoreBudgetDAL", "..\AgronicaCore_2010\AgronicaCoreBudgetDAL\AgronicaCoreBudgetDAL.vbproj", "{6E6DE40F-1A6E-431D-85DB-8D143612D45B}"
EndProject
Project("{F184B08F-C81C-45F6-A57F-5ABD9991F28F}") = "Agronica.Helpers.GDALHelper", "..\AgronicaCore_2010\Agronica.Helpers.GDAL\Agronica.Helpers.GDALHelper.vbproj", "{BF6C161C-92EA-46E5-A06D-2E1BD8C66C83}"
EndProject
Project("{F184B08F-C81C-45F6-A57F-5ABD9991F28F}") = "AgronicaCoreInterscambioBIZ", "..\AgronicaCore_2010\AgronicaCoreInterscambioBIZ\AgronicaCoreInterscambioBIZ.vbproj", "{1C0B7485-42AE-46C1-AD5B-F1F3FC2D9C2A}"
EndProject
Project("{F184B08F-C81C-45F6-A57F-5ABD9991F28F}") = "AgronicaCoreInterscambioDAL", "..\AgronicaCore_2010\AgronicaCoreInterscambioDAL\AgronicaCoreInterscambioDAL.vbproj", "{3A8289C6-FAF4-4DE3-8F28-9CC1DE1BB6A1}"
EndProject
Project("{F184B08F-C81C-45F6-A57F-5ABD9991F28F}") = "AgronicaCorePianidiCampionamentoBIZ", "..\AgronicaCore_2010\AgronicaCorePianidiCampionamentoBIZ\AgronicaCorePianidiCampionamentoBIZ.vbproj", "{089454D4-F3F4-45CB-B61A-C3FDD47302FE}"
EndProject
Project("{F184B08F-C81C-45F6-A57F-5ABD9991F28F}") = "AgronicaCorePianidiCampionamentoDAL", "..\AgronicaCore_2010\AgronicaCorePianidiCampionamentoDAL\AgronicaCorePianidiCampionamentoDAL.vbproj", "{E144D815-9B57-4554-9BC2-10557D382982}"
EndProject
Project("{F184B08F-C81C-45F6-A57F-5ABD9991F28F}") = "Agronica.Exporter", "..\AgronicaCore_2010\Agronica.Exporter\Agronica.Exporter.vbproj", "{7A57EC4C-6411-4D24-910B-6E25F77A043E}"
EndProject
Project("{F184B08F-C81C-45F6-A57F-5ABD9991F28F}") = "AgronicaCoreFiltroneBIZ", "..\AgronicaCore_2010\AgronicaCoreFiltroneBIZ\AgronicaCoreFiltroneBIZ.vbproj", "{C4E18F90-EDA2-4A6B-AA07-2F9A40FFC27F}"
EndProject
Project("{F184B08F-C81C-45F6-A57F-5ABD9991F28F}") = "AgronicaCoreMeteoBiz", "..\AgronicaCore_2010\AgronicaCoreMeteoBiz\AgronicaCoreMeteoBiz.vbproj", "{2BCBA11F-11CF-410C-810C-B651C33F7DB1}"
EndProject
Project("{F184B08F-C81C-45F6-A57F-5ABD9991F28F}") = "AgronicaCoreAuditBIZ", "..\AgronicaCore_2010\AgronicaCoreAuditBIZ\AgronicaCoreAuditBIZ.vbproj", "{52EB7BC4-E605-4AF6-942F-235CF183808A}"
EndProject
Project("{FAE04EC0-301F-11D3-BF4B-00C04F79EFBC}") = "AgronicaCoreVisibilitaStd", "..\AgronicaCoreStd\AgronicaCoreVisibilitaStd\AgronicaCoreVisibilitaStd.csproj", "{811522ED-FA2B-26E8-4CBD-F591F80A9BFB}"
EndProject
Global
	GlobalSection(SolutionConfigurationPlatforms) = preSolution
		Debug|Any CPU = Debug|Any CPU
		Debug|x86 = Debug|x86
		Release|Any CPU = Release|Any CPU
		Release|x86 = Release|x86
	EndGlobalSection
	GlobalSection(ProjectConfigurationPlatforms) = postSolution
		{187EC417-7C6E-49D1-A1F2-3F0231427757}.Debug|Any CPU.ActiveCfg = Debug|Any CPU
		{187EC417-7C6E-49D1-A1F2-3F0231427757}.Debug|Any CPU.Build.0 = Debug|Any CPU
		{187EC417-7C6E-49D1-A1F2-3F0231427757}.Debug|x86.ActiveCfg = Debug|x86
		{187EC417-7C6E-49D1-A1F2-3F0231427757}.Debug|x86.Build.0 = Debug|x86
		{187EC417-7C6E-49D1-A1F2-3F0231427757}.Release|Any CPU.ActiveCfg = Release|Any CPU
		{187EC417-7C6E-49D1-A1F2-3F0231427757}.Release|Any CPU.Build.0 = Release|Any CPU
		{187EC417-7C6E-49D1-A1F2-3F0231427757}.Release|x86.ActiveCfg = Release|x86
		{187EC417-7C6E-49D1-A1F2-3F0231427757}.Release|x86.Build.0 = Release|x86
		{D1E4EDCA-946A-44B1-AA32-F315E0A9F13C}.Debug|Any CPU.ActiveCfg = Debug|Any CPU
		{D1E4EDCA-946A-44B1-AA32-F315E0A9F13C}.Debug|Any CPU.Build.0 = Debug|Any CPU
		{D1E4EDCA-946A-44B1-AA32-F315E0A9F13C}.Debug|x86.ActiveCfg = Debug|x86
		{D1E4EDCA-946A-44B1-AA32-F315E0A9F13C}.Debug|x86.Build.0 = Debug|x86
		{D1E4EDCA-946A-44B1-AA32-F315E0A9F13C}.Release|Any CPU.ActiveCfg = Release|Any CPU
		{D1E4EDCA-946A-44B1-AA32-F315E0A9F13C}.Release|Any CPU.Build.0 = Release|Any CPU
		{D1E4EDCA-946A-44B1-AA32-F315E0A9F13C}.Release|x86.ActiveCfg = Release|x86
		{D1E4EDCA-946A-44B1-AA32-F315E0A9F13C}.Release|x86.Build.0 = Release|x86
		{EFD63249-9CBE-4CB4-90D2-E881341C3B96}.Debug|Any CPU.ActiveCfg = Debug|Any CPU
		{EFD63249-9CBE-4CB4-90D2-E881341C3B96}.Debug|Any CPU.Build.0 = Debug|Any CPU
		{EFD63249-9CBE-4CB4-90D2-E881341C3B96}.Debug|x86.ActiveCfg = Debug|x86
		{EFD63249-9CBE-4CB4-90D2-E881341C3B96}.Debug|x86.Build.0 = Debug|x86
		{EFD63249-9CBE-4CB4-90D2-E881341C3B96}.Release|Any CPU.ActiveCfg = Release|Any CPU
		{EFD63249-9CBE-4CB4-90D2-E881341C3B96}.Release|Any CPU.Build.0 = Release|Any CPU
		{EFD63249-9CBE-4CB4-90D2-E881341C3B96}.Release|x86.ActiveCfg = Release|x86
		{EFD63249-9CBE-4CB4-90D2-E881341C3B96}.Release|x86.Build.0 = Release|x86
		{21FDABC5-4CAF-43DE-800A-1AE7B4CB7CBB}.Debug|Any CPU.ActiveCfg = Debug|Any CPU
		{21FDABC5-4CAF-43DE-800A-1AE7B4CB7CBB}.Debug|Any CPU.Build.0 = Debug|Any CPU
		{21FDABC5-4CAF-43DE-800A-1AE7B4CB7CBB}.Debug|x86.ActiveCfg = Debug|x86
		{21FDABC5-4CAF-43DE-800A-1AE7B4CB7CBB}.Debug|x86.Build.0 = Debug|x86
		{21FDABC5-4CAF-43DE-800A-1AE7B4CB7CBB}.Release|Any CPU.ActiveCfg = Release|Any CPU
		{21FDABC5-4CAF-43DE-800A-1AE7B4CB7CBB}.Release|Any CPU.Build.0 = Release|Any CPU
		{21FDABC5-4CAF-43DE-800A-1AE7B4CB7CBB}.Release|x86.ActiveCfg = Release|x86
		{21FDABC5-4CAF-43DE-800A-1AE7B4CB7CBB}.Release|x86.Build.0 = Release|x86
		{3325415C-E4F0-4EE5-BF6A-C0BD9BF3276B}.Debug|Any CPU.ActiveCfg = Debug|Any CPU
		{3325415C-E4F0-4EE5-BF6A-C0BD9BF3276B}.Debug|Any CPU.Build.0 = Debug|Any CPU
		{3325415C-E4F0-4EE5-BF6A-C0BD9BF3276B}.Debug|x86.ActiveCfg = Debug|x86
		{3325415C-E4F0-4EE5-BF6A-C0BD9BF3276B}.Debug|x86.Build.0 = Debug|x86
		{3325415C-E4F0-4EE5-BF6A-C0BD9BF3276B}.Release|Any CPU.ActiveCfg = Release|Any CPU
		{3325415C-E4F0-4EE5-BF6A-C0BD9BF3276B}.Release|Any CPU.Build.0 = Release|Any CPU
		{3325415C-E4F0-4EE5-BF6A-C0BD9BF3276B}.Release|x86.ActiveCfg = Release|x86
		{3325415C-E4F0-4EE5-BF6A-C0BD9BF3276B}.Release|x86.Build.0 = Release|x86
		{307B2208-0488-440A-876B-5DCE4086E53B}.Debug|Any CPU.ActiveCfg = Debug|Any CPU
		{307B2208-0488-440A-876B-5DCE4086E53B}.Debug|Any CPU.Build.0 = Debug|Any CPU
		{307B2208-0488-440A-876B-5DCE4086E53B}.Debug|x86.ActiveCfg = Debug|x86
		{307B2208-0488-440A-876B-5DCE4086E53B}.Debug|x86.Build.0 = Debug|x86
		{307B2208-0488-440A-876B-5DCE4086E53B}.Release|Any CPU.ActiveCfg = Release|Any CPU
		{307B2208-0488-440A-876B-5DCE4086E53B}.Release|Any CPU.Build.0 = Release|Any CPU
		{307B2208-0488-440A-876B-5DCE4086E53B}.Release|x86.ActiveCfg = Release|x86
		{307B2208-0488-440A-876B-5DCE4086E53B}.Release|x86.Build.0 = Release|x86
		{4489BE20-BBE8-4B33-A6C3-82B845521073}.Debug|Any CPU.ActiveCfg = Debug|Any CPU
		{4489BE20-BBE8-4B33-A6C3-82B845521073}.Debug|Any CPU.Build.0 = Debug|Any CPU
		{4489BE20-BBE8-4B33-A6C3-82B845521073}.Debug|x86.ActiveCfg = Debug|x86
		{4489BE20-BBE8-4B33-A6C3-82B845521073}.Debug|x86.Build.0 = Debug|x86
		{4489BE20-BBE8-4B33-A6C3-82B845521073}.Release|Any CPU.ActiveCfg = Release|Any CPU
		{4489BE20-BBE8-4B33-A6C3-82B845521073}.Release|Any CPU.Build.0 = Release|Any CPU
		{4489BE20-BBE8-4B33-A6C3-82B845521073}.Release|x86.ActiveCfg = Release|x86
		{4489BE20-BBE8-4B33-A6C3-82B845521073}.Release|x86.Build.0 = Release|x86
		{03C0A225-5A83-4A65-B3AA-207E2932AEF8}.Debug|Any CPU.ActiveCfg = Debug|Any CPU
		{03C0A225-5A83-4A65-B3AA-207E2932AEF8}.Debug|Any CPU.Build.0 = Debug|Any CPU
		{03C0A225-5A83-4A65-B3AA-207E2932AEF8}.Debug|x86.ActiveCfg = Debug|x86
		{03C0A225-5A83-4A65-B3AA-207E2932AEF8}.Debug|x86.Build.0 = Debug|x86
		{03C0A225-5A83-4A65-B3AA-207E2932AEF8}.Release|Any CPU.ActiveCfg = Release|Any CPU
		{03C0A225-5A83-4A65-B3AA-207E2932AEF8}.Release|Any CPU.Build.0 = Release|Any CPU
		{03C0A225-5A83-4A65-B3AA-207E2932AEF8}.Release|x86.ActiveCfg = Release|x86
		{03C0A225-5A83-4A65-B3AA-207E2932AEF8}.Release|x86.Build.0 = Release|x86
		{1C26FAC0-09AD-4D00-9FA6-6142B93542CF}.Debug|Any CPU.ActiveCfg = Debug|Any CPU
		{1C26FAC0-09AD-4D00-9FA6-6142B93542CF}.Debug|Any CPU.Build.0 = Debug|Any CPU
		{1C26FAC0-09AD-4D00-9FA6-6142B93542CF}.Debug|x86.ActiveCfg = Debug|x86
		{1C26FAC0-09AD-4D00-9FA6-6142B93542CF}.Debug|x86.Build.0 = Debug|x86
		{1C26FAC0-09AD-4D00-9FA6-6142B93542CF}.Release|Any CPU.ActiveCfg = Release|Any CPU
		{1C26FAC0-09AD-4D00-9FA6-6142B93542CF}.Release|Any CPU.Build.0 = Release|Any CPU
		{1C26FAC0-09AD-4D00-9FA6-6142B93542CF}.Release|x86.ActiveCfg = Release|x86
		{1C26FAC0-09AD-4D00-9FA6-6142B93542CF}.Release|x86.Build.0 = Release|x86
		{7430F460-F70F-4E5C-85F3-FEFD8E7EECBE}.Debug|Any CPU.ActiveCfg = Debug|Any CPU
		{7430F460-F70F-4E5C-85F3-FEFD8E7EECBE}.Debug|Any CPU.Build.0 = Debug|Any CPU
		{7430F460-F70F-4E5C-85F3-FEFD8E7EECBE}.Debug|x86.ActiveCfg = Debug|x86
		{7430F460-F70F-4E5C-85F3-FEFD8E7EECBE}.Debug|x86.Build.0 = Debug|x86
		{7430F460-F70F-4E5C-85F3-FEFD8E7EECBE}.Release|Any CPU.ActiveCfg = Release|Any CPU
		{7430F460-F70F-4E5C-85F3-FEFD8E7EECBE}.Release|Any CPU.Build.0 = Release|Any CPU
		{7430F460-F70F-4E5C-85F3-FEFD8E7EECBE}.Release|x86.ActiveCfg = Release|x86
		{7430F460-F70F-4E5C-85F3-FEFD8E7EECBE}.Release|x86.Build.0 = Release|x86
		{56B64BCF-A26C-4AC3-86FE-7F8114B1B3D9}.Debug|Any CPU.ActiveCfg = Debug|Any CPU
		{56B64BCF-A26C-4AC3-86FE-7F8114B1B3D9}.Debug|Any CPU.Build.0 = Debug|Any CPU
		{56B64BCF-A26C-4AC3-86FE-7F8114B1B3D9}.Debug|x86.ActiveCfg = Debug|x86
		{56B64BCF-A26C-4AC3-86FE-7F8114B1B3D9}.Debug|x86.Build.0 = Debug|x86
		{56B64BCF-A26C-4AC3-86FE-7F8114B1B3D9}.Release|Any CPU.ActiveCfg = Release|Any CPU
		{56B64BCF-A26C-4AC3-86FE-7F8114B1B3D9}.Release|Any CPU.Build.0 = Release|Any CPU
		{56B64BCF-A26C-4AC3-86FE-7F8114B1B3D9}.Release|x86.ActiveCfg = Release|x86
		{56B64BCF-A26C-4AC3-86FE-7F8114B1B3D9}.Release|x86.Build.0 = Release|x86
		{C3CD5BAA-F8BF-462B-8533-E1A61C376FD7}.Debug|Any CPU.ActiveCfg = Debug|Any CPU
		{C3CD5BAA-F8BF-462B-8533-E1A61C376FD7}.Debug|Any CPU.Build.0 = Debug|Any CPU
		{C3CD5BAA-F8BF-462B-8533-E1A61C376FD7}.Debug|x86.ActiveCfg = Debug|x86
		{C3CD5BAA-F8BF-462B-8533-E1A61C376FD7}.Debug|x86.Build.0 = Debug|x86
		{C3CD5BAA-F8BF-462B-8533-E1A61C376FD7}.Release|Any CPU.ActiveCfg = Release|Any CPU
		{C3CD5BAA-F8BF-462B-8533-E1A61C376FD7}.Release|Any CPU.Build.0 = Release|Any CPU
		{C3CD5BAA-F8BF-462B-8533-E1A61C376FD7}.Release|x86.ActiveCfg = Release|x86
		{C3CD5BAA-F8BF-462B-8533-E1A61C376FD7}.Release|x86.Build.0 = Release|x86
		{8241C060-F3A5-4BE4-85BF-05EC5C0B2640}.Debug|Any CPU.ActiveCfg = Debug|Any CPU
		{8241C060-F3A5-4BE4-85BF-05EC5C0B2640}.Debug|Any CPU.Build.0 = Debug|Any CPU
		{8241C060-F3A5-4BE4-85BF-05EC5C0B2640}.Debug|x86.ActiveCfg = Debug|x86
		{8241C060-F3A5-4BE4-85BF-05EC5C0B2640}.Debug|x86.Build.0 = Debug|x86
		{8241C060-F3A5-4BE4-85BF-05EC5C0B2640}.Release|Any CPU.ActiveCfg = Release|Any CPU
		{8241C060-F3A5-4BE4-85BF-05EC5C0B2640}.Release|Any CPU.Build.0 = Release|Any CPU
		{8241C060-F3A5-4BE4-85BF-05EC5C0B2640}.Release|x86.ActiveCfg = Release|x86
		{8241C060-F3A5-4BE4-85BF-05EC5C0B2640}.Release|x86.Build.0 = Release|x86
		{0746D560-498B-435B-B197-FAA7FF9BD0DA}.Debug|Any CPU.ActiveCfg = Debug|Any CPU
		{0746D560-498B-435B-B197-FAA7FF9BD0DA}.Debug|Any CPU.Build.0 = Debug|Any CPU
		{0746D560-498B-435B-B197-FAA7FF9BD0DA}.Debug|x86.ActiveCfg = Debug|x86
		{0746D560-498B-435B-B197-FAA7FF9BD0DA}.Debug|x86.Build.0 = Debug|x86
		{0746D560-498B-435B-B197-FAA7FF9BD0DA}.Release|Any CPU.ActiveCfg = Release|Any CPU
		{0746D560-498B-435B-B197-FAA7FF9BD0DA}.Release|Any CPU.Build.0 = Release|Any CPU
		{0746D560-498B-435B-B197-FAA7FF9BD0DA}.Release|x86.ActiveCfg = Release|x86
		{0746D560-498B-435B-B197-FAA7FF9BD0DA}.Release|x86.Build.0 = Release|x86
		{74C51F78-05DC-4FED-B012-40BA23E87B77}.Debug|Any CPU.ActiveCfg = Debug|Any CPU
		{74C51F78-05DC-4FED-B012-40BA23E87B77}.Debug|Any CPU.Build.0 = Debug|Any CPU
		{74C51F78-05DC-4FED-B012-40BA23E87B77}.Debug|x86.ActiveCfg = Debug|x86
		{74C51F78-05DC-4FED-B012-40BA23E87B77}.Debug|x86.Build.0 = Debug|x86
		{74C51F78-05DC-4FED-B012-40BA23E87B77}.Release|Any CPU.ActiveCfg = Release|Any CPU
		{74C51F78-05DC-4FED-B012-40BA23E87B77}.Release|Any CPU.Build.0 = Release|Any CPU
		{74C51F78-05DC-4FED-B012-40BA23E87B77}.Release|x86.ActiveCfg = Release|x86
		{74C51F78-05DC-4FED-B012-40BA23E87B77}.Release|x86.Build.0 = Release|x86
		{C72BDD2D-2D24-41AF-B4FC-1D71060BDE58}.Debug|Any CPU.ActiveCfg = Debug|Any CPU
		{C72BDD2D-2D24-41AF-B4FC-1D71060BDE58}.Debug|Any CPU.Build.0 = Debug|Any CPU
		{C72BDD2D-2D24-41AF-B4FC-1D71060BDE58}.Debug|x86.ActiveCfg = Debug|x86
		{C72BDD2D-2D24-41AF-B4FC-1D71060BDE58}.Debug|x86.Build.0 = Debug|x86
		{C72BDD2D-2D24-41AF-B4FC-1D71060BDE58}.Release|Any CPU.ActiveCfg = Release|Any CPU
		{C72BDD2D-2D24-41AF-B4FC-1D71060BDE58}.Release|Any CPU.Build.0 = Release|Any CPU
		{C72BDD2D-2D24-41AF-B4FC-1D71060BDE58}.Release|x86.ActiveCfg = Release|x86
		{C72BDD2D-2D24-41AF-B4FC-1D71060BDE58}.Release|x86.Build.0 = Release|x86
		{D0A726B3-FB25-4885-981E-4E741B35B843}.Debug|Any CPU.ActiveCfg = Debug|Any CPU
		{D0A726B3-FB25-4885-981E-4E741B35B843}.Debug|Any CPU.Build.0 = Debug|Any CPU
		{D0A726B3-FB25-4885-981E-4E741B35B843}.Debug|x86.ActiveCfg = Debug|x86
		{D0A726B3-FB25-4885-981E-4E741B35B843}.Debug|x86.Build.0 = Debug|x86
		{D0A726B3-FB25-4885-981E-4E741B35B843}.Release|Any CPU.ActiveCfg = Release|Any CPU
		{D0A726B3-FB25-4885-981E-4E741B35B843}.Release|Any CPU.Build.0 = Release|Any CPU
		{D0A726B3-FB25-4885-981E-4E741B35B843}.Release|x86.ActiveCfg = Release|x86
		{D0A726B3-FB25-4885-981E-4E741B35B843}.Release|x86.Build.0 = Release|x86
		{AE20EAF7-05AB-40E3-A238-33454E0CE715}.Debug|Any CPU.ActiveCfg = Debug|Any CPU
		{AE20EAF7-05AB-40E3-A238-33454E0CE715}.Debug|Any CPU.Build.0 = Debug|Any CPU
		{AE20EAF7-05AB-40E3-A238-33454E0CE715}.Debug|x86.ActiveCfg = Debug|x86
		{AE20EAF7-05AB-40E3-A238-33454E0CE715}.Debug|x86.Build.0 = Debug|x86
		{AE20EAF7-05AB-40E3-A238-33454E0CE715}.Release|Any CPU.ActiveCfg = Release|Any CPU
		{AE20EAF7-05AB-40E3-A238-33454E0CE715}.Release|Any CPU.Build.0 = Release|Any CPU
		{AE20EAF7-05AB-40E3-A238-33454E0CE715}.Release|x86.ActiveCfg = Release|x86
		{AE20EAF7-05AB-40E3-A238-33454E0CE715}.Release|x86.Build.0 = Release|x86
		{0C28E3AB-427E-45D5-B6B3-43D3378AF207}.Debug|Any CPU.ActiveCfg = Debug|Any CPU
		{0C28E3AB-427E-45D5-B6B3-43D3378AF207}.Debug|Any CPU.Build.0 = Debug|Any CPU
		{0C28E3AB-427E-45D5-B6B3-43D3378AF207}.Debug|x86.ActiveCfg = Debug|x86
		{0C28E3AB-427E-45D5-B6B3-43D3378AF207}.Debug|x86.Build.0 = Debug|x86
		{0C28E3AB-427E-45D5-B6B3-43D3378AF207}.Release|Any CPU.ActiveCfg = Release|Any CPU
		{0C28E3AB-427E-45D5-B6B3-43D3378AF207}.Release|Any CPU.Build.0 = Release|Any CPU
		{0C28E3AB-427E-45D5-B6B3-43D3378AF207}.Release|x86.ActiveCfg = Release|x86
		{0C28E3AB-427E-45D5-B6B3-43D3378AF207}.Release|x86.Build.0 = Release|x86
		{09C9A140-71E4-430E-9E87-73C69E876912}.Debug|Any CPU.ActiveCfg = Debug|Any CPU
		{09C9A140-71E4-430E-9E87-73C69E876912}.Debug|Any CPU.Build.0 = Debug|Any CPU
		{09C9A140-71E4-430E-9E87-73C69E876912}.Debug|x86.ActiveCfg = Debug|x86
		{09C9A140-71E4-430E-9E87-73C69E876912}.Debug|x86.Build.0 = Debug|x86
		{09C9A140-71E4-430E-9E87-73C69E876912}.Release|Any CPU.ActiveCfg = Release|Any CPU
		{09C9A140-71E4-430E-9E87-73C69E876912}.Release|Any CPU.Build.0 = Release|Any CPU
		{09C9A140-71E4-430E-9E87-73C69E876912}.Release|x86.ActiveCfg = Release|x86
		{09C9A140-71E4-430E-9E87-73C69E876912}.Release|x86.Build.0 = Release|x86
		{BE99028C-CC87-4EA8-8132-D4E7F9E56028}.Debug|Any CPU.ActiveCfg = Debug|Any CPU
		{BE99028C-CC87-4EA8-8132-D4E7F9E56028}.Debug|Any CPU.Build.0 = Debug|Any CPU
		{BE99028C-CC87-4EA8-8132-D4E7F9E56028}.Debug|x86.ActiveCfg = Debug|x86
		{BE99028C-CC87-4EA8-8132-D4E7F9E56028}.Debug|x86.Build.0 = Debug|x86
		{BE99028C-CC87-4EA8-8132-D4E7F9E56028}.Release|Any CPU.ActiveCfg = Release|Any CPU
		{BE99028C-CC87-4EA8-8132-D4E7F9E56028}.Release|Any CPU.Build.0 = Release|Any CPU
		{BE99028C-CC87-4EA8-8132-D4E7F9E56028}.Release|x86.ActiveCfg = Release|x86
		{BE99028C-CC87-4EA8-8132-D4E7F9E56028}.Release|x86.Build.0 = Release|x86
		{0BEE295E-9A01-4A27-BEFF-CCB552C07CAE}.Debug|Any CPU.ActiveCfg = Debug|Any CPU
		{0BEE295E-9A01-4A27-BEFF-CCB552C07CAE}.Debug|Any CPU.Build.0 = Debug|Any CPU
		{0BEE295E-9A01-4A27-BEFF-CCB552C07CAE}.Debug|x86.ActiveCfg = Debug|x86
		{0BEE295E-9A01-4A27-BEFF-CCB552C07CAE}.Debug|x86.Build.0 = Debug|x86
		{0BEE295E-9A01-4A27-BEFF-CCB552C07CAE}.Release|Any CPU.ActiveCfg = Release|Any CPU
		{0BEE295E-9A01-4A27-BEFF-CCB552C07CAE}.Release|Any CPU.Build.0 = Release|Any CPU
		{0BEE295E-9A01-4A27-BEFF-CCB552C07CAE}.Release|x86.ActiveCfg = Release|x86
		{0BEE295E-9A01-4A27-BEFF-CCB552C07CAE}.Release|x86.Build.0 = Release|x86
		{AB4CD9B0-7252-43EF-9EFB-34AD450DD74E}.Debug|Any CPU.ActiveCfg = Debug|Any CPU
		{AB4CD9B0-7252-43EF-9EFB-34AD450DD74E}.Debug|Any CPU.Build.0 = Debug|Any CPU
		{AB4CD9B0-7252-43EF-9EFB-34AD450DD74E}.Debug|x86.ActiveCfg = Debug|x86
		{AB4CD9B0-7252-43EF-9EFB-34AD450DD74E}.Debug|x86.Build.0 = Debug|x86
		{AB4CD9B0-7252-43EF-9EFB-34AD450DD74E}.Release|Any CPU.ActiveCfg = Release|Any CPU
		{AB4CD9B0-7252-43EF-9EFB-34AD450DD74E}.Release|Any CPU.Build.0 = Release|Any CPU
		{AB4CD9B0-7252-43EF-9EFB-34AD450DD74E}.Release|x86.ActiveCfg = Release|x86
		{AB4CD9B0-7252-43EF-9EFB-34AD450DD74E}.Release|x86.Build.0 = Release|x86
		{8FA27405-01BD-4DA3-9461-DBB8FE16DEC7}.Debug|Any CPU.ActiveCfg = Debug|Any CPU
		{8FA27405-01BD-4DA3-9461-DBB8FE16DEC7}.Debug|Any CPU.Build.0 = Debug|Any CPU
		{8FA27405-01BD-4DA3-9461-DBB8FE16DEC7}.Debug|x86.ActiveCfg = Debug|x86
		{8FA27405-01BD-4DA3-9461-DBB8FE16DEC7}.Debug|x86.Build.0 = Debug|x86
		{8FA27405-01BD-4DA3-9461-DBB8FE16DEC7}.Release|Any CPU.ActiveCfg = Release|Any CPU
		{8FA27405-01BD-4DA3-9461-DBB8FE16DEC7}.Release|Any CPU.Build.0 = Release|Any CPU
		{8FA27405-01BD-4DA3-9461-DBB8FE16DEC7}.Release|x86.ActiveCfg = Release|x86
		{8FA27405-01BD-4DA3-9461-DBB8FE16DEC7}.Release|x86.Build.0 = Release|x86
		{D6963B76-054B-4070-8BAD-DC9CC4C6F8D7}.Debug|Any CPU.ActiveCfg = Debug|Any CPU
		{D6963B76-054B-4070-8BAD-DC9CC4C6F8D7}.Debug|Any CPU.Build.0 = Debug|Any CPU
		{D6963B76-054B-4070-8BAD-DC9CC4C6F8D7}.Debug|x86.ActiveCfg = Debug|x86
		{D6963B76-054B-4070-8BAD-DC9CC4C6F8D7}.Debug|x86.Build.0 = Debug|x86
		{D6963B76-054B-4070-8BAD-DC9CC4C6F8D7}.Release|Any CPU.ActiveCfg = Release|Any CPU
		{D6963B76-054B-4070-8BAD-DC9CC4C6F8D7}.Release|Any CPU.Build.0 = Release|Any CPU
		{D6963B76-054B-4070-8BAD-DC9CC4C6F8D7}.Release|x86.ActiveCfg = Release|x86
		{D6963B76-054B-4070-8BAD-DC9CC4C6F8D7}.Release|x86.Build.0 = Release|x86
		{BEA06BCC-9EBB-43BC-BB37-FD4519D128D3}.Debug|Any CPU.ActiveCfg = Debug|Any CPU
		{BEA06BCC-9EBB-43BC-BB37-FD4519D128D3}.Debug|Any CPU.Build.0 = Debug|Any CPU
		{BEA06BCC-9EBB-43BC-BB37-FD4519D128D3}.Debug|x86.ActiveCfg = Debug|x86
		{BEA06BCC-9EBB-43BC-BB37-FD4519D128D3}.Debug|x86.Build.0 = Debug|x86
		{BEA06BCC-9EBB-43BC-BB37-FD4519D128D3}.Release|Any CPU.ActiveCfg = Release|Any CPU
		{BEA06BCC-9EBB-43BC-BB37-FD4519D128D3}.Release|Any CPU.Build.0 = Release|Any CPU
		{BEA06BCC-9EBB-43BC-BB37-FD4519D128D3}.Release|x86.ActiveCfg = Release|x86
		{BEA06BCC-9EBB-43BC-BB37-FD4519D128D3}.Release|x86.Build.0 = Release|x86
		{23F6D423-BC4F-4D05-A52A-67FA593234C8}.Debug|Any CPU.ActiveCfg = Debug|Any CPU
		{23F6D423-BC4F-4D05-A52A-67FA593234C8}.Debug|Any CPU.Build.0 = Debug|Any CPU
		{23F6D423-BC4F-4D05-A52A-67FA593234C8}.Debug|x86.ActiveCfg = Debug|x86
		{23F6D423-BC4F-4D05-A52A-67FA593234C8}.Debug|x86.Build.0 = Debug|x86
		{23F6D423-BC4F-4D05-A52A-67FA593234C8}.Release|Any CPU.ActiveCfg = Release|Any CPU
		{23F6D423-BC4F-4D05-A52A-67FA593234C8}.Release|Any CPU.Build.0 = Release|Any CPU
		{23F6D423-BC4F-4D05-A52A-67FA593234C8}.Release|x86.ActiveCfg = Release|x86
		{23F6D423-BC4F-4D05-A52A-67FA593234C8}.Release|x86.Build.0 = Release|x86
		{30FDD803-F95C-4F68-BE23-6538127E149D}.Debug|Any CPU.ActiveCfg = Debug|Any CPU
		{30FDD803-F95C-4F68-BE23-6538127E149D}.Debug|Any CPU.Build.0 = Debug|Any CPU
		{30FDD803-F95C-4F68-BE23-6538127E149D}.Debug|x86.ActiveCfg = Debug|x86
		{30FDD803-F95C-4F68-BE23-6538127E149D}.Debug|x86.Build.0 = Debug|x86
		{30FDD803-F95C-4F68-BE23-6538127E149D}.Release|Any CPU.ActiveCfg = Release|Any CPU
		{30FDD803-F95C-4F68-BE23-6538127E149D}.Release|Any CPU.Build.0 = Release|Any CPU
		{30FDD803-F95C-4F68-BE23-6538127E149D}.Release|x86.ActiveCfg = Release|x86
		{30FDD803-F95C-4F68-BE23-6538127E149D}.Release|x86.Build.0 = Release|x86
		{2332B409-B2E5-4A70-9F33-589F4BF7522F}.Debug|Any CPU.ActiveCfg = Debug|Any CPU
		{2332B409-B2E5-4A70-9F33-589F4BF7522F}.Debug|Any CPU.Build.0 = Debug|Any CPU
		{2332B409-B2E5-4A70-9F33-589F4BF7522F}.Debug|x86.ActiveCfg = Debug|x86
		{2332B409-B2E5-4A70-9F33-589F4BF7522F}.Debug|x86.Build.0 = Debug|x86
		{2332B409-B2E5-4A70-9F33-589F4BF7522F}.Release|Any CPU.ActiveCfg = Release|Any CPU
		{2332B409-B2E5-4A70-9F33-589F4BF7522F}.Release|Any CPU.Build.0 = Release|Any CPU
		{2332B409-B2E5-4A70-9F33-589F4BF7522F}.Release|x86.ActiveCfg = Release|x86
		{2332B409-B2E5-4A70-9F33-589F4BF7522F}.Release|x86.Build.0 = Release|x86
		{7CF14AE3-4B42-4488-A29E-E4B698752964}.Debug|Any CPU.ActiveCfg = Debug|Any CPU
		{7CF14AE3-4B42-4488-A29E-E4B698752964}.Debug|Any CPU.Build.0 = Debug|Any CPU
		{7CF14AE3-4B42-4488-A29E-E4B698752964}.Debug|x86.ActiveCfg = Debug|x86
		{7CF14AE3-4B42-4488-A29E-E4B698752964}.Debug|x86.Build.0 = Debug|x86
		{7CF14AE3-4B42-4488-A29E-E4B698752964}.Release|Any CPU.ActiveCfg = Release|Any CPU
		{7CF14AE3-4B42-4488-A29E-E4B698752964}.Release|Any CPU.Build.0 = Release|Any CPU
		{7CF14AE3-4B42-4488-A29E-E4B698752964}.Release|x86.ActiveCfg = Release|x86
		{7CF14AE3-4B42-4488-A29E-E4B698752964}.Release|x86.Build.0 = Release|x86
		{F7E29145-114D-4520-B0AB-112ABBF72226}.Debug|Any CPU.ActiveCfg = Debug|Any CPU
		{F7E29145-114D-4520-B0AB-112ABBF72226}.Debug|Any CPU.Build.0 = Debug|Any CPU
		{F7E29145-114D-4520-B0AB-112ABBF72226}.Debug|x86.ActiveCfg = Debug|x86
		{F7E29145-114D-4520-B0AB-112ABBF72226}.Debug|x86.Build.0 = Debug|x86
		{F7E29145-114D-4520-B0AB-112ABBF72226}.Release|Any CPU.ActiveCfg = Release|Any CPU
		{F7E29145-114D-4520-B0AB-112ABBF72226}.Release|Any CPU.Build.0 = Release|Any CPU
		{F7E29145-114D-4520-B0AB-112ABBF72226}.Release|x86.ActiveCfg = Release|x86
		{F7E29145-114D-4520-B0AB-112ABBF72226}.Release|x86.Build.0 = Release|x86
		{6C64FE54-7833-4319-ACAD-E50A1CE638C2}.Debug|Any CPU.ActiveCfg = Debug|Any CPU
		{6C64FE54-7833-4319-ACAD-E50A1CE638C2}.Debug|Any CPU.Build.0 = Debug|Any CPU
		{6C64FE54-7833-4319-ACAD-E50A1CE638C2}.Debug|x86.ActiveCfg = Debug|x86
		{6C64FE54-7833-4319-ACAD-E50A1CE638C2}.Debug|x86.Build.0 = Debug|x86
		{6C64FE54-7833-4319-ACAD-E50A1CE638C2}.Release|Any CPU.ActiveCfg = Release|Any CPU
		{6C64FE54-7833-4319-ACAD-E50A1CE638C2}.Release|Any CPU.Build.0 = Release|Any CPU
		{6C64FE54-7833-4319-ACAD-E50A1CE638C2}.Release|x86.ActiveCfg = Release|x86
		{6C64FE54-7833-4319-ACAD-E50A1CE638C2}.Release|x86.Build.0 = Release|x86
		{CE1C58EC-D9FC-4EFC-8B78-885B8BC103FC}.Debug|Any CPU.ActiveCfg = Debug|Any CPU
		{CE1C58EC-D9FC-4EFC-8B78-885B8BC103FC}.Debug|Any CPU.Build.0 = Debug|Any CPU
		{CE1C58EC-D9FC-4EFC-8B78-885B8BC103FC}.Debug|x86.ActiveCfg = Debug|x86
		{CE1C58EC-D9FC-4EFC-8B78-885B8BC103FC}.Debug|x86.Build.0 = Debug|x86
		{CE1C58EC-D9FC-4EFC-8B78-885B8BC103FC}.Release|Any CPU.ActiveCfg = Release|Any CPU
		{CE1C58EC-D9FC-4EFC-8B78-885B8BC103FC}.Release|Any CPU.Build.0 = Release|Any CPU
		{CE1C58EC-D9FC-4EFC-8B78-885B8BC103FC}.Release|x86.ActiveCfg = Release|x86
		{CE1C58EC-D9FC-4EFC-8B78-885B8BC103FC}.Release|x86.Build.0 = Release|x86
		{696EF322-2ED5-48A4-BC26-FE40897DD0D8}.Debug|Any CPU.ActiveCfg = Debug|Any CPU
		{696EF322-2ED5-48A4-BC26-FE40897DD0D8}.Debug|Any CPU.Build.0 = Debug|Any CPU
		{696EF322-2ED5-48A4-BC26-FE40897DD0D8}.Debug|x86.ActiveCfg = Debug|x86
		{696EF322-2ED5-48A4-BC26-FE40897DD0D8}.Debug|x86.Build.0 = Debug|x86
		{696EF322-2ED5-48A4-BC26-FE40897DD0D8}.Release|Any CPU.ActiveCfg = Release|Any CPU
		{696EF322-2ED5-48A4-BC26-FE40897DD0D8}.Release|Any CPU.Build.0 = Release|Any CPU
		{696EF322-2ED5-48A4-BC26-FE40897DD0D8}.Release|x86.ActiveCfg = Release|x86
		{696EF322-2ED5-48A4-BC26-FE40897DD0D8}.Release|x86.Build.0 = Release|x86
		{8E64885E-19AD-4476-9094-1B5EF239CD43}.Debug|Any CPU.ActiveCfg = Debug|Any CPU
		{8E64885E-19AD-4476-9094-1B5EF239CD43}.Debug|Any CPU.Build.0 = Debug|Any CPU
		{8E64885E-19AD-4476-9094-1B5EF239CD43}.Debug|x86.ActiveCfg = Debug|Any CPU
		{8E64885E-19AD-4476-9094-1B5EF239CD43}.Release|Any CPU.ActiveCfg = Release|Any CPU
		{8E64885E-19AD-4476-9094-1B5EF239CD43}.Release|Any CPU.Build.0 = Release|Any CPU
		{8E64885E-19AD-4476-9094-1B5EF239CD43}.Release|x86.ActiveCfg = Release|Any CPU
		{068260CC-54BB-4E8D-8538-09CEB2503C0E}.Debug|Any CPU.ActiveCfg = Debug|Any CPU
		{068260CC-54BB-4E8D-8538-09CEB2503C0E}.Debug|Any CPU.Build.0 = Debug|Any CPU
		{068260CC-54BB-4E8D-8538-09CEB2503C0E}.Debug|x86.ActiveCfg = Debug|Any CPU
		{068260CC-54BB-4E8D-8538-09CEB2503C0E}.Release|Any CPU.ActiveCfg = Release|Any CPU
		{068260CC-54BB-4E8D-8538-09CEB2503C0E}.Release|Any CPU.Build.0 = Release|Any CPU
		{068260CC-54BB-4E8D-8538-09CEB2503C0E}.Release|x86.ActiveCfg = Release|Any CPU
		{812BE209-57AC-45DB-9BFC-A4D64BFA29D8}.Debug|Any CPU.ActiveCfg = Debug|Any CPU
		{812BE209-57AC-45DB-9BFC-A4D64BFA29D8}.Debug|Any CPU.Build.0 = Debug|Any CPU
		{812BE209-57AC-45DB-9BFC-A4D64BFA29D8}.Debug|x86.ActiveCfg = Debug|x86
		{812BE209-57AC-45DB-9BFC-A4D64BFA29D8}.Debug|x86.Build.0 = Debug|x86
		{812BE209-57AC-45DB-9BFC-A4D64BFA29D8}.Release|Any CPU.ActiveCfg = Release|Any CPU
		{812BE209-57AC-45DB-9BFC-A4D64BFA29D8}.Release|Any CPU.Build.0 = Release|Any CPU
		{812BE209-57AC-45DB-9BFC-A4D64BFA29D8}.Release|x86.ActiveCfg = Release|x86
		{812BE209-57AC-45DB-9BFC-A4D64BFA29D8}.Release|x86.Build.0 = Release|x86
		{E52F9105-12EF-40A1-BD8A-F53BCB42FA36}.Debug|Any CPU.ActiveCfg = Debug|Any CPU
		{E52F9105-12EF-40A1-BD8A-F53BCB42FA36}.Debug|Any CPU.Build.0 = Debug|Any CPU
		{E52F9105-12EF-40A1-BD8A-F53BCB42FA36}.Debug|x86.ActiveCfg = Debug|Any CPU
		{E52F9105-12EF-40A1-BD8A-F53BCB42FA36}.Release|Any CPU.ActiveCfg = Release|Any CPU
		{E52F9105-12EF-40A1-BD8A-F53BCB42FA36}.Release|Any CPU.Build.0 = Release|Any CPU
		{E52F9105-12EF-40A1-BD8A-F53BCB42FA36}.Release|x86.ActiveCfg = Release|Any CPU
		{63042AAF-F178-4337-BB88-C3332E989B51}.Debug|Any CPU.ActiveCfg = Debug|Any CPU
		{63042AAF-F178-4337-BB88-C3332E989B51}.Debug|Any CPU.Build.0 = Debug|Any CPU
		{63042AAF-F178-4337-BB88-C3332E989B51}.Debug|x86.ActiveCfg = Debug|Any CPU
		{63042AAF-F178-4337-BB88-C3332E989B51}.Release|Any CPU.ActiveCfg = Release|Any CPU
		{63042AAF-F178-4337-BB88-C3332E989B51}.Release|Any CPU.Build.0 = Release|Any CPU
		{63042AAF-F178-4337-BB88-C3332E989B51}.Release|x86.ActiveCfg = Release|Any CPU
		{DFE81D0F-EB19-4E60-A58D-4D21363C6B6A}.Debug|Any CPU.ActiveCfg = Debug|Any CPU
		{DFE81D0F-EB19-4E60-A58D-4D21363C6B6A}.Debug|Any CPU.Build.0 = Debug|Any CPU
		{DFE81D0F-EB19-4E60-A58D-4D21363C6B6A}.Debug|x86.ActiveCfg = Debug|Any CPU
		{DFE81D0F-EB19-4E60-A58D-4D21363C6B6A}.Release|Any CPU.ActiveCfg = Release|Any CPU
		{DFE81D0F-EB19-4E60-A58D-4D21363C6B6A}.Release|Any CPU.Build.0 = Release|Any CPU
		{DFE81D0F-EB19-4E60-A58D-4D21363C6B6A}.Release|x86.ActiveCfg = Release|Any CPU
		{9CA961B9-D9D3-4C47-B99E-F496F86EA287}.Debug|Any CPU.ActiveCfg = Debug|Any CPU
		{9CA961B9-D9D3-4C47-B99E-F496F86EA287}.Debug|Any CPU.Build.0 = Debug|Any CPU
		{9CA961B9-D9D3-4C47-B99E-F496F86EA287}.Debug|x86.ActiveCfg = Debug|x86
		{9CA961B9-D9D3-4C47-B99E-F496F86EA287}.Debug|x86.Build.0 = Debug|x86
		{9CA961B9-D9D3-4C47-B99E-F496F86EA287}.Release|Any CPU.ActiveCfg = Release|Any CPU
		{9CA961B9-D9D3-4C47-B99E-F496F86EA287}.Release|Any CPU.Build.0 = Release|Any CPU
		{9CA961B9-D9D3-4C47-B99E-F496F86EA287}.Release|x86.ActiveCfg = Release|x86
		{9CA961B9-D9D3-4C47-B99E-F496F86EA287}.Release|x86.Build.0 = Release|x86
		{4D08AE6B-07EE-4C0B-A6EB-6B7F3F292F41}.Debug|Any CPU.ActiveCfg = Debug|Any CPU
		{4D08AE6B-07EE-4C0B-A6EB-6B7F3F292F41}.Debug|Any CPU.Build.0 = Debug|Any CPU
		{4D08AE6B-07EE-4C0B-A6EB-6B7F3F292F41}.Debug|x86.ActiveCfg = Debug|x86
		{4D08AE6B-07EE-4C0B-A6EB-6B7F3F292F41}.Debug|x86.Build.0 = Debug|x86
		{4D08AE6B-07EE-4C0B-A6EB-6B7F3F292F41}.Release|Any CPU.ActiveCfg = Release|Any CPU
		{4D08AE6B-07EE-4C0B-A6EB-6B7F3F292F41}.Release|Any CPU.Build.0 = Release|Any CPU
		{4D08AE6B-07EE-4C0B-A6EB-6B7F3F292F41}.Release|x86.ActiveCfg = Release|x86
		{4D08AE6B-07EE-4C0B-A6EB-6B7F3F292F41}.Release|x86.Build.0 = Release|x86
		{8942B252-809E-4FE1-9284-A3FDD7A174EA}.Debug|Any CPU.ActiveCfg = Debug|Any CPU
		{8942B252-809E-4FE1-9284-A3FDD7A174EA}.Debug|Any CPU.Build.0 = Debug|Any CPU
		{8942B252-809E-4FE1-9284-A3FDD7A174EA}.Debug|x86.ActiveCfg = Debug|x86
		{8942B252-809E-4FE1-9284-A3FDD7A174EA}.Debug|x86.Build.0 = Debug|x86
		{8942B252-809E-4FE1-9284-A3FDD7A174EA}.Release|Any CPU.ActiveCfg = Release|Any CPU
		{8942B252-809E-4FE1-9284-A3FDD7A174EA}.Release|Any CPU.Build.0 = Release|Any CPU
		{8942B252-809E-4FE1-9284-A3FDD7A174EA}.Release|x86.ActiveCfg = Release|x86
		{8942B252-809E-4FE1-9284-A3FDD7A174EA}.Release|x86.Build.0 = Release|x86
		{E51A575E-861A-4E5E-BF1A-528C9483122F}.Debug|Any CPU.ActiveCfg = Debug|Any CPU
		{E51A575E-861A-4E5E-BF1A-528C9483122F}.Debug|Any CPU.Build.0 = Debug|Any CPU
		{E51A575E-861A-4E5E-BF1A-528C9483122F}.Debug|x86.ActiveCfg = Debug|x86
		{E51A575E-861A-4E5E-BF1A-528C9483122F}.Debug|x86.Build.0 = Debug|x86
		{E51A575E-861A-4E5E-BF1A-528C9483122F}.Release|Any CPU.ActiveCfg = Release|Any CPU
		{E51A575E-861A-4E5E-BF1A-528C9483122F}.Release|Any CPU.Build.0 = Release|Any CPU
		{E51A575E-861A-4E5E-BF1A-528C9483122F}.Release|x86.ActiveCfg = Release|x86
		{E51A575E-861A-4E5E-BF1A-528C9483122F}.Release|x86.Build.0 = Release|x86
		{4393FB26-26D4-44E7-B74B-BBAEC9676CEA}.Debug|Any CPU.ActiveCfg = Debug|Any CPU
		{4393FB26-26D4-44E7-B74B-BBAEC9676CEA}.Debug|Any CPU.Build.0 = Debug|Any CPU
		{4393FB26-26D4-44E7-B74B-BBAEC9676CEA}.Debug|x86.ActiveCfg = Debug|x86
		{4393FB26-26D4-44E7-B74B-BBAEC9676CEA}.Debug|x86.Build.0 = Debug|x86
		{4393FB26-26D4-44E7-B74B-BBAEC9676CEA}.Release|Any CPU.ActiveCfg = Release|Any CPU
		{4393FB26-26D4-44E7-B74B-BBAEC9676CEA}.Release|Any CPU.Build.0 = Release|Any CPU
		{4393FB26-26D4-44E7-B74B-BBAEC9676CEA}.Release|x86.ActiveCfg = Release|x86
		{4393FB26-26D4-44E7-B74B-BBAEC9676CEA}.Release|x86.Build.0 = Release|x86
		{63751910-CAC1-4AD9-B7BB-28F5DAC7CF84}.Debug|Any CPU.ActiveCfg = Debug|Any CPU
		{63751910-CAC1-4AD9-B7BB-28F5DAC7CF84}.Debug|Any CPU.Build.0 = Debug|Any CPU
		{63751910-CAC1-4AD9-B7BB-28F5DAC7CF84}.Debug|x86.ActiveCfg = Debug|x86
		{63751910-CAC1-4AD9-B7BB-28F5DAC7CF84}.Debug|x86.Build.0 = Debug|x86
		{63751910-CAC1-4AD9-B7BB-28F5DAC7CF84}.Release|Any CPU.ActiveCfg = Release|Any CPU
		{63751910-CAC1-4AD9-B7BB-28F5DAC7CF84}.Release|Any CPU.Build.0 = Release|Any CPU
		{63751910-CAC1-4AD9-B7BB-28F5DAC7CF84}.Release|x86.ActiveCfg = Release|x86
		{63751910-CAC1-4AD9-B7BB-28F5DAC7CF84}.Release|x86.Build.0 = Release|x86
		{BF0B317E-C293-4529-B2D5-57E3A92B5FDE}.Debug|Any CPU.ActiveCfg = Debug|Any CPU
		{BF0B317E-C293-4529-B2D5-57E3A92B5FDE}.Debug|Any CPU.Build.0 = Debug|Any CPU
		{BF0B317E-C293-4529-B2D5-57E3A92B5FDE}.Debug|x86.ActiveCfg = Debug|x86
		{BF0B317E-C293-4529-B2D5-57E3A92B5FDE}.Debug|x86.Build.0 = Debug|x86
		{BF0B317E-C293-4529-B2D5-57E3A92B5FDE}.Release|Any CPU.ActiveCfg = Release|Any CPU
		{BF0B317E-C293-4529-B2D5-57E3A92B5FDE}.Release|Any CPU.Build.0 = Release|Any CPU
		{BF0B317E-C293-4529-B2D5-57E3A92B5FDE}.Release|x86.ActiveCfg = Release|x86
		{BF0B317E-C293-4529-B2D5-57E3A92B5FDE}.Release|x86.Build.0 = Release|x86
		{A129AF63-714D-49B5-899D-5500523BBA98}.Debug|Any CPU.ActiveCfg = Debug|Any CPU
		{A129AF63-714D-49B5-899D-5500523BBA98}.Debug|Any CPU.Build.0 = Debug|Any CPU
		{A129AF63-714D-49B5-899D-5500523BBA98}.Debug|x86.ActiveCfg = Debug|x86
		{A129AF63-714D-49B5-899D-5500523BBA98}.Debug|x86.Build.0 = Debug|x86
		{A129AF63-714D-49B5-899D-5500523BBA98}.Release|Any CPU.ActiveCfg = Release|Any CPU
		{A129AF63-714D-49B5-899D-5500523BBA98}.Release|Any CPU.Build.0 = Release|Any CPU
		{A129AF63-714D-49B5-899D-5500523BBA98}.Release|x86.ActiveCfg = Release|x86
		{A129AF63-714D-49B5-899D-5500523BBA98}.Release|x86.Build.0 = Release|x86
		{66EA66A8-E530-47E9-891F-BCA7A8203636}.Debug|Any CPU.ActiveCfg = Debug|Any CPU
		{66EA66A8-E530-47E9-891F-BCA7A8203636}.Debug|Any CPU.Build.0 = Debug|Any CPU
		{66EA66A8-E530-47E9-891F-BCA7A8203636}.Debug|x86.ActiveCfg = Debug|x86
		{66EA66A8-E530-47E9-891F-BCA7A8203636}.Debug|x86.Build.0 = Debug|x86
		{66EA66A8-E530-47E9-891F-BCA7A8203636}.Release|Any CPU.ActiveCfg = Release|Any CPU
		{66EA66A8-E530-47E9-891F-BCA7A8203636}.Release|Any CPU.Build.0 = Release|Any CPU
		{66EA66A8-E530-47E9-891F-BCA7A8203636}.Release|x86.ActiveCfg = Release|x86
		{66EA66A8-E530-47E9-891F-BCA7A8203636}.Release|x86.Build.0 = Release|x86
		{B9F50753-945B-4D8A-B4A1-6EA4E899AFF4}.Debug|Any CPU.ActiveCfg = Debug|Any CPU
		{B9F50753-945B-4D8A-B4A1-6EA4E899AFF4}.Debug|Any CPU.Build.0 = Debug|Any CPU
		{B9F50753-945B-4D8A-B4A1-6EA4E899AFF4}.Debug|x86.ActiveCfg = Debug|x86
		{B9F50753-945B-4D8A-B4A1-6EA4E899AFF4}.Debug|x86.Build.0 = Debug|x86
		{B9F50753-945B-4D8A-B4A1-6EA4E899AFF4}.Release|Any CPU.ActiveCfg = Release|Any CPU
		{B9F50753-945B-4D8A-B4A1-6EA4E899AFF4}.Release|Any CPU.Build.0 = Release|Any CPU
		{B9F50753-945B-4D8A-B4A1-6EA4E899AFF4}.Release|x86.ActiveCfg = Release|x86
		{B9F50753-945B-4D8A-B4A1-6EA4E899AFF4}.Release|x86.Build.0 = Release|x86
		{A45C88BE-ABE7-4761-9E0C-5125A5CD94FD}.Debug|Any CPU.ActiveCfg = Debug|Any CPU
		{A45C88BE-ABE7-4761-9E0C-5125A5CD94FD}.Debug|Any CPU.Build.0 = Debug|Any CPU
		{A45C88BE-ABE7-4761-9E0C-5125A5CD94FD}.Debug|x86.ActiveCfg = Debug|x86
		{A45C88BE-ABE7-4761-9E0C-5125A5CD94FD}.Debug|x86.Build.0 = Debug|x86
		{A45C88BE-ABE7-4761-9E0C-5125A5CD94FD}.Release|Any CPU.ActiveCfg = Release|Any CPU
		{A45C88BE-ABE7-4761-9E0C-5125A5CD94FD}.Release|Any CPU.Build.0 = Release|Any CPU
		{A45C88BE-ABE7-4761-9E0C-5125A5CD94FD}.Release|x86.ActiveCfg = Release|x86
		{A45C88BE-ABE7-4761-9E0C-5125A5CD94FD}.Release|x86.Build.0 = Release|x86
		{EACBF511-16D0-4F07-9467-0664796CAF41}.Debug|Any CPU.ActiveCfg = Debug|Any CPU
		{EACBF511-16D0-4F07-9467-0664796CAF41}.Debug|Any CPU.Build.0 = Debug|Any CPU
		{EACBF511-16D0-4F07-9467-0664796CAF41}.Debug|x86.ActiveCfg = Debug|x86
		{EACBF511-16D0-4F07-9467-0664796CAF41}.Debug|x86.Build.0 = Debug|x86
		{EACBF511-16D0-4F07-9467-0664796CAF41}.Release|Any CPU.ActiveCfg = Release|Any CPU
		{EACBF511-16D0-4F07-9467-0664796CAF41}.Release|Any CPU.Build.0 = Release|Any CPU
		{EACBF511-16D0-4F07-9467-0664796CAF41}.Release|x86.ActiveCfg = Release|x86
		{EACBF511-16D0-4F07-9467-0664796CAF41}.Release|x86.Build.0 = Release|x86
		{03FA6E46-041F-42D2-B722-62C9885C2847}.Debug|Any CPU.ActiveCfg = Debug|Any CPU
		{03FA6E46-041F-42D2-B722-62C9885C2847}.Debug|Any CPU.Build.0 = Debug|Any CPU
		{03FA6E46-041F-42D2-B722-62C9885C2847}.Debug|x86.ActiveCfg = Debug|Any CPU
		{03FA6E46-041F-42D2-B722-62C9885C2847}.Release|Any CPU.ActiveCfg = Release|Any CPU
		{03FA6E46-041F-42D2-B722-62C9885C2847}.Release|Any CPU.Build.0 = Release|Any CPU
		{03FA6E46-041F-42D2-B722-62C9885C2847}.Release|x86.ActiveCfg = Release|Any CPU
		{29AA22E8-5744-47D3-8F0E-359D1ABB8CD3}.Debug|Any CPU.ActiveCfg = Debug|Any CPU
		{29AA22E8-5744-47D3-8F0E-359D1ABB8CD3}.Debug|Any CPU.Build.0 = Debug|Any CPU
		{29AA22E8-5744-47D3-8F0E-359D1ABB8CD3}.Debug|x86.ActiveCfg = Debug|Any CPU
		{29AA22E8-5744-47D3-8F0E-359D1ABB8CD3}.Release|Any CPU.ActiveCfg = Release|Any CPU
		{29AA22E8-5744-47D3-8F0E-359D1ABB8CD3}.Release|Any CPU.Build.0 = Release|Any CPU
		{29AA22E8-5744-47D3-8F0E-359D1ABB8CD3}.Release|x86.ActiveCfg = Release|Any CPU
		{FA626696-B046-46AF-89D6-FEA795DD6E97}.Debug|Any CPU.ActiveCfg = Debug|Any CPU
		{FA626696-B046-46AF-89D6-FEA795DD6E97}.Debug|Any CPU.Build.0 = Debug|Any CPU
		{FA626696-B046-46AF-89D6-FEA795DD6E97}.Debug|x86.ActiveCfg = Debug|Any CPU
		{FA626696-B046-46AF-89D6-FEA795DD6E97}.Release|Any CPU.ActiveCfg = Release|Any CPU
		{FA626696-B046-46AF-89D6-FEA795DD6E97}.Release|Any CPU.Build.0 = Release|Any CPU
		{FA626696-B046-46AF-89D6-FEA795DD6E97}.Release|x86.ActiveCfg = Release|Any CPU
		{DC26A5F5-5DA5-4388-88D7-4ABE72251150}.Debug|Any CPU.ActiveCfg = Debug|Any CPU
		{DC26A5F5-5DA5-4388-88D7-4ABE72251150}.Debug|Any CPU.Build.0 = Debug|Any CPU
		{DC26A5F5-5DA5-4388-88D7-4ABE72251150}.Debug|x86.ActiveCfg = Debug|Any CPU
		{DC26A5F5-5DA5-4388-88D7-4ABE72251150}.Release|Any CPU.ActiveCfg = Release|Any CPU
		{DC26A5F5-5DA5-4388-88D7-4ABE72251150}.Release|Any CPU.Build.0 = Release|Any CPU
		{DC26A5F5-5DA5-4388-88D7-4ABE72251150}.Release|x86.ActiveCfg = Release|Any CPU
		{32070AAF-0ED0-4424-86BE-BBEA1D1B8C16}.Debug|Any CPU.ActiveCfg = Debug|Any CPU
		{32070AAF-0ED0-4424-86BE-BBEA1D1B8C16}.Debug|Any CPU.Build.0 = Debug|Any CPU
		{32070AAF-0ED0-4424-86BE-BBEA1D1B8C16}.Debug|x86.ActiveCfg = Debug|Any CPU
		{32070AAF-0ED0-4424-86BE-BBEA1D1B8C16}.Release|Any CPU.ActiveCfg = Release|Any CPU
		{32070AAF-0ED0-4424-86BE-BBEA1D1B8C16}.Release|Any CPU.Build.0 = Release|Any CPU
		{32070AAF-0ED0-4424-86BE-BBEA1D1B8C16}.Release|x86.ActiveCfg = Release|Any CPU
		{5A441011-0F08-4535-85B6-36031C54CAE2}.Debug|Any CPU.ActiveCfg = Debug|Any CPU
		{5A441011-0F08-4535-85B6-36031C54CAE2}.Debug|Any CPU.Build.0 = Debug|Any CPU
		{5A441011-0F08-4535-85B6-36031C54CAE2}.Debug|x86.ActiveCfg = Debug|x86
		{5A441011-0F08-4535-85B6-36031C54CAE2}.Debug|x86.Build.0 = Debug|x86
		{5A441011-0F08-4535-85B6-36031C54CAE2}.Release|Any CPU.ActiveCfg = Release|Any CPU
		{5A441011-0F08-4535-85B6-36031C54CAE2}.Release|Any CPU.Build.0 = Release|Any CPU
		{5A441011-0F08-4535-85B6-36031C54CAE2}.Release|x86.ActiveCfg = Release|x86
		{5A441011-0F08-4535-85B6-36031C54CAE2}.Release|x86.Build.0 = Release|x86
		{AC95FA2E-5527-4EED-9A6E-05A5C958A40C}.Debug|Any CPU.ActiveCfg = Debug|Any CPU
		{AC95FA2E-5527-4EED-9A6E-05A5C958A40C}.Debug|Any CPU.Build.0 = Debug|Any CPU
		{AC95FA2E-5527-4EED-9A6E-05A5C958A40C}.Debug|x86.ActiveCfg = Debug|x86
		{AC95FA2E-5527-4EED-9A6E-05A5C958A40C}.Debug|x86.Build.0 = Debug|x86
		{AC95FA2E-5527-4EED-9A6E-05A5C958A40C}.Release|Any CPU.ActiveCfg = Release|Any CPU
		{AC95FA2E-5527-4EED-9A6E-05A5C958A40C}.Release|Any CPU.Build.0 = Release|Any CPU
		{AC95FA2E-5527-4EED-9A6E-05A5C958A40C}.Release|x86.ActiveCfg = Release|x86
		{AC95FA2E-5527-4EED-9A6E-05A5C958A40C}.Release|x86.Build.0 = Release|x86
		{81C236B6-2854-4B14-9CDA-C8668035A364}.Debug|Any CPU.ActiveCfg = Debug|Any CPU
		{81C236B6-2854-4B14-9CDA-C8668035A364}.Debug|Any CPU.Build.0 = Debug|Any CPU
		{81C236B6-2854-4B14-9CDA-C8668035A364}.Debug|x86.ActiveCfg = Debug|Any CPU
		{81C236B6-2854-4B14-9CDA-C8668035A364}.Release|Any CPU.ActiveCfg = Release|Any CPU
		{81C236B6-2854-4B14-9CDA-C8668035A364}.Release|Any CPU.Build.0 = Release|Any CPU
		{81C236B6-2854-4B14-9CDA-C8668035A364}.Release|x86.ActiveCfg = Release|Any CPU
		{0E3E9758-C7E3-403C-BE23-C1EBB701E390}.Debug|Any CPU.ActiveCfg = Debug|Any CPU
		{0E3E9758-C7E3-403C-BE23-C1EBB701E390}.Debug|Any CPU.Build.0 = Debug|Any CPU
		{0E3E9758-C7E3-403C-BE23-C1EBB701E390}.Debug|x86.ActiveCfg = Debug|Any CPU
		{0E3E9758-C7E3-403C-BE23-C1EBB701E390}.Release|Any CPU.ActiveCfg = Release|Any CPU
		{0E3E9758-C7E3-403C-BE23-C1EBB701E390}.Release|Any CPU.Build.0 = Release|Any CPU
		{0E3E9758-C7E3-403C-BE23-C1EBB701E390}.Release|x86.ActiveCfg = Release|Any CPU
		{AEF62042-AB26-419A-B72D-BFB321E7C88C}.Debug|Any CPU.ActiveCfg = Debug|Any CPU
		{AEF62042-AB26-419A-B72D-BFB321E7C88C}.Debug|Any CPU.Build.0 = Debug|Any CPU
		{AEF62042-AB26-419A-B72D-BFB321E7C88C}.Debug|x86.ActiveCfg = Debug|x86
		{AEF62042-AB26-419A-B72D-BFB321E7C88C}.Debug|x86.Build.0 = Debug|x86
		{AEF62042-AB26-419A-B72D-BFB321E7C88C}.Release|Any CPU.ActiveCfg = Release|Any CPU
		{AEF62042-AB26-419A-B72D-BFB321E7C88C}.Release|Any CPU.Build.0 = Release|Any CPU
		{AEF62042-AB26-419A-B72D-BFB321E7C88C}.Release|x86.ActiveCfg = Release|x86
		{AEF62042-AB26-419A-B72D-BFB321E7C88C}.Release|x86.Build.0 = Release|x86
		{04FC431E-B891-49A7-B044-BDEE8F4C1674}.Debug|Any CPU.ActiveCfg = Debug|Any CPU
		{04FC431E-B891-49A7-B044-BDEE8F4C1674}.Debug|Any CPU.Build.0 = Debug|Any CPU
		{04FC431E-B891-49A7-B044-BDEE8F4C1674}.Debug|x86.ActiveCfg = Debug|x86
		{04FC431E-B891-49A7-B044-BDEE8F4C1674}.Debug|x86.Build.0 = Debug|x86
		{04FC431E-B891-49A7-B044-BDEE8F4C1674}.Release|Any CPU.ActiveCfg = Release|Any CPU
		{04FC431E-B891-49A7-B044-BDEE8F4C1674}.Release|Any CPU.Build.0 = Release|Any CPU
		{04FC431E-B891-49A7-B044-BDEE8F4C1674}.Release|x86.ActiveCfg = Release|x86
		{04FC431E-B891-49A7-B044-BDEE8F4C1674}.Release|x86.Build.0 = Release|x86
		{29A54C68-9B9D-44BF-9DD0-8735ED380CA5}.Debug|Any CPU.ActiveCfg = Debug|Any CPU
		{29A54C68-9B9D-44BF-9DD0-8735ED380CA5}.Debug|Any CPU.Build.0 = Debug|Any CPU
		{29A54C68-9B9D-44BF-9DD0-8735ED380CA5}.Debug|x86.ActiveCfg = Debug|Any CPU
		{29A54C68-9B9D-44BF-9DD0-8735ED380CA5}.Debug|x86.Build.0 = Debug|Any CPU
		{29A54C68-9B9D-44BF-9DD0-8735ED380CA5}.Release|Any CPU.ActiveCfg = Release|Any CPU
		{29A54C68-9B9D-44BF-9DD0-8735ED380CA5}.Release|Any CPU.Build.0 = Release|Any CPU
		{29A54C68-9B9D-44BF-9DD0-8735ED380CA5}.Release|x86.ActiveCfg = Release|Any CPU
		{29A54C68-9B9D-44BF-9DD0-8735ED380CA5}.Release|x86.Build.0 = Release|Any CPU
		{76DCB01E-E92C-4691-8CDB-E928E1EC6001}.Debug|Any CPU.ActiveCfg = Debug|Any CPU
		{76DCB01E-E92C-4691-8CDB-E928E1EC6001}.Debug|Any CPU.Build.0 = Debug|Any CPU
		{76DCB01E-E92C-4691-8CDB-E928E1EC6001}.Debug|x86.ActiveCfg = Debug|x86
		{76DCB01E-E92C-4691-8CDB-E928E1EC6001}.Debug|x86.Build.0 = Debug|x86
		{76DCB01E-E92C-4691-8CDB-E928E1EC6001}.Release|Any CPU.ActiveCfg = Release|Any CPU
		{76DCB01E-E92C-4691-8CDB-E928E1EC6001}.Release|Any CPU.Build.0 = Release|Any CPU
		{76DCB01E-E92C-4691-8CDB-E928E1EC6001}.Release|x86.ActiveCfg = Release|x86
		{76DCB01E-E92C-4691-8CDB-E928E1EC6001}.Release|x86.Build.0 = Release|x86
		{451C42ED-FC7E-4F90-B4EC-41FC8AC4E39D}.Debug|Any CPU.ActiveCfg = Debug|Any CPU
		{451C42ED-FC7E-4F90-B4EC-41FC8AC4E39D}.Debug|Any CPU.Build.0 = Debug|Any CPU
		{451C42ED-FC7E-4F90-B4EC-41FC8AC4E39D}.Debug|x86.ActiveCfg = Debug|Any CPU
		{451C42ED-FC7E-4F90-B4EC-41FC8AC4E39D}.Debug|x86.Build.0 = Debug|Any CPU
		{451C42ED-FC7E-4F90-B4EC-41FC8AC4E39D}.Release|Any CPU.ActiveCfg = Release|Any CPU
		{451C42ED-FC7E-4F90-B4EC-41FC8AC4E39D}.Release|Any CPU.Build.0 = Release|Any CPU
		{451C42ED-FC7E-4F90-B4EC-41FC8AC4E39D}.Release|x86.ActiveCfg = Release|Any CPU
		{451C42ED-FC7E-4F90-B4EC-41FC8AC4E39D}.Release|x86.Build.0 = Release|Any CPU
		{37C73A07-3CF7-405B-9165-43D7EFBAB4A8}.Debug|Any CPU.ActiveCfg = Debug|Any CPU
		{37C73A07-3CF7-405B-9165-43D7EFBAB4A8}.Debug|Any CPU.Build.0 = Debug|Any CPU
		{37C73A07-3CF7-405B-9165-43D7EFBAB4A8}.Debug|x86.ActiveCfg = Debug|Any CPU
		{37C73A07-3CF7-405B-9165-43D7EFBAB4A8}.Debug|x86.Build.0 = Debug|Any CPU
		{37C73A07-3CF7-405B-9165-43D7EFBAB4A8}.Release|Any CPU.ActiveCfg = Release|Any CPU
		{37C73A07-3CF7-405B-9165-43D7EFBAB4A8}.Release|Any CPU.Build.0 = Release|Any CPU
		{37C73A07-3CF7-405B-9165-43D7EFBAB4A8}.Release|x86.ActiveCfg = Release|Any CPU
		{37C73A07-3CF7-405B-9165-43D7EFBAB4A8}.Release|x86.Build.0 = Release|Any CPU
		{25323A0B-CB76-468A-ABA9-E7F4AFE1022B}.Debug|Any CPU.ActiveCfg = Debug|Any CPU
		{25323A0B-CB76-468A-ABA9-E7F4AFE1022B}.Debug|Any CPU.Build.0 = Debug|Any CPU
		{25323A0B-CB76-468A-ABA9-E7F4AFE1022B}.Debug|x86.ActiveCfg = Debug|Any CPU
		{25323A0B-CB76-468A-ABA9-E7F4AFE1022B}.Debug|x86.Build.0 = Debug|Any CPU
		{25323A0B-CB76-468A-ABA9-E7F4AFE1022B}.Release|Any CPU.ActiveCfg = Release|Any CPU
		{25323A0B-CB76-468A-ABA9-E7F4AFE1022B}.Release|Any CPU.Build.0 = Release|Any CPU
		{25323A0B-CB76-468A-ABA9-E7F4AFE1022B}.Release|x86.ActiveCfg = Release|Any CPU
		{25323A0B-CB76-468A-ABA9-E7F4AFE1022B}.Release|x86.Build.0 = Release|Any CPU
		{2928E7EC-C1A7-4425-A1EA-6609F36C9CC4}.Debug|Any CPU.ActiveCfg = Debug|Any CPU
		{2928E7EC-C1A7-4425-A1EA-6609F36C9CC4}.Debug|Any CPU.Build.0 = Debug|Any CPU
		{2928E7EC-C1A7-4425-A1EA-6609F36C9CC4}.Debug|x86.ActiveCfg = Debug|x86
		{2928E7EC-C1A7-4425-A1EA-6609F36C9CC4}.Debug|x86.Build.0 = Debug|x86
		{2928E7EC-C1A7-4425-A1EA-6609F36C9CC4}.Release|Any CPU.ActiveCfg = Release|Any CPU
		{2928E7EC-C1A7-4425-A1EA-6609F36C9CC4}.Release|Any CPU.Build.0 = Release|Any CPU
		{2928E7EC-C1A7-4425-A1EA-6609F36C9CC4}.Release|x86.ActiveCfg = Release|x86
		{2928E7EC-C1A7-4425-A1EA-6609F36C9CC4}.Release|x86.Build.0 = Release|x86
		{D1EF9537-76E2-4D18-84A1-FC304F42699A}.Debug|Any CPU.ActiveCfg = Debug|Any CPU
		{D1EF9537-76E2-4D18-84A1-FC304F42699A}.Debug|Any CPU.Build.0 = Debug|Any CPU
		{D1EF9537-76E2-4D18-84A1-FC304F42699A}.Debug|x86.ActiveCfg = Debug|Any CPU
		{D1EF9537-76E2-4D18-84A1-FC304F42699A}.Debug|x86.Build.0 = Debug|Any CPU
		{D1EF9537-76E2-4D18-84A1-FC304F42699A}.Release|Any CPU.ActiveCfg = Release|Any CPU
		{D1EF9537-76E2-4D18-84A1-FC304F42699A}.Release|Any CPU.Build.0 = Release|Any CPU
		{D1EF9537-76E2-4D18-84A1-FC304F42699A}.Release|x86.ActiveCfg = Release|Any CPU
		{D1EF9537-76E2-4D18-84A1-FC304F42699A}.Release|x86.Build.0 = Release|Any CPU
		{65A1E92B-5C81-4D83-ADE7-1C4AF0EF9963}.Debug|Any CPU.ActiveCfg = Debug|Any CPU
		{65A1E92B-5C81-4D83-ADE7-1C4AF0EF9963}.Debug|Any CPU.Build.0 = Debug|Any CPU
		{65A1E92B-5C81-4D83-ADE7-1C4AF0EF9963}.Debug|x86.ActiveCfg = Debug|Any CPU
		{65A1E92B-5C81-4D83-ADE7-1C4AF0EF9963}.Debug|x86.Build.0 = Debug|Any CPU
		{65A1E92B-5C81-4D83-ADE7-1C4AF0EF9963}.Release|Any CPU.ActiveCfg = Release|Any CPU
		{65A1E92B-5C81-4D83-ADE7-1C4AF0EF9963}.Release|Any CPU.Build.0 = Release|Any CPU
		{65A1E92B-5C81-4D83-ADE7-1C4AF0EF9963}.Release|x86.ActiveCfg = Release|Any CPU
		{65A1E92B-5C81-4D83-ADE7-1C4AF0EF9963}.Release|x86.Build.0 = Release|Any CPU
		{FD8A76F9-DC9F-41A5-98DD-849DFED3B233}.Debug|Any CPU.ActiveCfg = Debug|Any CPU
		{FD8A76F9-DC9F-41A5-98DD-849DFED3B233}.Debug|Any CPU.Build.0 = Debug|Any CPU
		{FD8A76F9-DC9F-41A5-98DD-849DFED3B233}.Debug|x86.ActiveCfg = Debug|Any CPU
		{FD8A76F9-DC9F-41A5-98DD-849DFED3B233}.Debug|x86.Build.0 = Debug|Any CPU
		{FD8A76F9-DC9F-41A5-98DD-849DFED3B233}.Release|Any CPU.ActiveCfg = Release|Any CPU
		{FD8A76F9-DC9F-41A5-98DD-849DFED3B233}.Release|Any CPU.Build.0 = Release|Any CPU
		{FD8A76F9-DC9F-41A5-98DD-849DFED3B233}.Release|x86.ActiveCfg = Release|Any CPU
		{FD8A76F9-DC9F-41A5-98DD-849DFED3B233}.Release|x86.Build.0 = Release|Any CPU
		{F4BA9F1B-1DC9-4D06-A545-4369C9A87D86}.Debug|Any CPU.ActiveCfg = Debug|Any CPU
		{F4BA9F1B-1DC9-4D06-A545-4369C9A87D86}.Debug|Any CPU.Build.0 = Debug|Any CPU
		{F4BA9F1B-1DC9-4D06-A545-4369C9A87D86}.Debug|x86.ActiveCfg = Debug|x86
		{F4BA9F1B-1DC9-4D06-A545-4369C9A87D86}.Debug|x86.Build.0 = Debug|x86
		{F4BA9F1B-1DC9-4D06-A545-4369C9A87D86}.Release|Any CPU.ActiveCfg = Release|Any CPU
		{F4BA9F1B-1DC9-4D06-A545-4369C9A87D86}.Release|Any CPU.Build.0 = Release|Any CPU
		{F4BA9F1B-1DC9-4D06-A545-4369C9A87D86}.Release|x86.ActiveCfg = Release|x86
		{F4BA9F1B-1DC9-4D06-A545-4369C9A87D86}.Release|x86.Build.0 = Release|x86
		{94C6F339-D020-4FDB-B06B-A0F9116DE6A5}.Debug|Any CPU.ActiveCfg = Debug|Any CPU
		{94C6F339-D020-4FDB-B06B-A0F9116DE6A5}.Debug|Any CPU.Build.0 = Debug|Any CPU
		{94C6F339-D020-4FDB-B06B-A0F9116DE6A5}.Debug|x86.ActiveCfg = Debug|Any CPU
		{94C6F339-D020-4FDB-B06B-A0F9116DE6A5}.Debug|x86.Build.0 = Debug|Any CPU
		{94C6F339-D020-4FDB-B06B-A0F9116DE6A5}.Release|Any CPU.ActiveCfg = Release|Any CPU
		{94C6F339-D020-4FDB-B06B-A0F9116DE6A5}.Release|Any CPU.Build.0 = Release|Any CPU
		{94C6F339-D020-4FDB-B06B-A0F9116DE6A5}.Release|x86.ActiveCfg = Release|Any CPU
		{94C6F339-D020-4FDB-B06B-A0F9116DE6A5}.Release|x86.Build.0 = Release|Any CPU
		{DAF17CCA-DB03-4077-8192-AFCB6E733517}.Debug|Any CPU.ActiveCfg = Debug|Any CPU
		{DAF17CCA-DB03-4077-8192-AFCB6E733517}.Debug|Any CPU.Build.0 = Debug|Any CPU
		{DAF17CCA-DB03-4077-8192-AFCB6E733517}.Debug|x86.ActiveCfg = Debug|Any CPU
		{DAF17CCA-DB03-4077-8192-AFCB6E733517}.Debug|x86.Build.0 = Debug|Any CPU
		{DAF17CCA-DB03-4077-8192-AFCB6E733517}.Release|Any CPU.ActiveCfg = Release|Any CPU
		{DAF17CCA-DB03-4077-8192-AFCB6E733517}.Release|Any CPU.Build.0 = Release|Any CPU
		{DAF17CCA-DB03-4077-8192-AFCB6E733517}.Release|x86.ActiveCfg = Release|Any CPU
		{DAF17CCA-DB03-4077-8192-AFCB6E733517}.Release|x86.Build.0 = Release|Any CPU
		{EDFB2BDD-B430-4CB8-A17A-3E5830BE81CD}.Debug|Any CPU.ActiveCfg = Debug|Any CPU
		{EDFB2BDD-B430-4CB8-A17A-3E5830BE81CD}.Debug|Any CPU.Build.0 = Debug|Any CPU
		{EDFB2BDD-B430-4CB8-A17A-3E5830BE81CD}.Debug|x86.ActiveCfg = Debug|Any CPU
		{EDFB2BDD-B430-4CB8-A17A-3E5830BE81CD}.Debug|x86.Build.0 = Debug|Any CPU
		{EDFB2BDD-B430-4CB8-A17A-3E5830BE81CD}.Release|Any CPU.ActiveCfg = Release|Any CPU
		{EDFB2BDD-B430-4CB8-A17A-3E5830BE81CD}.Release|Any CPU.Build.0 = Release|Any CPU
		{EDFB2BDD-B430-4CB8-A17A-3E5830BE81CD}.Release|x86.ActiveCfg = Release|Any CPU
		{EDFB2BDD-B430-4CB8-A17A-3E5830BE81CD}.Release|x86.Build.0 = Release|Any CPU
		{69034ED6-8DBA-4570-8351-F208DE925636}.Debug|Any CPU.ActiveCfg = Debug|Any CPU
		{69034ED6-8DBA-4570-8351-F208DE925636}.Debug|Any CPU.Build.0 = Debug|Any CPU
		{69034ED6-8DBA-4570-8351-F208DE925636}.Debug|x86.ActiveCfg = Debug|Any CPU
		{69034ED6-8DBA-4570-8351-F208DE925636}.Debug|x86.Build.0 = Debug|Any CPU
		{69034ED6-8DBA-4570-8351-F208DE925636}.Release|Any CPU.ActiveCfg = Release|Any CPU
		{69034ED6-8DBA-4570-8351-F208DE925636}.Release|Any CPU.Build.0 = Release|Any CPU
		{69034ED6-8DBA-4570-8351-F208DE925636}.Release|x86.ActiveCfg = Release|Any CPU
		{69034ED6-8DBA-4570-8351-F208DE925636}.Release|x86.Build.0 = Release|Any CPU
		{7A9F6A10-ED3A-44A7-94C7-CA069A36C133}.Debug|Any CPU.ActiveCfg = Debug|Any CPU
		{7A9F6A10-ED3A-44A7-94C7-CA069A36C133}.Debug|Any CPU.Build.0 = Debug|Any CPU
		{7A9F6A10-ED3A-44A7-94C7-CA069A36C133}.Debug|x86.ActiveCfg = Debug|Any CPU
		{7A9F6A10-ED3A-44A7-94C7-CA069A36C133}.Debug|x86.Build.0 = Debug|Any CPU
		{7A9F6A10-ED3A-44A7-94C7-CA069A36C133}.Release|Any CPU.ActiveCfg = Release|Any CPU
		{7A9F6A10-ED3A-44A7-94C7-CA069A36C133}.Release|Any CPU.Build.0 = Release|Any CPU
		{7A9F6A10-ED3A-44A7-94C7-CA069A36C133}.Release|x86.ActiveCfg = Release|Any CPU
		{7A9F6A10-ED3A-44A7-94C7-CA069A36C133}.Release|x86.Build.0 = Release|Any CPU
		{48838442-1A35-4CA7-A5CE-DF39EED4AB14}.Debug|Any CPU.ActiveCfg = Debug|Any CPU
		{48838442-1A35-4CA7-A5CE-DF39EED4AB14}.Debug|Any CPU.Build.0 = Debug|Any CPU
		{48838442-1A35-4CA7-A5CE-DF39EED4AB14}.Debug|x86.ActiveCfg = Debug|Any CPU
		{48838442-1A35-4CA7-A5CE-DF39EED4AB14}.Debug|x86.Build.0 = Debug|Any CPU
		{48838442-1A35-4CA7-A5CE-DF39EED4AB14}.Release|Any CPU.ActiveCfg = Release|Any CPU
		{48838442-1A35-4CA7-A5CE-DF39EED4AB14}.Release|Any CPU.Build.0 = Release|Any CPU
		{48838442-1A35-4CA7-A5CE-DF39EED4AB14}.Release|x86.ActiveCfg = Release|Any CPU
		{48838442-1A35-4CA7-A5CE-DF39EED4AB14}.Release|x86.Build.0 = Release|Any CPU
		{45F7A95D-B5A9-4AF2-9B87-AB35E39313DA}.Debug|Any CPU.ActiveCfg = Debug|Any CPU
		{45F7A95D-B5A9-4AF2-9B87-AB35E39313DA}.Debug|Any CPU.Build.0 = Debug|Any CPU
		{45F7A95D-B5A9-4AF2-9B87-AB35E39313DA}.Debug|x86.ActiveCfg = Debug|Any CPU
		{45F7A95D-B5A9-4AF2-9B87-AB35E39313DA}.Debug|x86.Build.0 = Debug|Any CPU
		{45F7A95D-B5A9-4AF2-9B87-AB35E39313DA}.Release|Any CPU.ActiveCfg = Release|Any CPU
		{45F7A95D-B5A9-4AF2-9B87-AB35E39313DA}.Release|Any CPU.Build.0 = Release|Any CPU
		{45F7A95D-B5A9-4AF2-9B87-AB35E39313DA}.Release|x86.ActiveCfg = Release|Any CPU
		{45F7A95D-B5A9-4AF2-9B87-AB35E39313DA}.Release|x86.Build.0 = Release|Any CPU
		{FF2ABB15-D150-4D6B-AEEE-12EB980E5415}.Debug|Any CPU.ActiveCfg = Debug|Any CPU
		{FF2ABB15-D150-4D6B-AEEE-12EB980E5415}.Debug|Any CPU.Build.0 = Debug|Any CPU
		{FF2ABB15-D150-4D6B-AEEE-12EB980E5415}.Debug|x86.ActiveCfg = Debug|Any CPU
		{FF2ABB15-D150-4D6B-AEEE-12EB980E5415}.Debug|x86.Build.0 = Debug|Any CPU
		{FF2ABB15-D150-4D6B-AEEE-12EB980E5415}.Release|Any CPU.ActiveCfg = Release|Any CPU
		{FF2ABB15-D150-4D6B-AEEE-12EB980E5415}.Release|Any CPU.Build.0 = Release|Any CPU
		{FF2ABB15-D150-4D6B-AEEE-12EB980E5415}.Release|x86.ActiveCfg = Release|Any CPU
		{FF2ABB15-D150-4D6B-AEEE-12EB980E5415}.Release|x86.Build.0 = Release|Any CPU
		{23F749CB-EBE2-4E50-8546-FDAE51E08D4F}.Debug|Any CPU.ActiveCfg = Debug|Any CPU
		{23F749CB-EBE2-4E50-8546-FDAE51E08D4F}.Debug|Any CPU.Build.0 = Debug|Any CPU
		{23F749CB-EBE2-4E50-8546-FDAE51E08D4F}.Debug|x86.ActiveCfg = Debug|Any CPU
		{23F749CB-EBE2-4E50-8546-FDAE51E08D4F}.Debug|x86.Build.0 = Debug|Any CPU
		{23F749CB-EBE2-4E50-8546-FDAE51E08D4F}.Release|Any CPU.ActiveCfg = Release|Any CPU
		{23F749CB-EBE2-4E50-8546-FDAE51E08D4F}.Release|Any CPU.Build.0 = Release|Any CPU
		{23F749CB-EBE2-4E50-8546-FDAE51E08D4F}.Release|x86.ActiveCfg = Release|Any CPU
		{23F749CB-EBE2-4E50-8546-FDAE51E08D4F}.Release|x86.Build.0 = Release|Any CPU
		{6E6DE40F-1A6E-431D-85DB-8D143612D45B}.Debug|Any CPU.ActiveCfg = Debug|Any CPU
		{6E6DE40F-1A6E-431D-85DB-8D143612D45B}.Debug|Any CPU.Build.0 = Debug|Any CPU
		{6E6DE40F-1A6E-431D-85DB-8D143612D45B}.Debug|x86.ActiveCfg = Debug|Any CPU
		{6E6DE40F-1A6E-431D-85DB-8D143612D45B}.Debug|x86.Build.0 = Debug|Any CPU
		{6E6DE40F-1A6E-431D-85DB-8D143612D45B}.Release|Any CPU.ActiveCfg = Release|Any CPU
		{6E6DE40F-1A6E-431D-85DB-8D143612D45B}.Release|Any CPU.Build.0 = Release|Any CPU
		{6E6DE40F-1A6E-431D-85DB-8D143612D45B}.Release|x86.ActiveCfg = Release|Any CPU
		{6E6DE40F-1A6E-431D-85DB-8D143612D45B}.Release|x86.Build.0 = Release|Any CPU
		{BF6C161C-92EA-46E5-A06D-2E1BD8C66C83}.Debug|Any CPU.ActiveCfg = Debug|Any CPU
		{BF6C161C-92EA-46E5-A06D-2E1BD8C66C83}.Debug|Any CPU.Build.0 = Debug|Any CPU
		{BF6C161C-92EA-46E5-A06D-2E1BD8C66C83}.Debug|x86.ActiveCfg = Debug|Any CPU
		{BF6C161C-92EA-46E5-A06D-2E1BD8C66C83}.Debug|x86.Build.0 = Debug|Any CPU
		{BF6C161C-92EA-46E5-A06D-2E1BD8C66C83}.Release|Any CPU.ActiveCfg = Release|Any CPU
		{BF6C161C-92EA-46E5-A06D-2E1BD8C66C83}.Release|Any CPU.Build.0 = Release|Any CPU
		{BF6C161C-92EA-46E5-A06D-2E1BD8C66C83}.Release|x86.ActiveCfg = Release|Any CPU
		{BF6C161C-92EA-46E5-A06D-2E1BD8C66C83}.Release|x86.Build.0 = Release|Any CPU
		{1C0B7485-42AE-46C1-AD5B-F1F3FC2D9C2A}.Debug|Any CPU.ActiveCfg = Debug|Any CPU
		{1C0B7485-42AE-46C1-AD5B-F1F3FC2D9C2A}.Debug|Any CPU.Build.0 = Debug|Any CPU
		{1C0B7485-42AE-46C1-AD5B-F1F3FC2D9C2A}.Debug|x86.ActiveCfg = Debug|Any CPU
		{1C0B7485-42AE-46C1-AD5B-F1F3FC2D9C2A}.Debug|x86.Build.0 = Debug|Any CPU
		{1C0B7485-42AE-46C1-AD5B-F1F3FC2D9C2A}.Release|Any CPU.ActiveCfg = Release|Any CPU
		{1C0B7485-42AE-46C1-AD5B-F1F3FC2D9C2A}.Release|Any CPU.Build.0 = Release|Any CPU
		{1C0B7485-42AE-46C1-AD5B-F1F3FC2D9C2A}.Release|x86.ActiveCfg = Release|Any CPU
		{1C0B7485-42AE-46C1-AD5B-F1F3FC2D9C2A}.Release|x86.Build.0 = Release|Any CPU
		{3A8289C6-FAF4-4DE3-8F28-9CC1DE1BB6A1}.Debug|Any CPU.ActiveCfg = Debug|Any CPU
		{3A8289C6-FAF4-4DE3-8F28-9CC1DE1BB6A1}.Debug|Any CPU.Build.0 = Debug|Any CPU
		{3A8289C6-FAF4-4DE3-8F28-9CC1DE1BB6A1}.Debug|x86.ActiveCfg = Debug|Any CPU
		{3A8289C6-FAF4-4DE3-8F28-9CC1DE1BB6A1}.Debug|x86.Build.0 = Debug|Any CPU
		{3A8289C6-FAF4-4DE3-8F28-9CC1DE1BB6A1}.Release|Any CPU.ActiveCfg = Release|Any CPU
		{3A8289C6-FAF4-4DE3-8F28-9CC1DE1BB6A1}.Release|Any CPU.Build.0 = Release|Any CPU
		{3A8289C6-FAF4-4DE3-8F28-9CC1DE1BB6A1}.Release|x86.ActiveCfg = Release|Any CPU
		{3A8289C6-FAF4-4DE3-8F28-9CC1DE1BB6A1}.Release|x86.Build.0 = Release|Any CPU
		{089454D4-F3F4-45CB-B61A-C3FDD47302FE}.Debug|Any CPU.ActiveCfg = Debug|Any CPU
		{089454D4-F3F4-45CB-B61A-C3FDD47302FE}.Debug|Any CPU.Build.0 = Debug|Any CPU
		{089454D4-F3F4-45CB-B61A-C3FDD47302FE}.Debug|x86.ActiveCfg = Debug|x86
		{089454D4-F3F4-45CB-B61A-C3FDD47302FE}.Debug|x86.Build.0 = Debug|x86
		{089454D4-F3F4-45CB-B61A-C3FDD47302FE}.Release|Any CPU.ActiveCfg = Release|Any CPU
		{089454D4-F3F4-45CB-B61A-C3FDD47302FE}.Release|Any CPU.Build.0 = Release|Any CPU
		{089454D4-F3F4-45CB-B61A-C3FDD47302FE}.Release|x86.ActiveCfg = Release|x86
		{089454D4-F3F4-45CB-B61A-C3FDD47302FE}.Release|x86.Build.0 = Release|x86
		{E144D815-9B57-4554-9BC2-10557D382982}.Debug|Any CPU.ActiveCfg = Debug|Any CPU
		{E144D815-9B57-4554-9BC2-10557D382982}.Debug|Any CPU.Build.0 = Debug|Any CPU
		{E144D815-9B57-4554-9BC2-10557D382982}.Debug|x86.ActiveCfg = Debug|x86
		{E144D815-9B57-4554-9BC2-10557D382982}.Debug|x86.Build.0 = Debug|x86
		{E144D815-9B57-4554-9BC2-10557D382982}.Release|Any CPU.ActiveCfg = Release|Any CPU
		{E144D815-9B57-4554-9BC2-10557D382982}.Release|Any CPU.Build.0 = Release|Any CPU
		{E144D815-9B57-4554-9BC2-10557D382982}.Release|x86.ActiveCfg = Release|x86
		{E144D815-9B57-4554-9BC2-10557D382982}.Release|x86.Build.0 = Release|x86
		{7A57EC4C-6411-4D24-910B-6E25F77A043E}.Debug|Any CPU.ActiveCfg = Debug|Any CPU
		{7A57EC4C-6411-4D24-910B-6E25F77A043E}.Debug|Any CPU.Build.0 = Debug|Any CPU
		{7A57EC4C-6411-4D24-910B-6E25F77A043E}.Debug|x86.ActiveCfg = Debug|x86
		{7A57EC4C-6411-4D24-910B-6E25F77A043E}.Debug|x86.Build.0 = Debug|x86
		{7A57EC4C-6411-4D24-910B-6E25F77A043E}.Release|Any CPU.ActiveCfg = Release|Any CPU
		{7A57EC4C-6411-4D24-910B-6E25F77A043E}.Release|Any CPU.Build.0 = Release|Any CPU
		{7A57EC4C-6411-4D24-910B-6E25F77A043E}.Release|x86.ActiveCfg = Release|x86
		{7A57EC4C-6411-4D24-910B-6E25F77A043E}.Release|x86.Build.0 = Release|x86
		{C4E18F90-EDA2-4A6B-AA07-2F9A40FFC27F}.Debug|Any CPU.ActiveCfg = Debug|Any CPU
		{C4E18F90-EDA2-4A6B-AA07-2F9A40FFC27F}.Debug|Any CPU.Build.0 = Debug|Any CPU
		{C4E18F90-EDA2-4A6B-AA07-2F9A40FFC27F}.Debug|x86.ActiveCfg = Debug|Any CPU
		{C4E18F90-EDA2-4A6B-AA07-2F9A40FFC27F}.Debug|x86.Build.0 = Debug|Any CPU
		{C4E18F90-EDA2-4A6B-AA07-2F9A40FFC27F}.Release|Any CPU.ActiveCfg = Release|Any CPU
		{C4E18F90-EDA2-4A6B-AA07-2F9A40FFC27F}.Release|Any CPU.Build.0 = Release|Any CPU
		{C4E18F90-EDA2-4A6B-AA07-2F9A40FFC27F}.Release|x86.ActiveCfg = Release|Any CPU
		{C4E18F90-EDA2-4A6B-AA07-2F9A40FFC27F}.Release|x86.Build.0 = Release|Any CPU
		{2BCBA11F-11CF-410C-810C-B651C33F7DB1}.Debug|Any CPU.ActiveCfg = Debug|Any CPU
		{2BCBA11F-11CF-410C-810C-B651C33F7DB1}.Debug|Any CPU.Build.0 = Debug|Any CPU
		{2BCBA11F-11CF-410C-810C-B651C33F7DB1}.Debug|x86.ActiveCfg = Debug|x86
		{2BCBA11F-11CF-410C-810C-B651C33F7DB1}.Debug|x86.Build.0 = Debug|x86
		{2BCBA11F-11CF-410C-810C-B651C33F7DB1}.Release|Any CPU.ActiveCfg = Release|Any CPU
		{2BCBA11F-11CF-410C-810C-B651C33F7DB1}.Release|Any CPU.Build.0 = Release|Any CPU
		{2BCBA11F-11CF-410C-810C-B651C33F7DB1}.Release|x86.ActiveCfg = Release|x86
		{2BCBA11F-11CF-410C-810C-B651C33F7DB1}.Release|x86.Build.0 = Release|x86
		{52EB7BC4-E605-4AF6-942F-235CF183808A}.Debug|Any CPU.ActiveCfg = Debug|Any CPU
		{52EB7BC4-E605-4AF6-942F-235CF183808A}.Debug|Any CPU.Build.0 = Debug|Any CPU
		{52EB7BC4-E605-4AF6-942F-235CF183808A}.Debug|x86.ActiveCfg = Debug|Any CPU
		{52EB7BC4-E605-4AF6-942F-235CF183808A}.Debug|x86.Build.0 = Debug|Any CPU
		{52EB7BC4-E605-4AF6-942F-235CF183808A}.Release|Any CPU.ActiveCfg = Release|Any CPU
		{52EB7BC4-E605-4AF6-942F-235CF183808A}.Release|Any CPU.Build.0 = Release|Any CPU
		{52EB7BC4-E605-4AF6-942F-235CF183808A}.Release|x86.ActiveCfg = Release|Any CPU
		{52EB7BC4-E605-4AF6-942F-235CF183808A}.Release|x86.Build.0 = Release|Any CPU
		{811522ED-FA2B-26E8-4CBD-F591F80A9BFB}.Debug|Any CPU.ActiveCfg = Debug|Any CPU
		{811522ED-FA2B-26E8-4CBD-F591F80A9BFB}.Debug|Any CPU.Build.0 = Debug|Any CPU
		{811522ED-FA2B-26E8-4CBD-F591F80A9BFB}.Debug|x86.ActiveCfg = Debug|Any CPU
		{811522ED-FA2B-26E8-4CBD-F591F80A9BFB}.Debug|x86.Build.0 = Debug|Any CPU
		{811522ED-FA2B-26E8-4CBD-F591F80A9BFB}.Release|Any CPU.ActiveCfg = Release|Any CPU
		{811522ED-FA2B-26E8-4CBD-F591F80A9BFB}.Release|Any CPU.Build.0 = Release|Any CPU
		{811522ED-FA2B-26E8-4CBD-F591F80A9BFB}.Release|x86.ActiveCfg = Release|Any CPU
		{811522ED-FA2B-26E8-4CBD-F591F80A9BFB}.Release|x86.Build.0 = Release|Any CPU
	EndGlobalSection
	GlobalSection(SolutionProperties) = preSolution
		HideSolutionNode = FALSE
	EndGlobalSection
	GlobalSection(NestedProjects) = preSolution
		{D1E4EDCA-946A-44B1-AA32-F315E0A9F13C} = {FFF13D92-32C0-4642-B3CE-6EBA1CAA316B}
		{EFD63249-9CBE-4CB4-90D2-E881341C3B96} = {FFF13D92-32C0-4642-B3CE-6EBA1CAA316B}
		{21FDABC5-4CAF-43DE-800A-1AE7B4CB7CBB} = {FFF13D92-32C0-4642-B3CE-6EBA1CAA316B}
		{3325415C-E4F0-4EE5-BF6A-C0BD9BF3276B} = {FFF13D92-32C0-4642-B3CE-6EBA1CAA316B}
		{307B2208-0488-440A-876B-5DCE4086E53B} = {FFF13D92-32C0-4642-B3CE-6EBA1CAA316B}
		{4489BE20-BBE8-4B33-A6C3-82B845521073} = {FFF13D92-32C0-4642-B3CE-6EBA1CAA316B}
		{03C0A225-5A83-4A65-B3AA-207E2932AEF8} = {FFF13D92-32C0-4642-B3CE-6EBA1CAA316B}
		{1C26FAC0-09AD-4D00-9FA6-6142B93542CF} = {FFF13D92-32C0-4642-B3CE-6EBA1CAA316B}
		{7430F460-F70F-4E5C-85F3-FEFD8E7EECBE} = {FFF13D92-32C0-4642-B3CE-6EBA1CAA316B}
		{56B64BCF-A26C-4AC3-86FE-7F8114B1B3D9} = {FFF13D92-32C0-4642-B3CE-6EBA1CAA316B}
		{C3CD5BAA-F8BF-462B-8533-E1A61C376FD7} = {FFF13D92-32C0-4642-B3CE-6EBA1CAA316B}
		{8241C060-F3A5-4BE4-85BF-05EC5C0B2640} = {1AFB7E62-572D-4A60-98AE-3AA9D6EC4D6C}
		{0746D560-498B-435B-B197-FAA7FF9BD0DA} = {FFF13D92-32C0-4642-B3CE-6EBA1CAA316B}
		{74C51F78-05DC-4FED-B012-40BA23E87B77} = {FFF13D92-32C0-4642-B3CE-6EBA1CAA316B}
		{C72BDD2D-2D24-41AF-B4FC-1D71060BDE58} = {FFF13D92-32C0-4642-B3CE-6EBA1CAA316B}
		{D0A726B3-FB25-4885-981E-4E741B35B843} = {FFF13D92-32C0-4642-B3CE-6EBA1CAA316B}
		{AE20EAF7-05AB-40E3-A238-33454E0CE715} = {FFF13D92-32C0-4642-B3CE-6EBA1CAA316B}
		{0C28E3AB-427E-45D5-B6B3-43D3378AF207} = {FFF13D92-32C0-4642-B3CE-6EBA1CAA316B}
		{09C9A140-71E4-430E-9E87-73C69E876912} = {FFF13D92-32C0-4642-B3CE-6EBA1CAA316B}
		{BE99028C-CC87-4EA8-8132-D4E7F9E56028} = {FFF13D92-32C0-4642-B3CE-6EBA1CAA316B}
		{0BEE295E-9A01-4A27-BEFF-CCB552C07CAE} = {9CC85573-44EF-4973-A088-216A4050406C}
		{009AB322-C97E-4781-B87F-A2A9CBE68EA7} = {FFF13D92-32C0-4642-B3CE-6EBA1CAA316B}
		{AB4CD9B0-7252-43EF-9EFB-34AD450DD74E} = {009AB322-C97E-4781-B87F-A2A9CBE68EA7}
		{8FA27405-01BD-4DA3-9461-DBB8FE16DEC7} = {009AB322-C97E-4781-B87F-A2A9CBE68EA7}
		{D6963B76-054B-4070-8BAD-DC9CC4C6F8D7} = {9CC85573-44EF-4973-A088-216A4050406C}
		{BEA06BCC-9EBB-43BC-BB37-FD4519D128D3} = {9CC85573-44EF-4973-A088-216A4050406C}
		{23F6D423-BC4F-4D05-A52A-67FA593234C8} = {FFF13D92-32C0-4642-B3CE-6EBA1CAA316B}
		{30FDD803-F95C-4F68-BE23-6538127E149D} = {FFF13D92-32C0-4642-B3CE-6EBA1CAA316B}
		{2332B409-B2E5-4A70-9F33-589F4BF7522F} = {FFF13D92-32C0-4642-B3CE-6EBA1CAA316B}
		{7CF14AE3-4B42-4488-A29E-E4B698752964} = {FFF13D92-32C0-4642-B3CE-6EBA1CAA316B}
		{F7E29145-114D-4520-B0AB-112ABBF72226} = {FFF13D92-32C0-4642-B3CE-6EBA1CAA316B}
		{6C64FE54-7833-4319-ACAD-E50A1CE638C2} = {FFF13D92-32C0-4642-B3CE-6EBA1CAA316B}
		{CE1C58EC-D9FC-4EFC-8B78-885B8BC103FC} = {FFF13D92-32C0-4642-B3CE-6EBA1CAA316B}
		{696EF322-2ED5-48A4-BC26-FE40897DD0D8} = {FFF13D92-32C0-4642-B3CE-6EBA1CAA316B}
		{8E64885E-19AD-4476-9094-1B5EF239CD43} = {FFF13D92-32C0-4642-B3CE-6EBA1CAA316B}
		{068260CC-54BB-4E8D-8538-09CEB2503C0E} = {FFF13D92-32C0-4642-B3CE-6EBA1CAA316B}
		{812BE209-57AC-45DB-9BFC-A4D64BFA29D8} = {FFF13D92-32C0-4642-B3CE-6EBA1CAA316B}
		{E52F9105-12EF-40A1-BD8A-F53BCB42FA36} = {FFF13D92-32C0-4642-B3CE-6EBA1CAA316B}
		{63042AAF-F178-4337-BB88-C3332E989B51} = {FFF13D92-32C0-4642-B3CE-6EBA1CAA316B}
		{DFE81D0F-EB19-4E60-A58D-4D21363C6B6A} = {FFF13D92-32C0-4642-B3CE-6EBA1CAA316B}
		{9CA961B9-D9D3-4C47-B99E-F496F86EA287} = {FFF13D92-32C0-4642-B3CE-6EBA1CAA316B}
		{4D08AE6B-07EE-4C0B-A6EB-6B7F3F292F41} = {9CC85573-44EF-4973-A088-216A4050406C}
		{8942B252-809E-4FE1-9284-A3FDD7A174EA} = {9CC85573-44EF-4973-A088-216A4050406C}
		{E51A575E-861A-4E5E-BF1A-528C9483122F} = {9CC85573-44EF-4973-A088-216A4050406C}
		{4393FB26-26D4-44E7-B74B-BBAEC9676CEA} = {D3576F71-4408-46EA-882F-CC59248FFFFA}
		{63751910-CAC1-4AD9-B7BB-28F5DAC7CF84} = {D3576F71-4408-46EA-882F-CC59248FFFFA}
		{BF0B317E-C293-4529-B2D5-57E3A92B5FDE} = {9CC85573-44EF-4973-A088-216A4050406C}
		{A129AF63-714D-49B5-899D-5500523BBA98} = {9CC85573-44EF-4973-A088-216A4050406C}
		{66EA66A8-E530-47E9-891F-BCA7A8203636} = {FFF13D92-32C0-4642-B3CE-6EBA1CAA316B}
		{B9F50753-945B-4D8A-B4A1-6EA4E899AFF4} = {FFF13D92-32C0-4642-B3CE-6EBA1CAA316B}
		{A45C88BE-ABE7-4761-9E0C-5125A5CD94FD} = {FFF13D92-32C0-4642-B3CE-6EBA1CAA316B}
		{EACBF511-16D0-4F07-9467-0664796CAF41} = {FFF13D92-32C0-4642-B3CE-6EBA1CAA316B}
		{03FA6E46-041F-42D2-B722-62C9885C2847} = {FFF13D92-32C0-4642-B3CE-6EBA1CAA316B}
		{29AA22E8-5744-47D3-8F0E-359D1ABB8CD3} = {FFF13D92-32C0-4642-B3CE-6EBA1CAA316B}
		{FA626696-B046-46AF-89D6-FEA795DD6E97} = {FFF13D92-32C0-4642-B3CE-6EBA1CAA316B}
		{DC26A5F5-5DA5-4388-88D7-4ABE72251150} = {FFF13D92-32C0-4642-B3CE-6EBA1CAA316B}
		{32070AAF-0ED0-4424-86BE-BBEA1D1B8C16} = {FFF13D92-32C0-4642-B3CE-6EBA1CAA316B}
		{5A441011-0F08-4535-85B6-36031C54CAE2} = {FFF13D92-32C0-4642-B3CE-6EBA1CAA316B}
		{AC95FA2E-5527-4EED-9A6E-05A5C958A40C} = {9CC85573-44EF-4973-A088-216A4050406C}
		{81C236B6-2854-4B14-9CDA-C8668035A364} = {FFF13D92-32C0-4642-B3CE-6EBA1CAA316B}
		{0E3E9758-C7E3-403C-BE23-C1EBB701E390} = {FFF13D92-32C0-4642-B3CE-6EBA1CAA316B}
		{AEF62042-AB26-419A-B72D-BFB321E7C88C} = {FFF13D92-32C0-4642-B3CE-6EBA1CAA316B}
		{04FC431E-B891-49A7-B044-BDEE8F4C1674} = {FFF13D92-32C0-4642-B3CE-6EBA1CAA316B}
		{29A54C68-9B9D-44BF-9DD0-8735ED380CA5} = {FFF13D92-32C0-4642-B3CE-6EBA1CAA316B}
		{76DCB01E-E92C-4691-8CDB-E928E1EC6001} = {9CC85573-44EF-4973-A088-216A4050406C}
		{451C42ED-FC7E-4F90-B4EC-41FC8AC4E39D} = {FFF13D92-32C0-4642-B3CE-6EBA1CAA316B}
		{37C73A07-3CF7-405B-9165-43D7EFBAB4A8} = {D3576F71-4408-46EA-882F-CC59248FFFFA}
		{25323A0B-CB76-468A-ABA9-E7F4AFE1022B} = {D3576F71-4408-46EA-882F-CC59248FFFFA}
		{2928E7EC-C1A7-4425-A1EA-6609F36C9CC4} = {FFF13D92-32C0-4642-B3CE-6EBA1CAA316B}
		{D1EF9537-76E2-4D18-84A1-FC304F42699A} = {6217A25A-C105-42AA-81F9-1B7AC435E262}
		{65A1E92B-5C81-4D83-ADE7-1C4AF0EF9963} = {FFF13D92-32C0-4642-B3CE-6EBA1CAA316B}
		{FD8A76F9-DC9F-41A5-98DD-849DFED3B233} = {FFF13D92-32C0-4642-B3CE-6EBA1CAA316B}
		{F4BA9F1B-1DC9-4D06-A545-4369C9A87D86} = {FFF13D92-32C0-4642-B3CE-6EBA1CAA316B}
		{94C6F339-D020-4FDB-B06B-A0F9116DE6A5} = {FFF13D92-32C0-4642-B3CE-6EBA1CAA316B}
		{DAF17CCA-DB03-4077-8192-AFCB6E733517} = {FFF13D92-32C0-4642-B3CE-6EBA1CAA316B}
		{EDFB2BDD-B430-4CB8-A17A-3E5830BE81CD} = {6217A25A-C105-42AA-81F9-1B7AC435E262}
		{69034ED6-8DBA-4570-8351-F208DE925636} = {FFF13D92-32C0-4642-B3CE-6EBA1CAA316B}
		{7A9F6A10-ED3A-44A7-94C7-CA069A36C133} = {FFF13D92-32C0-4642-B3CE-6EBA1CAA316B}
		{48838442-1A35-4CA7-A5CE-DF39EED4AB14} = {FFF13D92-32C0-4642-B3CE-6EBA1CAA316B}
		{45F7A95D-B5A9-4AF2-9B87-AB35E39313DA} = {FFF13D92-32C0-4642-B3CE-6EBA1CAA316B}
		{FF2ABB15-D150-4D6B-AEEE-12EB980E5415} = {FFF13D92-32C0-4642-B3CE-6EBA1CAA316B}
		{23F749CB-EBE2-4E50-8546-FDAE51E08D4F} = {FFF13D92-32C0-4642-B3CE-6EBA1CAA316B}
		{6E6DE40F-1A6E-431D-85DB-8D143612D45B} = {FFF13D92-32C0-4642-B3CE-6EBA1CAA316B}
		{BF6C161C-92EA-46E5-A06D-2E1BD8C66C83} = {9CC85573-44EF-4973-A088-216A4050406C}
		{1C0B7485-42AE-46C1-AD5B-F1F3FC2D9C2A} = {FFF13D92-32C0-4642-B3CE-6EBA1CAA316B}
		{3A8289C6-FAF4-4DE3-8F28-9CC1DE1BB6A1} = {FFF13D92-32C0-4642-B3CE-6EBA1CAA316B}
		{089454D4-F3F4-45CB-B61A-C3FDD47302FE} = {FFF13D92-32C0-4642-B3CE-6EBA1CAA316B}
		{E144D815-9B57-4554-9BC2-10557D382982} = {FFF13D92-32C0-4642-B3CE-6EBA1CAA316B}
		{7A57EC4C-6411-4D24-910B-6E25F77A043E} = {FFF13D92-32C0-4642-B3CE-6EBA1CAA316B}
		{C4E18F90-EDA2-4A6B-AA07-2F9A40FFC27F} = {FFF13D92-32C0-4642-B3CE-6EBA1CAA316B}
		{2BCBA11F-11CF-410C-810C-B651C33F7DB1} = {FFF13D92-32C0-4642-B3CE-6EBA1CAA316B}
		{52EB7BC4-E605-4AF6-942F-235CF183808A} = {FFF13D92-32C0-4642-B3CE-6EBA1CAA316B}
	EndGlobalSection
	GlobalSection(ExtensibilityGlobals) = postSolution
		SolutionGuid = {9ECA8C7D-16CD-494F-AEDA-94980EA4BD48}
	EndGlobalSection
EndGlobal
