
Microsoft Visual Studio Solution File, Format Version 12.00
# Visual Studio Version 17
VisualStudioVersion = 17.10.35201.131
MinimumVisualStudioVersion = 10.0.40219.1
Project("{778DAE3C-4631-46EA-AA77-85C1314464D9}") = "AgronicaCoreUtilityStd", "AgronicaCoreUtilityStd\AgronicaCoreUtilityStd.vbproj", "{F3A72FD4-E43A-4090-B4B5-691C9B5F45E8}"
EndProject
Project("{778DAE3C-4631-46EA-AA77-85C1314464D9}") = "AgronicaCoreDataProviderSTD", "AgronicaCoreDataProviderSTD\AgronicaCoreDataProviderSTD.vbproj", "{3CF53D0B-24C5-4810-AB55-1850745AD899}"
EndProject
Project("{778DAE3C-4631-46EA-AA77-85C1314464D9}") = "AgronicaControlli_2010STD", "AgronicaControlli_2010STD\AgronicaControlli_2010STD.vbproj", "{8014D025-2393-416D-BD0D-EFCA389C804A}"
EndProject
Project("{778DAE3C-4631-46EA-AA77-85C1314464D9}") = "AgronicaCoreVarieBizSTD", "AgronicaCoreVarieBizSTD\AgronicaCoreVarieBizSTD.vbproj", "{5B6109BB-3E9C-4D15-A55D-0FCAED78087E}"
EndProject
Project("{778DAE3C-4631-46EA-AA77-85C1314464D9}") = "AgronicaCoreWebServiceSTD", "AgronicaCoreWebServiceSTD\AgronicaCoreWebServiceSTD.vbproj", "{9F5D8C11-9C60-4DFE-BF2A-63FF3EFD93A1}"
EndProject
Project("{9A19103F-16F7-4668-BE54-9A1E7A4F7556}") = "AgronicaCoreEntityFrameworkSTD_POCO", "AgronicaCoreEntityFrameworkSTD_POCO\AgronicaCoreEntityFrameworkSTD_POCO.csproj", "{8644683F-ABDD-48B9-80AE-43ECF4813F3F}"
EndProject
Project("{9A19103F-16F7-4668-BE54-9A1E7A4F7556}") = "AgronicaCoreEntityFrameworkSTD_Migra", "AgronicaCoreEntityFrameworkSTD_Migra\AgronicaCoreEntityFrameworkSTD_Migra.csproj", "{A4134E0E-082C-4DF0-A625-846218F984A2}"
EndProject
Project("{9A19103F-16F7-4668-BE54-9A1E7A4F7556}") = "AgronicaCoreEntityFrameworkSTD", "AgronicaCoreEntityFrameworkSTD\AgronicaCoreEntityFrameworkSTD.csproj", "{D6AD3E56-A194-4009-B2D7-3508E1D91596}"
EndProject
Project("{778DAE3C-4631-46EA-AA77-85C1314464D9}") = "AgronicaCoreAnagrafeStdBIZ", "AgronicaCoreAnagrafeStdBIZ\AgronicaCoreAnagrafeStdBIZ.vbproj", "{6A3EF857-1468-4418-B0CB-9AACD2451A13}"
EndProject
Project("{778DAE3C-4631-46EA-AA77-85C1314464D9}") = "AgronicaCoreAnagrafeStdDAL", "AgronicaCoreAnagrafeStdDAL\AgronicaCoreAnagrafeStdDAL.vbproj", "{E83BD3E2-327B-45C8-8552-8E6DBE6D5C60}"
EndProject
Project("{778DAE3C-4631-46EA-AA77-85C1314464D9}") = "AgronicaCoreContabStdBIZ", "AgronicaCoreContabStdBIZ\AgronicaCoreContabStdBIZ.vbproj", "{9CC60A77-957F-4D24-89FB-8014D93ECF9D}"
EndProject
Project("{778DAE3C-4631-46EA-AA77-85C1314464D9}") = "AgronicaCoreContabStdDAL", "AgronicaCoreContabStdDAL\AgronicaCoreContabStdDAL.vbproj", "{85FF665B-8DAC-46C7-B207-69455A9E1CEA}"
EndProject
Project("{778DAE3C-4631-46EA-AA77-85C1314464D9}") = "AgronicaCoreModelloSTD", "AgronicaCoreModelloSTD\AgronicaCoreModelloSTD.vbproj", "{E86C142A-D804-41FF-970E-C87B1585AED7}"
EndProject
Project("{778DAE3C-4631-46EA-AA77-85C1314464D9}") = "AgronicaCoreVarieStdDAL", "AgronicaCoreVarieStdDAL\AgronicaCoreVarieStdDAL.vbproj", "{5064B1BE-9D94-4EE4-9C74-99EFFC59E470}"
EndProject
Project("{9A19103F-16F7-4668-BE54-9A1E7A4F7556}") = "AgronicaCoreAPI", "AgronicaCoreAPI\AgronicaCoreAPI.csproj", "{D2EE98E1-40D5-4EA4-B7A4-261D6AC196CF}"
EndProject
Project("{9A19103F-16F7-4668-BE54-9A1E7A4F7556}") = "AgronicaCoreModelsSTD", "AgronicaCoreModelsSTD\AgronicaCoreModelsSTD.csproj", "{EEC62FCF-07D4-4297-AAF0-ACABCBCF3EC2}"
EndProject
Project("{9A19103F-16F7-4668-BE54-9A1E7A4F7556}") = "AgronicaCoreDTOStd", "AgronicaCoreDTOStd\AgronicaCoreDTOStd.csproj", "{19EA14A4-669C-47C4-9232-C562006259B2}"
EndProject
Project("{9A19103F-16F7-4668-BE54-9A1E7A4F7556}") = "AgronicaCoreVisibilitaStd", "AgronicaCoreVisibilitaStd\AgronicaCoreVisibilitaStd.csproj", "{9B550C56-AFD0-4979-B144-A7D7CF8731E0}"
EndProject
Project("{9A19103F-16F7-4668-BE54-9A1E7A4F7556}") = "ProfitosanApi", "ProfitosanApi\ProfitosanApi.csproj", "{D79E45CC-C854-4545-AD24-F6AECAD3C991}"
EndProject
Project("{9A19103F-16F7-4668-BE54-9A1E7A4F7556}") = "ProfitosanApi.BusinessLayer", "ProfitosanApi.BusinessLayer\ProfitosanApi.BusinessLayer.csproj", "{19D69481-7645-4DBA-ACCD-3C509C9596DF}"
EndProject
Project("{9A19103F-16F7-4668-BE54-9A1E7A4F7556}") = "ProfitosanApi.Authentication", "ProfitosanApi.Authentication\ProfitosanApi.Authentication.csproj", "{6B553412-E4CC-49A5-9B16-492E8243440C}"
EndProject
Project("{9A19103F-16F7-4668-BE54-9A1E7A4F7556}") = "UtentiProfitosan.DAL", "UtentiProfitosan.DAL\UtentiProfitosan.DAL.csproj", "{B9FA9430-C586-42DA-8E09-8012F322EDBA}"
EndProject
Project("{2150E333-8FDC-42A3-9474-1A3956D46DE8}") = "Core STD", "Core STD", "{47108908-47BA-4640-A2D6-8ABFFCE3BFA7}"
EndProject
Project("{2150E333-8FDC-42A3-9474-1A3956D46DE8}") = "Core Profitosan", "Core Profitosan", "{CFF7347C-04CB-4C03-AED7-59A7B5D16121}"
EndProject
Project("{9A19103F-16F7-4668-BE54-9A1E7A4F7556}") = "ProfitosanApi.DataModel", "ProfitosanApi.DataModel\ProfitosanApi.DataModel.csproj", "{03FC5A37-A9F4-4FDC-A452-71D6197643B9}"
EndProject
Project("{2150E333-8FDC-42A3-9474-1A3956D46DE8}") = "Core API", "Core API", "{6A644AC0-652E-49B7-A1D4-E7935E40C8D1}"
EndProject
Project("{9A19103F-16F7-4668-BE54-9A1E7A4F7556}") = "CoreApi.BusinessLayer", "CoreApi.BusinessLayer\CoreApi.BusinessLayer.csproj", "{82FB4EE8-E555-4279-8A14-74A0323554B5}"
EndProject
Project("{9A19103F-16F7-4668-BE54-9A1E7A4F7556}") = "FileManagerApi", "FileManagerApi\FileManagerApi.csproj", "{9DC4AC64-DCF5-4DD0-A6CD-3158A394EBB3}"
EndProject
Project("{2150E333-8FDC-42A3-9474-1A3956D46DE8}") = "Core FileManager", "Core FileManager", "{ABEA8041-3EE3-4095-8050-47103771D06E}"
EndProject
Project("{9A19103F-16F7-4668-BE54-9A1E7A4F7556}") = "FileManagerApi.BusinessLayer", "FileManagerApi.BusinessLayer\FileManagerApi.BusinessLayer.csproj", "{BEF6A266-C634-447D-A446-8D7177214C01}"
EndProject
Project("{9A19103F-16F7-4668-BE54-9A1E7A4F7556}") = "FileManagerApi.DataModel", "FileManagerApi.DataModel\FileManagerApi.DataModel.csproj", "{A50493D0-4246-40E2-A571-01E9E83259AB}"
EndProject
Project("{9A19103F-16F7-4668-BE54-9A1E7A4F7556}") = "FileManagerApi.DBContext", "FileManager.DBContext\FileManagerApi.DBContext.csproj", "{B6296001-D567-497C-87AB-32E661893B5E}"
EndProject
Project("{2150E333-8FDC-42A3-9474-1A3956D46DE8}") = "Core_NET", "Core_NET", "{C5DED0E2-2FA3-4AA6-BF8D-776926ABD455}"
EndProject
Project("{9A19103F-16F7-4668-BE54-9A1E7A4F7556}") = "AgronicaDataProvider6", "..\AgronicaNetCore\AgronicaDataProvider6\AgronicaDataProvider6.csproj", "{1527B0BB-14B7-43B3-A48C-A318487DF1DA}"
EndProject
Project("{9A19103F-16F7-4668-BE54-9A1E7A4F7556}") = "AgronicaNetCore.SuperServer.DAL", "..\AgronicaNetCore\AgronicaNetCore.SuperServer.DAL\AgronicaNetCore.SuperServer.DAL.csproj", "{450ACC2F-3772-4F24-8BBE-2F635C1BCE76}"
EndProject
Project("{9A19103F-16F7-4668-BE54-9A1E7A4F7556}") = "AgronicaNetCore.SuperServer.BIZ", "..\AgronicaNetCore\AgronicaNetCore.SuperServer.BIZ\AgronicaNetCore.SuperServer.BIZ.csproj", "{ED95BD30-569E-427F-9E2B-380324D2E697}"
EndProject
Project("{9A19103F-16F7-4668-BE54-9A1E7A4F7556}") = "AgronicaNetCore.Base", "..\AgronicaNetCore\AgronicaNetCore.Base\AgronicaNetCore.Base.csproj", "{F9D6B7B5-759C-4BDE-A37B-7643A2B7F61A}"
EndProject
Project("{9A19103F-16F7-4668-BE54-9A1E7A4F7556}") = "AgronicaNetCore.Operazione.BIZ", "..\AgronicaNetCore\AgronicaNetCore.Operazione.BIZ\AgronicaNetCore.Operazione.BIZ.csproj", "{3756DF90-6ADB-46C7-8B88-3F49CC754676}"
EndProject
Project("{9A19103F-16F7-4668-BE54-9A1E7A4F7556}") = "AgronicaNetCore.Operazione.DAL", "..\AgronicaNetCore\AgronicaNetCore.Operazione.DAL\AgronicaNetCore.Operazione.DAL.csproj", "{D358474B-ACBD-4BF0-928B-37E6617B453F}"
EndProject
Project("{FAE04EC0-301F-11D3-BF4B-00C04F79EFBC}") = "AgronicaNetCore.UtilityDB.DAL", "..\AgronicaNetCore\AgronicaNetCore.UtilityDB.DAL\AgronicaNetCore.UtilityDB.DAL.csproj", "{B9B09F0C-64D7-48F5-9004-7AAC39F84BA1}"
EndProject
Project("{FAE04EC0-301F-11D3-BF4B-00C04F79EFBC}") = "AgronicaNetCore.Utenti.DAL", "..\AgronicaNetCore\AgronicaNetCore.Utenti.DAL\AgronicaNetCore.Utenti.DAL.csproj", "{DD854F07-1CE4-427C-AD61-3C7D482CF399}"
EndProject
Project("{FAE04EC0-301F-11D3-BF4B-00C04F79EFBC}") = "AgronicaNetCore.Anagrafe.DAL", "..\AgronicaNetCore\AgronicaNetCore.Anagrafe.DAL\AgronicaNetCore.Anagrafe.DAL.csproj", "{EA6623F1-8B8A-4529-BF28-5C7385BE2348}"
EndProject
Project("{FAE04EC0-301F-11D3-BF4B-00C04F79EFBC}") = "AgronicaNetCore.Logging.DAL", "..\AgronicaNetCore\AgronicaNetCore.Logging.DAL\AgronicaNetCore.Logging.DAL.csproj", "{96E722E4-7E12-428D-9ACB-33D0B8F08271}"
EndProject
Project("{FAE04EC0-301F-11D3-BF4B-00C04F79EFBC}") = "AgronicaNetCore.MetaSchema.DAL", "..\AgronicaNetCore\AgronicaNetCore.MetaSchema.DAL\AgronicaNetCore.MetaSchema.DAL.csproj", "{64796E5E-0F35-4063-B66F-31C62F06FC9D}"
EndProject
Project("{FAE04EC0-301F-11D3-BF4B-00C04F79EFBC}") = "AgronicaNetCore.Utility.BIZ", "..\AgronicaNetCore\AgronicaNetCore.Utility.BIZ\AgronicaNetCore.Utility.BIZ.csproj", "{5512CDF8-8FFF-456D-8FCA-4779F08A5889}"
EndProject
Project("{FAE04EC0-301F-11D3-BF4B-00C04F79EFBC}") = "AgronicaNetCore.Zoo.DAL", "..\AgronicaNetCore\AgronicaNetCore.Zoo.DAL\AgronicaNetCore.Zoo.DAL.csproj", "{00DBE877-2FEF-4B1E-BE7C-6F11D12CFD8D}"
EndProject
Project("{FAE04EC0-301F-11D3-BF4B-00C04F79EFBC}") = "AgronicaNetCore.Gis.Shared", "..\AgronicaNetCore\AgronicaNetCore.Gis.Shared\AgronicaNetCore.Gis.Shared.csproj", "{5BFE561C-D840-CA83-4BE2-7B90B768DC19}"
EndProject
Project("{FAE04EC0-301F-11D3-BF4B-00C04F79EFBC}") = "AgronicaNetCore.Utenti.BIZ", "..\AgronicaNetCore\AgronicaNetCore.Utenti.BIZ\AgronicaNetCore.Utenti.BIZ.csproj", "{B3FE60C1-1ED7-E4C3-B213-A306AAC16815}"
EndProject
Project("{FAE04EC0-301F-11D3-BF4B-00C04F79EFBC}") = "AgronicaNetCore.Logging.BIZ", "..\AgronicaNetCore\AgronicaNetCore.Logging.BIZ\AgronicaNetCore.Logging.BIZ.csproj", "{6F3B83D2-0958-B61F-DEC0-E0EC40684FAA}"
EndProject
Global
	GlobalSection(SolutionConfigurationPlatforms) = preSolution
		Debug|Any CPU = Debug|Any CPU
		Debug|x86 = Debug|x86
		Release|Any CPU = Release|Any CPU
		Release|x86 = Release|x86
	EndGlobalSection
	GlobalSection(ProjectConfigurationPlatforms) = postSolution
		{F3A72FD4-E43A-4090-B4B5-691C9B5F45E8}.Debug|Any CPU.ActiveCfg = Debug|Any CPU
		{F3A72FD4-E43A-4090-B4B5-691C9B5F45E8}.Debug|Any CPU.Build.0 = Debug|Any CPU
		{F3A72FD4-E43A-4090-B4B5-691C9B5F45E8}.Debug|x86.ActiveCfg = Debug|Any CPU
		{F3A72FD4-E43A-4090-B4B5-691C9B5F45E8}.Debug|x86.Build.0 = Debug|Any CPU
		{F3A72FD4-E43A-4090-B4B5-691C9B5F45E8}.Release|Any CPU.ActiveCfg = Release|Any CPU
		{F3A72FD4-E43A-4090-B4B5-691C9B5F45E8}.Release|Any CPU.Build.0 = Release|Any CPU
		{F3A72FD4-E43A-4090-B4B5-691C9B5F45E8}.Release|x86.ActiveCfg = Release|Any CPU
		{F3A72FD4-E43A-4090-B4B5-691C9B5F45E8}.Release|x86.Build.0 = Release|Any CPU
		{3CF53D0B-24C5-4810-AB55-1850745AD899}.Debug|Any CPU.ActiveCfg = Debug|Any CPU
		{3CF53D0B-24C5-4810-AB55-1850745AD899}.Debug|Any CPU.Build.0 = Debug|Any CPU
		{3CF53D0B-24C5-4810-AB55-1850745AD899}.Debug|x86.ActiveCfg = Debug|Any CPU
		{3CF53D0B-24C5-4810-AB55-1850745AD899}.Debug|x86.Build.0 = Debug|Any CPU
		{3CF53D0B-24C5-4810-AB55-1850745AD899}.Release|Any CPU.ActiveCfg = Release|Any CPU
		{3CF53D0B-24C5-4810-AB55-1850745AD899}.Release|Any CPU.Build.0 = Release|Any CPU
		{3CF53D0B-24C5-4810-AB55-1850745AD899}.Release|x86.ActiveCfg = Release|Any CPU
		{3CF53D0B-24C5-4810-AB55-1850745AD899}.Release|x86.Build.0 = Release|Any CPU
		{8014D025-2393-416D-BD0D-EFCA389C804A}.Debug|Any CPU.ActiveCfg = Debug|Any CPU
		{8014D025-2393-416D-BD0D-EFCA389C804A}.Debug|Any CPU.Build.0 = Debug|Any CPU
		{8014D025-2393-416D-BD0D-EFCA389C804A}.Debug|x86.ActiveCfg = Debug|Any CPU
		{8014D025-2393-416D-BD0D-EFCA389C804A}.Debug|x86.Build.0 = Debug|Any CPU
		{8014D025-2393-416D-BD0D-EFCA389C804A}.Release|Any CPU.ActiveCfg = Release|Any CPU
		{8014D025-2393-416D-BD0D-EFCA389C804A}.Release|Any CPU.Build.0 = Release|Any CPU
		{8014D025-2393-416D-BD0D-EFCA389C804A}.Release|x86.ActiveCfg = Release|Any CPU
		{8014D025-2393-416D-BD0D-EFCA389C804A}.Release|x86.Build.0 = Release|Any CPU
		{5B6109BB-3E9C-4D15-A55D-0FCAED78087E}.Debug|Any CPU.ActiveCfg = Debug|Any CPU
		{5B6109BB-3E9C-4D15-A55D-0FCAED78087E}.Debug|Any CPU.Build.0 = Debug|Any CPU
		{5B6109BB-3E9C-4D15-A55D-0FCAED78087E}.Debug|x86.ActiveCfg = Debug|Any CPU
		{5B6109BB-3E9C-4D15-A55D-0FCAED78087E}.Debug|x86.Build.0 = Debug|Any CPU
		{5B6109BB-3E9C-4D15-A55D-0FCAED78087E}.Release|Any CPU.ActiveCfg = Release|Any CPU
		{5B6109BB-3E9C-4D15-A55D-0FCAED78087E}.Release|Any CPU.Build.0 = Release|Any CPU
		{5B6109BB-3E9C-4D15-A55D-0FCAED78087E}.Release|x86.ActiveCfg = Release|Any CPU
		{5B6109BB-3E9C-4D15-A55D-0FCAED78087E}.Release|x86.Build.0 = Release|Any CPU
		{9F5D8C11-9C60-4DFE-BF2A-63FF3EFD93A1}.Debug|Any CPU.ActiveCfg = Debug|Any CPU
		{9F5D8C11-9C60-4DFE-BF2A-63FF3EFD93A1}.Debug|Any CPU.Build.0 = Debug|Any CPU
		{9F5D8C11-9C60-4DFE-BF2A-63FF3EFD93A1}.Debug|x86.ActiveCfg = Debug|Any CPU
		{9F5D8C11-9C60-4DFE-BF2A-63FF3EFD93A1}.Debug|x86.Build.0 = Debug|Any CPU
		{9F5D8C11-9C60-4DFE-BF2A-63FF3EFD93A1}.Release|Any CPU.ActiveCfg = Release|Any CPU
		{9F5D8C11-9C60-4DFE-BF2A-63FF3EFD93A1}.Release|Any CPU.Build.0 = Release|Any CPU
		{9F5D8C11-9C60-4DFE-BF2A-63FF3EFD93A1}.Release|x86.ActiveCfg = Release|Any CPU
		{9F5D8C11-9C60-4DFE-BF2A-63FF3EFD93A1}.Release|x86.Build.0 = Release|Any CPU
		{8644683F-ABDD-48B9-80AE-43ECF4813F3F}.Debug|Any CPU.ActiveCfg = Debug|Any CPU
		{8644683F-ABDD-48B9-80AE-43ECF4813F3F}.Debug|Any CPU.Build.0 = Debug|Any CPU
		{8644683F-ABDD-48B9-80AE-43ECF4813F3F}.Debug|x86.ActiveCfg = Debug|Any CPU
		{8644683F-ABDD-48B9-80AE-43ECF4813F3F}.Debug|x86.Build.0 = Debug|Any CPU
		{8644683F-ABDD-48B9-80AE-43ECF4813F3F}.Release|Any CPU.ActiveCfg = Release|Any CPU
		{8644683F-ABDD-48B9-80AE-43ECF4813F3F}.Release|Any CPU.Build.0 = Release|Any CPU
		{8644683F-ABDD-48B9-80AE-43ECF4813F3F}.Release|x86.ActiveCfg = Release|Any CPU
		{8644683F-ABDD-48B9-80AE-43ECF4813F3F}.Release|x86.Build.0 = Release|Any CPU
		{A4134E0E-082C-4DF0-A625-846218F984A2}.Debug|Any CPU.ActiveCfg = Debug|Any CPU
		{A4134E0E-082C-4DF0-A625-846218F984A2}.Debug|Any CPU.Build.0 = Debug|Any CPU
		{A4134E0E-082C-4DF0-A625-846218F984A2}.Debug|x86.ActiveCfg = Debug|Any CPU
		{A4134E0E-082C-4DF0-A625-846218F984A2}.Debug|x86.Build.0 = Debug|Any CPU
		{A4134E0E-082C-4DF0-A625-846218F984A2}.Release|Any CPU.ActiveCfg = Release|Any CPU
		{A4134E0E-082C-4DF0-A625-846218F984A2}.Release|Any CPU.Build.0 = Release|Any CPU
		{A4134E0E-082C-4DF0-A625-846218F984A2}.Release|x86.ActiveCfg = Release|Any CPU
		{A4134E0E-082C-4DF0-A625-846218F984A2}.Release|x86.Build.0 = Release|Any CPU
		{D6AD3E56-A194-4009-B2D7-3508E1D91596}.Debug|Any CPU.ActiveCfg = Debug|Any CPU
		{D6AD3E56-A194-4009-B2D7-3508E1D91596}.Debug|Any CPU.Build.0 = Debug|Any CPU
		{D6AD3E56-A194-4009-B2D7-3508E1D91596}.Debug|x86.ActiveCfg = Debug|Any CPU
		{D6AD3E56-A194-4009-B2D7-3508E1D91596}.Debug|x86.Build.0 = Debug|Any CPU
		{D6AD3E56-A194-4009-B2D7-3508E1D91596}.Release|Any CPU.ActiveCfg = Release|Any CPU
		{D6AD3E56-A194-4009-B2D7-3508E1D91596}.Release|Any CPU.Build.0 = Release|Any CPU
		{D6AD3E56-A194-4009-B2D7-3508E1D91596}.Release|x86.ActiveCfg = Release|Any CPU
		{D6AD3E56-A194-4009-B2D7-3508E1D91596}.Release|x86.Build.0 = Release|Any CPU
		{6A3EF857-1468-4418-B0CB-9AACD2451A13}.Debug|Any CPU.ActiveCfg = Debug|Any CPU
		{6A3EF857-1468-4418-B0CB-9AACD2451A13}.Debug|Any CPU.Build.0 = Debug|Any CPU
		{6A3EF857-1468-4418-B0CB-9AACD2451A13}.Debug|x86.ActiveCfg = Debug|Any CPU
		{6A3EF857-1468-4418-B0CB-9AACD2451A13}.Debug|x86.Build.0 = Debug|Any CPU
		{6A3EF857-1468-4418-B0CB-9AACD2451A13}.Release|Any CPU.ActiveCfg = Release|Any CPU
		{6A3EF857-1468-4418-B0CB-9AACD2451A13}.Release|Any CPU.Build.0 = Release|Any CPU
		{6A3EF857-1468-4418-B0CB-9AACD2451A13}.Release|x86.ActiveCfg = Release|Any CPU
		{6A3EF857-1468-4418-B0CB-9AACD2451A13}.Release|x86.Build.0 = Release|Any CPU
		{E83BD3E2-327B-45C8-8552-8E6DBE6D5C60}.Debug|Any CPU.ActiveCfg = Debug|Any CPU
		{E83BD3E2-327B-45C8-8552-8E6DBE6D5C60}.Debug|Any CPU.Build.0 = Debug|Any CPU
		{E83BD3E2-327B-45C8-8552-8E6DBE6D5C60}.Debug|x86.ActiveCfg = Debug|Any CPU
		{E83BD3E2-327B-45C8-8552-8E6DBE6D5C60}.Debug|x86.Build.0 = Debug|Any CPU
		{E83BD3E2-327B-45C8-8552-8E6DBE6D5C60}.Release|Any CPU.ActiveCfg = Release|Any CPU
		{E83BD3E2-327B-45C8-8552-8E6DBE6D5C60}.Release|Any CPU.Build.0 = Release|Any CPU
		{E83BD3E2-327B-45C8-8552-8E6DBE6D5C60}.Release|x86.ActiveCfg = Release|Any CPU
		{E83BD3E2-327B-45C8-8552-8E6DBE6D5C60}.Release|x86.Build.0 = Release|Any CPU
		{9CC60A77-957F-4D24-89FB-8014D93ECF9D}.Debug|Any CPU.ActiveCfg = Debug|Any CPU
		{9CC60A77-957F-4D24-89FB-8014D93ECF9D}.Debug|Any CPU.Build.0 = Debug|Any CPU
		{9CC60A77-957F-4D24-89FB-8014D93ECF9D}.Debug|x86.ActiveCfg = Debug|Any CPU
		{9CC60A77-957F-4D24-89FB-8014D93ECF9D}.Debug|x86.Build.0 = Debug|Any CPU
		{9CC60A77-957F-4D24-89FB-8014D93ECF9D}.Release|Any CPU.ActiveCfg = Release|Any CPU
		{9CC60A77-957F-4D24-89FB-8014D93ECF9D}.Release|Any CPU.Build.0 = Release|Any CPU
		{9CC60A77-957F-4D24-89FB-8014D93ECF9D}.Release|x86.ActiveCfg = Release|Any CPU
		{9CC60A77-957F-4D24-89FB-8014D93ECF9D}.Release|x86.Build.0 = Release|Any CPU
		{85FF665B-8DAC-46C7-B207-69455A9E1CEA}.Debug|Any CPU.ActiveCfg = Debug|Any CPU
		{85FF665B-8DAC-46C7-B207-69455A9E1CEA}.Debug|Any CPU.Build.0 = Debug|Any CPU
		{85FF665B-8DAC-46C7-B207-69455A9E1CEA}.Debug|x86.ActiveCfg = Debug|Any CPU
		{85FF665B-8DAC-46C7-B207-69455A9E1CEA}.Debug|x86.Build.0 = Debug|Any CPU
		{85FF665B-8DAC-46C7-B207-69455A9E1CEA}.Release|Any CPU.ActiveCfg = Release|Any CPU
		{85FF665B-8DAC-46C7-B207-69455A9E1CEA}.Release|Any CPU.Build.0 = Release|Any CPU
		{85FF665B-8DAC-46C7-B207-69455A9E1CEA}.Release|x86.ActiveCfg = Release|Any CPU
		{85FF665B-8DAC-46C7-B207-69455A9E1CEA}.Release|x86.Build.0 = Release|Any CPU
		{E86C142A-D804-41FF-970E-C87B1585AED7}.Debug|Any CPU.ActiveCfg = Debug|Any CPU
		{E86C142A-D804-41FF-970E-C87B1585AED7}.Debug|Any CPU.Build.0 = Debug|Any CPU
		{E86C142A-D804-41FF-970E-C87B1585AED7}.Debug|x86.ActiveCfg = Debug|Any CPU
		{E86C142A-D804-41FF-970E-C87B1585AED7}.Debug|x86.Build.0 = Debug|Any CPU
		{E86C142A-D804-41FF-970E-C87B1585AED7}.Release|Any CPU.ActiveCfg = Release|Any CPU
		{E86C142A-D804-41FF-970E-C87B1585AED7}.Release|Any CPU.Build.0 = Release|Any CPU
		{E86C142A-D804-41FF-970E-C87B1585AED7}.Release|x86.ActiveCfg = Release|Any CPU
		{E86C142A-D804-41FF-970E-C87B1585AED7}.Release|x86.Build.0 = Release|Any CPU
		{5064B1BE-9D94-4EE4-9C74-99EFFC59E470}.Debug|Any CPU.ActiveCfg = Debug|Any CPU
		{5064B1BE-9D94-4EE4-9C74-99EFFC59E470}.Debug|Any CPU.Build.0 = Debug|Any CPU
		{5064B1BE-9D94-4EE4-9C74-99EFFC59E470}.Debug|x86.ActiveCfg = Debug|Any CPU
		{5064B1BE-9D94-4EE4-9C74-99EFFC59E470}.Debug|x86.Build.0 = Debug|Any CPU
		{5064B1BE-9D94-4EE4-9C74-99EFFC59E470}.Release|Any CPU.ActiveCfg = Release|Any CPU
		{5064B1BE-9D94-4EE4-9C74-99EFFC59E470}.Release|Any CPU.Build.0 = Release|Any CPU
		{5064B1BE-9D94-4EE4-9C74-99EFFC59E470}.Release|x86.ActiveCfg = Release|Any CPU
		{5064B1BE-9D94-4EE4-9C74-99EFFC59E470}.Release|x86.Build.0 = Release|Any CPU
		{D2EE98E1-40D5-4EA4-B7A4-261D6AC196CF}.Debug|Any CPU.ActiveCfg = Debug|Any CPU
		{D2EE98E1-40D5-4EA4-B7A4-261D6AC196CF}.Debug|Any CPU.Build.0 = Debug|Any CPU
		{D2EE98E1-40D5-4EA4-B7A4-261D6AC196CF}.Debug|x86.ActiveCfg = Debug|Any CPU
		{D2EE98E1-40D5-4EA4-B7A4-261D6AC196CF}.Debug|x86.Build.0 = Debug|Any CPU
		{D2EE98E1-40D5-4EA4-B7A4-261D6AC196CF}.Release|Any CPU.ActiveCfg = Release|Any CPU
		{D2EE98E1-40D5-4EA4-B7A4-261D6AC196CF}.Release|Any CPU.Build.0 = Release|Any CPU
		{D2EE98E1-40D5-4EA4-B7A4-261D6AC196CF}.Release|x86.ActiveCfg = Release|Any CPU
		{D2EE98E1-40D5-4EA4-B7A4-261D6AC196CF}.Release|x86.Build.0 = Release|Any CPU
		{EEC62FCF-07D4-4297-AAF0-ACABCBCF3EC2}.Debug|Any CPU.ActiveCfg = Debug|Any CPU
		{EEC62FCF-07D4-4297-AAF0-ACABCBCF3EC2}.Debug|Any CPU.Build.0 = Debug|Any CPU
		{EEC62FCF-07D4-4297-AAF0-ACABCBCF3EC2}.Debug|x86.ActiveCfg = Debug|Any CPU
		{EEC62FCF-07D4-4297-AAF0-ACABCBCF3EC2}.Debug|x86.Build.0 = Debug|Any CPU
		{EEC62FCF-07D4-4297-AAF0-ACABCBCF3EC2}.Release|Any CPU.ActiveCfg = Release|Any CPU
		{EEC62FCF-07D4-4297-AAF0-ACABCBCF3EC2}.Release|Any CPU.Build.0 = Release|Any CPU
		{EEC62FCF-07D4-4297-AAF0-ACABCBCF3EC2}.Release|x86.ActiveCfg = Release|Any CPU
		{EEC62FCF-07D4-4297-AAF0-ACABCBCF3EC2}.Release|x86.Build.0 = Release|Any CPU
		{19EA14A4-669C-47C4-9232-C562006259B2}.Debug|Any CPU.ActiveCfg = Debug|Any CPU
		{19EA14A4-669C-47C4-9232-C562006259B2}.Debug|Any CPU.Build.0 = Debug|Any CPU
		{19EA14A4-669C-47C4-9232-C562006259B2}.Debug|x86.ActiveCfg = Debug|Any CPU
		{19EA14A4-669C-47C4-9232-C562006259B2}.Debug|x86.Build.0 = Debug|Any CPU
		{19EA14A4-669C-47C4-9232-C562006259B2}.Release|Any CPU.ActiveCfg = Release|Any CPU
		{19EA14A4-669C-47C4-9232-C562006259B2}.Release|Any CPU.Build.0 = Release|Any CPU
		{19EA14A4-669C-47C4-9232-C562006259B2}.Release|x86.ActiveCfg = Release|Any CPU
		{19EA14A4-669C-47C4-9232-C562006259B2}.Release|x86.Build.0 = Release|Any CPU
		{9B550C56-AFD0-4979-B144-A7D7CF8731E0}.Debug|Any CPU.ActiveCfg = Debug|Any CPU
		{9B550C56-AFD0-4979-B144-A7D7CF8731E0}.Debug|Any CPU.Build.0 = Debug|Any CPU
		{9B550C56-AFD0-4979-B144-A7D7CF8731E0}.Debug|x86.ActiveCfg = Debug|Any CPU
		{9B550C56-AFD0-4979-B144-A7D7CF8731E0}.Debug|x86.Build.0 = Debug|Any CPU
		{9B550C56-AFD0-4979-B144-A7D7CF8731E0}.Release|Any CPU.ActiveCfg = Release|Any CPU
		{9B550C56-AFD0-4979-B144-A7D7CF8731E0}.Release|Any CPU.Build.0 = Release|Any CPU
		{9B550C56-AFD0-4979-B144-A7D7CF8731E0}.Release|x86.ActiveCfg = Release|Any CPU
		{9B550C56-AFD0-4979-B144-A7D7CF8731E0}.Release|x86.Build.0 = Release|Any CPU
		{D79E45CC-C854-4545-AD24-F6AECAD3C991}.Debug|Any CPU.ActiveCfg = Debug|Any CPU
		{D79E45CC-C854-4545-AD24-F6AECAD3C991}.Debug|Any CPU.Build.0 = Debug|Any CPU
		{D79E45CC-C854-4545-AD24-F6AECAD3C991}.Debug|x86.ActiveCfg = Debug|Any CPU
		{D79E45CC-C854-4545-AD24-F6AECAD3C991}.Debug|x86.Build.0 = Debug|Any CPU
		{D79E45CC-C854-4545-AD24-F6AECAD3C991}.Release|Any CPU.ActiveCfg = Release|Any CPU
		{D79E45CC-C854-4545-AD24-F6AECAD3C991}.Release|Any CPU.Build.0 = Release|Any CPU
		{D79E45CC-C854-4545-AD24-F6AECAD3C991}.Release|x86.ActiveCfg = Release|Any CPU
		{D79E45CC-C854-4545-AD24-F6AECAD3C991}.Release|x86.Build.0 = Release|Any CPU
		{19D69481-7645-4DBA-ACCD-3C509C9596DF}.Debug|Any CPU.ActiveCfg = Debug|Any CPU
		{19D69481-7645-4DBA-ACCD-3C509C9596DF}.Debug|Any CPU.Build.0 = Debug|Any CPU
		{19D69481-7645-4DBA-ACCD-3C509C9596DF}.Debug|x86.ActiveCfg = Debug|Any CPU
		{19D69481-7645-4DBA-ACCD-3C509C9596DF}.Debug|x86.Build.0 = Debug|Any CPU
		{19D69481-7645-4DBA-ACCD-3C509C9596DF}.Release|Any CPU.ActiveCfg = Release|Any CPU
		{19D69481-7645-4DBA-ACCD-3C509C9596DF}.Release|Any CPU.Build.0 = Release|Any CPU
		{19D69481-7645-4DBA-ACCD-3C509C9596DF}.Release|x86.ActiveCfg = Release|Any CPU
		{19D69481-7645-4DBA-ACCD-3C509C9596DF}.Release|x86.Build.0 = Release|Any CPU
		{6B553412-E4CC-49A5-9B16-492E8243440C}.Debug|Any CPU.ActiveCfg = Debug|Any CPU
		{6B553412-E4CC-49A5-9B16-492E8243440C}.Debug|Any CPU.Build.0 = Debug|Any CPU
		{6B553412-E4CC-49A5-9B16-492E8243440C}.Debug|x86.ActiveCfg = Debug|Any CPU
		{6B553412-E4CC-49A5-9B16-492E8243440C}.Debug|x86.Build.0 = Debug|Any CPU
		{6B553412-E4CC-49A5-9B16-492E8243440C}.Release|Any CPU.ActiveCfg = Release|Any CPU
		{6B553412-E4CC-49A5-9B16-492E8243440C}.Release|Any CPU.Build.0 = Release|Any CPU
		{6B553412-E4CC-49A5-9B16-492E8243440C}.Release|x86.ActiveCfg = Release|Any CPU
		{6B553412-E4CC-49A5-9B16-492E8243440C}.Release|x86.Build.0 = Release|Any CPU
		{B9FA9430-C586-42DA-8E09-8012F322EDBA}.Debug|Any CPU.ActiveCfg = Debug|Any CPU
		{B9FA9430-C586-42DA-8E09-8012F322EDBA}.Debug|Any CPU.Build.0 = Debug|Any CPU
		{B9FA9430-C586-42DA-8E09-8012F322EDBA}.Debug|x86.ActiveCfg = Debug|Any CPU
		{B9FA9430-C586-42DA-8E09-8012F322EDBA}.Debug|x86.Build.0 = Debug|Any CPU
		{B9FA9430-C586-42DA-8E09-8012F322EDBA}.Release|Any CPU.ActiveCfg = Release|Any CPU
		{B9FA9430-C586-42DA-8E09-8012F322EDBA}.Release|Any CPU.Build.0 = Release|Any CPU
		{B9FA9430-C586-42DA-8E09-8012F322EDBA}.Release|x86.ActiveCfg = Release|Any CPU
		{B9FA9430-C586-42DA-8E09-8012F322EDBA}.Release|x86.Build.0 = Release|Any CPU
		{03FC5A37-A9F4-4FDC-A452-71D6197643B9}.Debug|Any CPU.ActiveCfg = Debug|Any CPU
		{03FC5A37-A9F4-4FDC-A452-71D6197643B9}.Debug|Any CPU.Build.0 = Debug|Any CPU
		{03FC5A37-A9F4-4FDC-A452-71D6197643B9}.Debug|x86.ActiveCfg = Debug|Any CPU
		{03FC5A37-A9F4-4FDC-A452-71D6197643B9}.Debug|x86.Build.0 = Debug|Any CPU
		{03FC5A37-A9F4-4FDC-A452-71D6197643B9}.Release|Any CPU.ActiveCfg = Release|Any CPU
		{03FC5A37-A9F4-4FDC-A452-71D6197643B9}.Release|Any CPU.Build.0 = Release|Any CPU
		{03FC5A37-A9F4-4FDC-A452-71D6197643B9}.Release|x86.ActiveCfg = Release|Any CPU
		{03FC5A37-A9F4-4FDC-A452-71D6197643B9}.Release|x86.Build.0 = Release|Any CPU
		{82FB4EE8-E555-4279-8A14-74A0323554B5}.Debug|Any CPU.ActiveCfg = Debug|Any CPU
		{82FB4EE8-E555-4279-8A14-74A0323554B5}.Debug|Any CPU.Build.0 = Debug|Any CPU
		{82FB4EE8-E555-4279-8A14-74A0323554B5}.Debug|x86.ActiveCfg = Debug|Any CPU
		{82FB4EE8-E555-4279-8A14-74A0323554B5}.Debug|x86.Build.0 = Debug|Any CPU
		{82FB4EE8-E555-4279-8A14-74A0323554B5}.Release|Any CPU.ActiveCfg = Release|Any CPU
		{82FB4EE8-E555-4279-8A14-74A0323554B5}.Release|Any CPU.Build.0 = Release|Any CPU
		{82FB4EE8-E555-4279-8A14-74A0323554B5}.Release|x86.ActiveCfg = Release|Any CPU
		{82FB4EE8-E555-4279-8A14-74A0323554B5}.Release|x86.Build.0 = Release|Any CPU
		{9DC4AC64-DCF5-4DD0-A6CD-3158A394EBB3}.Debug|Any CPU.ActiveCfg = Debug|Any CPU
		{9DC4AC64-DCF5-4DD0-A6CD-3158A394EBB3}.Debug|Any CPU.Build.0 = Debug|Any CPU
		{9DC4AC64-DCF5-4DD0-A6CD-3158A394EBB3}.Debug|x86.ActiveCfg = Debug|Any CPU
		{9DC4AC64-DCF5-4DD0-A6CD-3158A394EBB3}.Debug|x86.Build.0 = Debug|Any CPU
		{9DC4AC64-DCF5-4DD0-A6CD-3158A394EBB3}.Release|Any CPU.ActiveCfg = Release|Any CPU
		{9DC4AC64-DCF5-4DD0-A6CD-3158A394EBB3}.Release|Any CPU.Build.0 = Release|Any CPU
		{9DC4AC64-DCF5-4DD0-A6CD-3158A394EBB3}.Release|x86.ActiveCfg = Release|Any CPU
		{9DC4AC64-DCF5-4DD0-A6CD-3158A394EBB3}.Release|x86.Build.0 = Release|Any CPU
		{BEF6A266-C634-447D-A446-8D7177214C01}.Debug|Any CPU.ActiveCfg = Debug|Any CPU
		{BEF6A266-C634-447D-A446-8D7177214C01}.Debug|Any CPU.Build.0 = Debug|Any CPU
		{BEF6A266-C634-447D-A446-8D7177214C01}.Debug|x86.ActiveCfg = Debug|Any CPU
		{BEF6A266-C634-447D-A446-8D7177214C01}.Debug|x86.Build.0 = Debug|Any CPU
		{BEF6A266-C634-447D-A446-8D7177214C01}.Release|Any CPU.ActiveCfg = Release|Any CPU
		{BEF6A266-C634-447D-A446-8D7177214C01}.Release|Any CPU.Build.0 = Release|Any CPU
		{BEF6A266-C634-447D-A446-8D7177214C01}.Release|x86.ActiveCfg = Release|Any CPU
		{BEF6A266-C634-447D-A446-8D7177214C01}.Release|x86.Build.0 = Release|Any CPU
		{A50493D0-4246-40E2-A571-01E9E83259AB}.Debug|Any CPU.ActiveCfg = Debug|Any CPU
		{A50493D0-4246-40E2-A571-01E9E83259AB}.Debug|Any CPU.Build.0 = Debug|Any CPU
		{A50493D0-4246-40E2-A571-01E9E83259AB}.Debug|x86.ActiveCfg = Debug|Any CPU
		{A50493D0-4246-40E2-A571-01E9E83259AB}.Debug|x86.Build.0 = Debug|Any CPU
		{A50493D0-4246-40E2-A571-01E9E83259AB}.Release|Any CPU.ActiveCfg = Release|Any CPU
		{A50493D0-4246-40E2-A571-01E9E83259AB}.Release|Any CPU.Build.0 = Release|Any CPU
		{A50493D0-4246-40E2-A571-01E9E83259AB}.Release|x86.ActiveCfg = Release|Any CPU
		{A50493D0-4246-40E2-A571-01E9E83259AB}.Release|x86.Build.0 = Release|Any CPU
		{B6296001-D567-497C-87AB-32E661893B5E}.Debug|Any CPU.ActiveCfg = Debug|Any CPU
		{B6296001-D567-497C-87AB-32E661893B5E}.Debug|Any CPU.Build.0 = Debug|Any CPU
		{B6296001-D567-497C-87AB-32E661893B5E}.Debug|x86.ActiveCfg = Debug|Any CPU
		{B6296001-D567-497C-87AB-32E661893B5E}.Debug|x86.Build.0 = Debug|Any CPU
		{B6296001-D567-497C-87AB-32E661893B5E}.Release|Any CPU.ActiveCfg = Release|Any CPU
		{B6296001-D567-497C-87AB-32E661893B5E}.Release|Any CPU.Build.0 = Release|Any CPU
		{B6296001-D567-497C-87AB-32E661893B5E}.Release|x86.ActiveCfg = Release|Any CPU
		{B6296001-D567-497C-87AB-32E661893B5E}.Release|x86.Build.0 = Release|Any CPU
		{1527B0BB-14B7-43B3-A48C-A318487DF1DA}.Debug|Any CPU.ActiveCfg = Debug|Any CPU
		{1527B0BB-14B7-43B3-A48C-A318487DF1DA}.Debug|Any CPU.Build.0 = Debug|Any CPU
		{1527B0BB-14B7-43B3-A48C-A318487DF1DA}.Debug|x86.ActiveCfg = Debug|Any CPU
		{1527B0BB-14B7-43B3-A48C-A318487DF1DA}.Debug|x86.Build.0 = Debug|Any CPU
		{1527B0BB-14B7-43B3-A48C-A318487DF1DA}.Release|Any CPU.ActiveCfg = Release|Any CPU
		{1527B0BB-14B7-43B3-A48C-A318487DF1DA}.Release|Any CPU.Build.0 = Release|Any CPU
		{1527B0BB-14B7-43B3-A48C-A318487DF1DA}.Release|x86.ActiveCfg = Release|Any CPU
		{1527B0BB-14B7-43B3-A48C-A318487DF1DA}.Release|x86.Build.0 = Release|Any CPU
		{450ACC2F-3772-4F24-8BBE-2F635C1BCE76}.Debug|Any CPU.ActiveCfg = Debug|Any CPU
		{450ACC2F-3772-4F24-8BBE-2F635C1BCE76}.Debug|Any CPU.Build.0 = Debug|Any CPU
		{450ACC2F-3772-4F24-8BBE-2F635C1BCE76}.Debug|x86.ActiveCfg = Debug|Any CPU
		{450ACC2F-3772-4F24-8BBE-2F635C1BCE76}.Debug|x86.Build.0 = Debug|Any CPU
		{450ACC2F-3772-4F24-8BBE-2F635C1BCE76}.Release|Any CPU.ActiveCfg = Release|Any CPU
		{450ACC2F-3772-4F24-8BBE-2F635C1BCE76}.Release|Any CPU.Build.0 = Release|Any CPU
		{450ACC2F-3772-4F24-8BBE-2F635C1BCE76}.Release|x86.ActiveCfg = Release|Any CPU
		{450ACC2F-3772-4F24-8BBE-2F635C1BCE76}.Release|x86.Build.0 = Release|Any CPU
		{ED95BD30-569E-427F-9E2B-380324D2E697}.Debug|Any CPU.ActiveCfg = Debug|Any CPU
		{ED95BD30-569E-427F-9E2B-380324D2E697}.Debug|Any CPU.Build.0 = Debug|Any CPU
		{ED95BD30-569E-427F-9E2B-380324D2E697}.Debug|x86.ActiveCfg = Debug|Any CPU
		{ED95BD30-569E-427F-9E2B-380324D2E697}.Debug|x86.Build.0 = Debug|Any CPU
		{ED95BD30-569E-427F-9E2B-380324D2E697}.Release|Any CPU.ActiveCfg = Release|Any CPU
		{ED95BD30-569E-427F-9E2B-380324D2E697}.Release|Any CPU.Build.0 = Release|Any CPU
		{ED95BD30-569E-427F-9E2B-380324D2E697}.Release|x86.ActiveCfg = Release|Any CPU
		{ED95BD30-569E-427F-9E2B-380324D2E697}.Release|x86.Build.0 = Release|Any CPU
		{F9D6B7B5-759C-4BDE-A37B-7643A2B7F61A}.Debug|Any CPU.ActiveCfg = Debug|Any CPU
		{F9D6B7B5-759C-4BDE-A37B-7643A2B7F61A}.Debug|Any CPU.Build.0 = Debug|Any CPU
		{F9D6B7B5-759C-4BDE-A37B-7643A2B7F61A}.Debug|x86.ActiveCfg = Debug|Any CPU
		{F9D6B7B5-759C-4BDE-A37B-7643A2B7F61A}.Debug|x86.Build.0 = Debug|Any CPU
		{F9D6B7B5-759C-4BDE-A37B-7643A2B7F61A}.Release|Any CPU.ActiveCfg = Release|Any CPU
		{F9D6B7B5-759C-4BDE-A37B-7643A2B7F61A}.Release|Any CPU.Build.0 = Release|Any CPU
		{F9D6B7B5-759C-4BDE-A37B-7643A2B7F61A}.Release|x86.ActiveCfg = Release|Any CPU
		{F9D6B7B5-759C-4BDE-A37B-7643A2B7F61A}.Release|x86.Build.0 = Release|Any CPU
		{3756DF90-6ADB-46C7-8B88-3F49CC754676}.Debug|Any CPU.ActiveCfg = Debug|Any CPU
		{3756DF90-6ADB-46C7-8B88-3F49CC754676}.Debug|Any CPU.Build.0 = Debug|Any CPU
		{3756DF90-6ADB-46C7-8B88-3F49CC754676}.Debug|x86.ActiveCfg = Debug|Any CPU
		{3756DF90-6ADB-46C7-8B88-3F49CC754676}.Debug|x86.Build.0 = Debug|Any CPU
		{3756DF90-6ADB-46C7-8B88-3F49CC754676}.Release|Any CPU.ActiveCfg = Release|Any CPU
		{3756DF90-6ADB-46C7-8B88-3F49CC754676}.Release|Any CPU.Build.0 = Release|Any CPU
		{3756DF90-6ADB-46C7-8B88-3F49CC754676}.Release|x86.ActiveCfg = Release|Any CPU
		{3756DF90-6ADB-46C7-8B88-3F49CC754676}.Release|x86.Build.0 = Release|Any CPU
		{D358474B-ACBD-4BF0-928B-37E6617B453F}.Debug|Any CPU.ActiveCfg = Debug|Any CPU
		{D358474B-ACBD-4BF0-928B-37E6617B453F}.Debug|Any CPU.Build.0 = Debug|Any CPU
		{D358474B-ACBD-4BF0-928B-37E6617B453F}.Debug|x86.ActiveCfg = Debug|Any CPU
		{D358474B-ACBD-4BF0-928B-37E6617B453F}.Debug|x86.Build.0 = Debug|Any CPU
		{D358474B-ACBD-4BF0-928B-37E6617B453F}.Release|Any CPU.ActiveCfg = Release|Any CPU
		{D358474B-ACBD-4BF0-928B-37E6617B453F}.Release|Any CPU.Build.0 = Release|Any CPU
		{D358474B-ACBD-4BF0-928B-37E6617B453F}.Release|x86.ActiveCfg = Release|Any CPU
		{D358474B-ACBD-4BF0-928B-37E6617B453F}.Release|x86.Build.0 = Release|Any CPU
		{B9B09F0C-64D7-48F5-9004-7AAC39F84BA1}.Debug|Any CPU.ActiveCfg = Debug|Any CPU
		{B9B09F0C-64D7-48F5-9004-7AAC39F84BA1}.Debug|Any CPU.Build.0 = Debug|Any CPU
		{B9B09F0C-64D7-48F5-9004-7AAC39F84BA1}.Debug|x86.ActiveCfg = Debug|Any CPU
		{B9B09F0C-64D7-48F5-9004-7AAC39F84BA1}.Debug|x86.Build.0 = Debug|Any CPU
		{B9B09F0C-64D7-48F5-9004-7AAC39F84BA1}.Release|Any CPU.ActiveCfg = Release|Any CPU
		{B9B09F0C-64D7-48F5-9004-7AAC39F84BA1}.Release|Any CPU.Build.0 = Release|Any CPU
		{B9B09F0C-64D7-48F5-9004-7AAC39F84BA1}.Release|x86.ActiveCfg = Release|Any CPU
		{B9B09F0C-64D7-48F5-9004-7AAC39F84BA1}.Release|x86.Build.0 = Release|Any CPU
		{DD854F07-1CE4-427C-AD61-3C7D482CF399}.Debug|Any CPU.ActiveCfg = Debug|Any CPU
		{DD854F07-1CE4-427C-AD61-3C7D482CF399}.Debug|Any CPU.Build.0 = Debug|Any CPU
		{DD854F07-1CE4-427C-AD61-3C7D482CF399}.Debug|x86.ActiveCfg = Debug|Any CPU
		{DD854F07-1CE4-427C-AD61-3C7D482CF399}.Debug|x86.Build.0 = Debug|Any CPU
		{DD854F07-1CE4-427C-AD61-3C7D482CF399}.Release|Any CPU.ActiveCfg = Release|Any CPU
		{DD854F07-1CE4-427C-AD61-3C7D482CF399}.Release|Any CPU.Build.0 = Release|Any CPU
		{DD854F07-1CE4-427C-AD61-3C7D482CF399}.Release|x86.ActiveCfg = Release|Any CPU
		{DD854F07-1CE4-427C-AD61-3C7D482CF399}.Release|x86.Build.0 = Release|Any CPU
		{EA6623F1-8B8A-4529-BF28-5C7385BE2348}.Debug|Any CPU.ActiveCfg = Debug|Any CPU
		{EA6623F1-8B8A-4529-BF28-5C7385BE2348}.Debug|Any CPU.Build.0 = Debug|Any CPU
		{EA6623F1-8B8A-4529-BF28-5C7385BE2348}.Debug|x86.ActiveCfg = Debug|Any CPU
		{EA6623F1-8B8A-4529-BF28-5C7385BE2348}.Debug|x86.Build.0 = Debug|Any CPU
		{EA6623F1-8B8A-4529-BF28-5C7385BE2348}.Release|Any CPU.ActiveCfg = Release|Any CPU
		{EA6623F1-8B8A-4529-BF28-5C7385BE2348}.Release|Any CPU.Build.0 = Release|Any CPU
		{EA6623F1-8B8A-4529-BF28-5C7385BE2348}.Release|x86.ActiveCfg = Release|Any CPU
		{EA6623F1-8B8A-4529-BF28-5C7385BE2348}.Release|x86.Build.0 = Release|Any CPU
		{96E722E4-7E12-428D-9ACB-33D0B8F08271}.Debug|Any CPU.ActiveCfg = Debug|Any CPU
		{96E722E4-7E12-428D-9ACB-33D0B8F08271}.Debug|Any CPU.Build.0 = Debug|Any CPU
		{96E722E4-7E12-428D-9ACB-33D0B8F08271}.Debug|x86.ActiveCfg = Debug|Any CPU
		{96E722E4-7E12-428D-9ACB-33D0B8F08271}.Debug|x86.Build.0 = Debug|Any CPU
		{96E722E4-7E12-428D-9ACB-33D0B8F08271}.Release|Any CPU.ActiveCfg = Release|Any CPU
		{96E722E4-7E12-428D-9ACB-33D0B8F08271}.Release|Any CPU.Build.0 = Release|Any CPU
		{96E722E4-7E12-428D-9ACB-33D0B8F08271}.Release|x86.ActiveCfg = Release|Any CPU
		{96E722E4-7E12-428D-9ACB-33D0B8F08271}.Release|x86.Build.0 = Release|Any CPU
		{64796E5E-0F35-4063-B66F-31C62F06FC9D}.Debug|Any CPU.ActiveCfg = Debug|Any CPU
		{64796E5E-0F35-4063-B66F-31C62F06FC9D}.Debug|Any CPU.Build.0 = Debug|Any CPU
		{64796E5E-0F35-4063-B66F-31C62F06FC9D}.Debug|x86.ActiveCfg = Debug|Any CPU
		{64796E5E-0F35-4063-B66F-31C62F06FC9D}.Debug|x86.Build.0 = Debug|Any CPU
		{64796E5E-0F35-4063-B66F-31C62F06FC9D}.Release|Any CPU.ActiveCfg = Release|Any CPU
		{64796E5E-0F35-4063-B66F-31C62F06FC9D}.Release|Any CPU.Build.0 = Release|Any CPU
		{64796E5E-0F35-4063-B66F-31C62F06FC9D}.Release|x86.ActiveCfg = Release|Any CPU
		{64796E5E-0F35-4063-B66F-31C62F06FC9D}.Release|x86.Build.0 = Release|Any CPU
		{5512CDF8-8FFF-456D-8FCA-4779F08A5889}.Debug|Any CPU.ActiveCfg = Debug|Any CPU
		{5512CDF8-8FFF-456D-8FCA-4779F08A5889}.Debug|Any CPU.Build.0 = Debug|Any CPU
		{5512CDF8-8FFF-456D-8FCA-4779F08A5889}.Debug|x86.ActiveCfg = Debug|Any CPU
		{5512CDF8-8FFF-456D-8FCA-4779F08A5889}.Debug|x86.Build.0 = Debug|Any CPU
		{5512CDF8-8FFF-456D-8FCA-4779F08A5889}.Release|Any CPU.ActiveCfg = Release|Any CPU
		{5512CDF8-8FFF-456D-8FCA-4779F08A5889}.Release|Any CPU.Build.0 = Release|Any CPU
		{5512CDF8-8FFF-456D-8FCA-4779F08A5889}.Release|x86.ActiveCfg = Release|Any CPU
		{5512CDF8-8FFF-456D-8FCA-4779F08A5889}.Release|x86.Build.0 = Release|Any CPU
		{00DBE877-2FEF-4B1E-BE7C-6F11D12CFD8D}.Debug|Any CPU.ActiveCfg = Debug|Any CPU
		{00DBE877-2FEF-4B1E-BE7C-6F11D12CFD8D}.Debug|Any CPU.Build.0 = Debug|Any CPU
		{00DBE877-2FEF-4B1E-BE7C-6F11D12CFD8D}.Debug|x86.ActiveCfg = Debug|Any CPU
		{00DBE877-2FEF-4B1E-BE7C-6F11D12CFD8D}.Debug|x86.Build.0 = Debug|Any CPU
		{00DBE877-2FEF-4B1E-BE7C-6F11D12CFD8D}.Release|Any CPU.ActiveCfg = Release|Any CPU
		{00DBE877-2FEF-4B1E-BE7C-6F11D12CFD8D}.Release|Any CPU.Build.0 = Release|Any CPU
		{00DBE877-2FEF-4B1E-BE7C-6F11D12CFD8D}.Release|x86.ActiveCfg = Release|Any CPU
		{00DBE877-2FEF-4B1E-BE7C-6F11D12CFD8D}.Release|x86.Build.0 = Release|Any CPU
		{5BFE561C-D840-CA83-4BE2-7B90B768DC19}.Debug|Any CPU.ActiveCfg = Debug|Any CPU
		{5BFE561C-D840-CA83-4BE2-7B90B768DC19}.Debug|Any CPU.Build.0 = Debug|Any CPU
		{5BFE561C-D840-CA83-4BE2-7B90B768DC19}.Debug|x86.ActiveCfg = Debug|Any CPU
		{5BFE561C-D840-CA83-4BE2-7B90B768DC19}.Debug|x86.Build.0 = Debug|Any CPU
		{5BFE561C-D840-CA83-4BE2-7B90B768DC19}.Release|Any CPU.ActiveCfg = Release|Any CPU
		{5BFE561C-D840-CA83-4BE2-7B90B768DC19}.Release|Any CPU.Build.0 = Release|Any CPU
		{5BFE561C-D840-CA83-4BE2-7B90B768DC19}.Release|x86.ActiveCfg = Release|Any CPU
		{5BFE561C-D840-CA83-4BE2-7B90B768DC19}.Release|x86.Build.0 = Release|Any CPU
		{B3FE60C1-1ED7-E4C3-B213-A306AAC16815}.Debug|Any CPU.ActiveCfg = Debug|Any CPU
		{B3FE60C1-1ED7-E4C3-B213-A306AAC16815}.Debug|Any CPU.Build.0 = Debug|Any CPU
		{B3FE60C1-1ED7-E4C3-B213-A306AAC16815}.Debug|x86.ActiveCfg = Debug|Any CPU
		{B3FE60C1-1ED7-E4C3-B213-A306AAC16815}.Debug|x86.Build.0 = Debug|Any CPU
		{B3FE60C1-1ED7-E4C3-B213-A306AAC16815}.Release|Any CPU.ActiveCfg = Release|Any CPU
		{B3FE60C1-1ED7-E4C3-B213-A306AAC16815}.Release|Any CPU.Build.0 = Release|Any CPU
		{B3FE60C1-1ED7-E4C3-B213-A306AAC16815}.Release|x86.ActiveCfg = Release|Any CPU
		{B3FE60C1-1ED7-E4C3-B213-A306AAC16815}.Release|x86.Build.0 = Release|Any CPU
		{6F3B83D2-0958-B61F-DEC0-E0EC40684FAA}.Debug|Any CPU.ActiveCfg = Debug|Any CPU
		{6F3B83D2-0958-B61F-DEC0-E0EC40684FAA}.Debug|Any CPU.Build.0 = Debug|Any CPU
		{6F3B83D2-0958-B61F-DEC0-E0EC40684FAA}.Debug|x86.ActiveCfg = Debug|Any CPU
		{6F3B83D2-0958-B61F-DEC0-E0EC40684FAA}.Debug|x86.Build.0 = Debug|Any CPU
		{6F3B83D2-0958-B61F-DEC0-E0EC40684FAA}.Release|Any CPU.ActiveCfg = Release|Any CPU
		{6F3B83D2-0958-B61F-DEC0-E0EC40684FAA}.Release|Any CPU.Build.0 = Release|Any CPU
		{6F3B83D2-0958-B61F-DEC0-E0EC40684FAA}.Release|x86.ActiveCfg = Release|Any CPU
		{6F3B83D2-0958-B61F-DEC0-E0EC40684FAA}.Release|x86.Build.0 = Release|Any CPU
	EndGlobalSection
	GlobalSection(SolutionProperties) = preSolution
		HideSolutionNode = FALSE
	EndGlobalSection
	GlobalSection(NestedProjects) = preSolution
		{F3A72FD4-E43A-4090-B4B5-691C9B5F45E8} = {47108908-47BA-4640-A2D6-8ABFFCE3BFA7}
		{3CF53D0B-24C5-4810-AB55-1850745AD899} = {47108908-47BA-4640-A2D6-8ABFFCE3BFA7}
		{8014D025-2393-416D-BD0D-EFCA389C804A} = {47108908-47BA-4640-A2D6-8ABFFCE3BFA7}
		{5B6109BB-3E9C-4D15-A55D-0FCAED78087E} = {47108908-47BA-4640-A2D6-8ABFFCE3BFA7}
		{9F5D8C11-9C60-4DFE-BF2A-63FF3EFD93A1} = {47108908-47BA-4640-A2D6-8ABFFCE3BFA7}
		{8644683F-ABDD-48B9-80AE-43ECF4813F3F} = {47108908-47BA-4640-A2D6-8ABFFCE3BFA7}
		{A4134E0E-082C-4DF0-A625-846218F984A2} = {47108908-47BA-4640-A2D6-8ABFFCE3BFA7}
		{D6AD3E56-A194-4009-B2D7-3508E1D91596} = {47108908-47BA-4640-A2D6-8ABFFCE3BFA7}
		{6A3EF857-1468-4418-B0CB-9AACD2451A13} = {47108908-47BA-4640-A2D6-8ABFFCE3BFA7}
		{E83BD3E2-327B-45C8-8552-8E6DBE6D5C60} = {47108908-47BA-4640-A2D6-8ABFFCE3BFA7}
		{9CC60A77-957F-4D24-89FB-8014D93ECF9D} = {47108908-47BA-4640-A2D6-8ABFFCE3BFA7}
		{85FF665B-8DAC-46C7-B207-69455A9E1CEA} = {47108908-47BA-4640-A2D6-8ABFFCE3BFA7}
		{E86C142A-D804-41FF-970E-C87B1585AED7} = {47108908-47BA-4640-A2D6-8ABFFCE3BFA7}
		{5064B1BE-9D94-4EE4-9C74-99EFFC59E470} = {47108908-47BA-4640-A2D6-8ABFFCE3BFA7}
		{EEC62FCF-07D4-4297-AAF0-ACABCBCF3EC2} = {47108908-47BA-4640-A2D6-8ABFFCE3BFA7}
		{19EA14A4-669C-47C4-9232-C562006259B2} = {47108908-47BA-4640-A2D6-8ABFFCE3BFA7}
		{9B550C56-AFD0-4979-B144-A7D7CF8731E0} = {47108908-47BA-4640-A2D6-8ABFFCE3BFA7}
		{19D69481-7645-4DBA-ACCD-3C509C9596DF} = {CFF7347C-04CB-4C03-AED7-59A7B5D16121}
		{6B553412-E4CC-49A5-9B16-492E8243440C} = {CFF7347C-04CB-4C03-AED7-59A7B5D16121}
		{B9FA9430-C586-42DA-8E09-8012F322EDBA} = {CFF7347C-04CB-4C03-AED7-59A7B5D16121}
		{03FC5A37-A9F4-4FDC-A452-71D6197643B9} = {CFF7347C-04CB-4C03-AED7-59A7B5D16121}
		{82FB4EE8-E555-4279-8A14-74A0323554B5} = {6A644AC0-652E-49B7-A1D4-E7935E40C8D1}
		{BEF6A266-C634-447D-A446-8D7177214C01} = {ABEA8041-3EE3-4095-8050-47103771D06E}
		{A50493D0-4246-40E2-A571-01E9E83259AB} = {ABEA8041-3EE3-4095-8050-47103771D06E}
		{B6296001-D567-497C-87AB-32E661893B5E} = {ABEA8041-3EE3-4095-8050-47103771D06E}
		{1527B0BB-14B7-43B3-A48C-A318487DF1DA} = {C5DED0E2-2FA3-4AA6-BF8D-776926ABD455}
		{450ACC2F-3772-4F24-8BBE-2F635C1BCE76} = {C5DED0E2-2FA3-4AA6-BF8D-776926ABD455}
		{ED95BD30-569E-427F-9E2B-380324D2E697} = {C5DED0E2-2FA3-4AA6-BF8D-776926ABD455}
		{F9D6B7B5-759C-4BDE-A37B-7643A2B7F61A} = {C5DED0E2-2FA3-4AA6-BF8D-776926ABD455}
		{3756DF90-6ADB-46C7-8B88-3F49CC754676} = {C5DED0E2-2FA3-4AA6-BF8D-776926ABD455}
		{D358474B-ACBD-4BF0-928B-37E6617B453F} = {C5DED0E2-2FA3-4AA6-BF8D-776926ABD455}
		{B9B09F0C-64D7-48F5-9004-7AAC39F84BA1} = {C5DED0E2-2FA3-4AA6-BF8D-776926ABD455}
		{DD854F07-1CE4-427C-AD61-3C7D482CF399} = {C5DED0E2-2FA3-4AA6-BF8D-776926ABD455}
		{EA6623F1-8B8A-4529-BF28-5C7385BE2348} = {C5DED0E2-2FA3-4AA6-BF8D-776926ABD455}
		{96E722E4-7E12-428D-9ACB-33D0B8F08271} = {C5DED0E2-2FA3-4AA6-BF8D-776926ABD455}
		{64796E5E-0F35-4063-B66F-31C62F06FC9D} = {C5DED0E2-2FA3-4AA6-BF8D-776926ABD455}
		{5512CDF8-8FFF-456D-8FCA-4779F08A5889} = {C5DED0E2-2FA3-4AA6-BF8D-776926ABD455}
		{00DBE877-2FEF-4B1E-BE7C-6F11D12CFD8D} = {C5DED0E2-2FA3-4AA6-BF8D-776926ABD455}
		{5BFE561C-D840-CA83-4BE2-7B90B768DC19} = {C5DED0E2-2FA3-4AA6-BF8D-776926ABD455}
		{B3FE60C1-1ED7-E4C3-B213-A306AAC16815} = {C5DED0E2-2FA3-4AA6-BF8D-776926ABD455}
		{6F3B83D2-0958-B61F-DEC0-E0EC40684FAA} = {C5DED0E2-2FA3-4AA6-BF8D-776926ABD455}
	EndGlobalSection
	GlobalSection(ExtensibilityGlobals) = postSolution
		SolutionGuid = {CC2EB5E7-7BE6-4D95-824C-663EA5506C7D}
	EndGlobalSection
EndGlobal
