
Microsoft Visual Studio Solution File, Format Version 12.00
# Visual Studio Version 17
VisualStudioVersion = 17.14.36212.18
MinimumVisualStudioVersion = 10.0.40219.1
Project("{2150E333-8FDC-42A3-9474-1A3956D46DE8}") = "Core", "Core", "{2FE1C041-FF6F-4120-803C-96E4F5668FD7}"
EndProject
Project("{9A19103F-16F7-4668-BE54-9A1E7A4F7556}") = "AgronicaCoreModelsSTD", "..\AgronicaCoreStd\AgronicaCoreModelsSTD\AgronicaCoreModelsSTD.csproj", "{BA1220AF-3149-4659-9186-79FE3E1F0740}"
EndProject
Project("{9A19103F-16F7-4668-BE54-9A1E7A4F7556}") = "AgronicaCoreDTOStd", "..\AgronicaCoreStd\AgronicaCoreDTOStd\AgronicaCoreDTOStd.csproj", "{C717FDF9-9927-4074-B6A0-21DFD0FEDF91}"
EndProject
Project("{2150E333-8FDC-42A3-9474-1A3956D46DE8}") = "Core_NET", "Core_NET", "{589CCCAB-C9A1-4135-AD1C-DB685C9AB841}"
EndProject
Project("{9A19103F-16F7-4668-BE54-9A1E7A4F7556}") = "AgronicaNetCoreApi", "AgronicaNetCoreApi\AgronicaNetCoreApi.csproj", "{BDC9AD5A-6C02-44D5-9CA8-DB9A315E8F8E}"
EndProject
Project("{9A19103F-16F7-4668-BE54-9A1E7A4F7556}") = "AgronicaDataProvider6", "..\AgronicaNetCore\AgronicaDataProvider6\AgronicaDataProvider6.csproj", "{111638A4-B5BE-4306-928C-F289D115FE73}"
EndProject
Project("{9A19103F-16F7-4668-BE54-9A1E7A4F7556}") = "AgronicaNetCore.Base", "..\AgronicaNetCore\AgronicaNetCore.Base\AgronicaNetCore.Base.csproj", "{BB3ED39C-C2B3-4BC5-AB93-56CB8199F983}"
EndProject
Project("{9A19103F-16F7-4668-BE54-9A1E7A4F7556}") = "AgronicaNetCore.Anagrafe.DAL", "..\AgronicaNetCore\AgronicaNetCore.Anagrafe.DAL\AgronicaNetCore.Anagrafe.DAL.csproj", "{8A137FDD-FD6B-47A0-A2AA-F6886D3A5941}"
EndProject
Project("{9A19103F-16F7-4668-BE54-9A1E7A4F7556}") = "AgronicaNetCore.Anagrafe.BIZ", "..\AgronicaNetCore\AgronicaNetCore.Anagrafe.BIZ\AgronicaNetCore.Anagrafe.BIZ.csproj", "{983BF508-41C7-429B-9CF8-1251E56D2FF0}"
EndProject
Project("{9A19103F-16F7-4668-BE54-9A1E7A4F7556}") = "AgronicaNetCore.Logging.BIZ", "..\AgronicaNetCore\AgronicaNetCore.Logging.BIZ\AgronicaNetCore.Logging.BIZ.csproj", "{F4CABB46-9F71-43C0-9F96-492209051075}"
EndProject
Project("{9A19103F-16F7-4668-BE54-9A1E7A4F7556}") = "AgronicaNetCore.Logging.DAL", "..\AgronicaNetCore\AgronicaNetCore.Logging.DAL\AgronicaNetCore.Logging.DAL.csproj", "{FCD2B93B-DDD2-4416-B09A-F266EFAE51FF}"
EndProject
Project("{9A19103F-16F7-4668-BE54-9A1E7A4F7556}") = "AgronicaNetCore.Authentication.BIZ", "..\AgronicaNetCore\AgronicaNetCore.Authentication.BIZ\AgronicaNetCore.Authentication.BIZ.csproj", "{E326F8F9-A281-4EC7-A88C-0A305DDB1BF7}"
EndProject
Project("{778DAE3C-4631-46EA-AA77-85C1314464D9}") = "AgronicaCoreVarieBizSTD", "..\AgronicaCoreStd\AgronicaCoreVarieBizSTD\AgronicaCoreVarieBizSTD.vbproj", "{BC8EC655-CDD1-4ECC-BBBA-63B5DCA866DE}"
EndProject
Project("{778DAE3C-4631-46EA-AA77-85C1314464D9}") = "AgronicaCoreUtilityStd", "..\AgronicaCoreStd\AgronicaCoreUtilityStd\AgronicaCoreUtilityStd.vbproj", "{18BDCA56-CCF3-4E58-86AC-7ECB1370B93D}"
EndProject
Project("{9A19103F-16F7-4668-BE54-9A1E7A4F7556}") = "AgronicaNetCore.Widgets.BIZ", "..\AgronicaNetCore\AgronicaNetCore.Widgets.BIZ\AgronicaNetCore.Widgets.BIZ.csproj", "{97C4BE5D-FAE3-4F9B-A311-824FE3EB9BA5}"
EndProject
Project("{9A19103F-16F7-4668-BE54-9A1E7A4F7556}") = "AgronicaNetCore.Widgets.DAL", "..\AgronicaNetCore\AgronicaNetCore.Widgets.DAL\AgronicaNetCore.Widgets.DAL.csproj", "{0786A7CE-342F-4AC1-BA54-459C76D6C105}"
EndProject
Project("{9A19103F-16F7-4668-BE54-9A1E7A4F7556}") = "AgronicaNetCore.Utenti.BIZ", "..\AgronicaNetCore\AgronicaNetCore.Utenti.BIZ\AgronicaNetCore.Utenti.BIZ.csproj", "{9CAC4A84-51BD-4481-A129-50247CCABD1C}"
EndProject
Project("{9A19103F-16F7-4668-BE54-9A1E7A4F7556}") = "AgronicaNetCore.Utenti.DAL", "..\AgronicaNetCore\AgronicaNetCore.Utenti.DAL\AgronicaNetCore.Utenti.DAL.csproj", "{726D1B9E-E224-4ACB-A2C4-86D336A7575F}"
EndProject
Project("{9A19103F-16F7-4668-BE54-9A1E7A4F7556}") = "AgronicaNetCore.FiltroRicerca.DAL", "..\AgronicaNetCore\AgronicaNetCore.Filtrone.DAL\AgronicaNetCore.FiltroRicerca.DAL.csproj", "{733D7F53-F09E-4B09-B24E-9E520F3480AD}"
EndProject
Project("{9A19103F-16F7-4668-BE54-9A1E7A4F7556}") = "AgronicaNetCore.FiltroRicerca.BIZ", "..\AgronicaNetCore\AgronicaNetCore.Filtrone.BIZ\AgronicaNetCore.FiltroRicerca.BIZ.csproj", "{39E7442E-4D95-4CF8-B213-5D6A244CCD66}"
EndProject
Project("{9A19103F-16F7-4668-BE54-9A1E7A4F7556}") = "AgronicaNetCore.MetaSchema.DAL", "..\AgronicaNetCore\AgronicaNetCore.MetaSchema.DAL\AgronicaNetCore.MetaSchema.DAL.csproj", "{EC08CA4A-1DAD-4AC9-A853-C2942A91307D}"
EndProject
Project("{9A19103F-16F7-4668-BE54-9A1E7A4F7556}") = "AgronicaNetCore.MetaSchema.BIZ", "..\AgronicaNetCore\AgronicaNetCore.MetaSchema.BIZ\AgronicaNetCore.MetaSchema.BIZ.csproj", "{BEC3E90A-4286-4F76-9EF6-2C916EA1BF73}"
EndProject
Project("{9A19103F-16F7-4668-BE54-9A1E7A4F7556}") = "AgronicaNetCore.UtilityDB.BIZ", "..\AgronicaNetCore\AgronicaNetCore.UtilityDB.BIZ\AgronicaNetCore.UtilityDB.BIZ.csproj", "{374C870F-A86A-4A0A-A1F5-26F3BADD80C7}"
EndProject
Project("{9A19103F-16F7-4668-BE54-9A1E7A4F7556}") = "AgronicaNetCore.UtilityDB.DAL", "..\AgronicaNetCore\AgronicaNetCore.UtilityDB.DAL\AgronicaNetCore.UtilityDB.DAL.csproj", "{4DC0E25C-8EAC-44D4-A986-05E1905C3435}"
EndProject
Project("{9A19103F-16F7-4668-BE54-9A1E7A4F7556}") = "AgronicaNetCore.Gis.DAL", "..\AgronicaNetCore\AgronicaNetCore.Gis.DAL\AgronicaNetCore.Gis.DAL.csproj", "{38837CD8-ED7F-4463-B5E0-A239FFC61522}"
EndProject
Project("{9A19103F-16F7-4668-BE54-9A1E7A4F7556}") = "AgronicaNetCore.Gis.BIZ", "..\AgronicaNetCore\AgronicaNetCore.Gis.BIZ\AgronicaNetCore.Gis.BIZ.csproj", "{231BE7E1-E9F1-4FE3-A359-9C3DA2C05068}"
EndProject
Project("{9A19103F-16F7-4668-BE54-9A1E7A4F7556}") = "AgronicaNetCore.SuperServer.DAL", "..\AgronicaNetCore\AgronicaNetCore.SuperServer.DAL\AgronicaNetCore.SuperServer.DAL.csproj", "{9E3724C8-226C-44F9-9D2B-6FE0047A1E0D}"
EndProject
Project("{9A19103F-16F7-4668-BE54-9A1E7A4F7556}") = "AgronicaNetCore.SuperServer.BIZ", "..\AgronicaNetCore\AgronicaNetCore.SuperServer.BIZ\AgronicaNetCore.SuperServer.BIZ.csproj", "{40D044DB-CCFC-492B-B617-5325E9CBADCA}"
EndProject
Project("{9A19103F-16F7-4668-BE54-9A1E7A4F7556}") = "AgronicaNetCore.ProfilazioneImprese.DAL", "..\AgronicaNetCore\AgronicaNetCore.ProfilazioneImprese.DAL\AgronicaNetCore.ProfilazioneImprese.DAL.csproj", "{D0251FC9-FE9A-4E1D-9B20-1A3172625741}"
EndProject
Project("{9A19103F-16F7-4668-BE54-9A1E7A4F7556}") = "AgronicaNetCore.ProfilazioneImprese.BIZ", "..\AgronicaNetCore\AgronicaNetCore.ProfilazioneImprese.BIZ\AgronicaNetCore.ProfilazioneImprese.BIZ.csproj", "{895C5279-AC15-4CE5-9902-4EDEC124FD79}"
EndProject
Project("{9A19103F-16F7-4668-BE54-9A1E7A4F7556}") = "AgronicaNetCore.ProfilazioneMacchine.BIZ", "..\AgronicaNetCore\AgronicaNetCore.ProfilazioneMacchine.BIZ\AgronicaNetCore.ProfilazioneMacchine.BIZ.csproj", "{8376B26E-64EB-419B-80AA-B20756B5007A}"
EndProject
Project("{9A19103F-16F7-4668-BE54-9A1E7A4F7556}") = "AgronicaNetCore.ProfilazioneMacchine.DAL", "..\AgronicaNetCore\AgronicaNetCore.ProfilazioneMacchine.DAL\AgronicaNetCore.ProfilazioneMacchine.DAL.csproj", "{F2AC5148-36C2-4BD3-A4A7-366DCCE07357}"
EndProject
Project("{9A19103F-16F7-4668-BE54-9A1E7A4F7556}") = "AgronicaNetCore.Note.BIZ", "..\AgronicaNetCore\AgronicaNetCore.Note.BIZ\AgronicaNetCore.Note.BIZ.csproj", "{057B1E94-095C-4AB0-ADF4-7FB336D339AF}"
EndProject
Project("{9A19103F-16F7-4668-BE54-9A1E7A4F7556}") = "AgronicaNetCore.Note.DAL", "..\AgronicaNetCore\AgronicaNetCore.Note.DAL\AgronicaNetCore.Note.DAL.csproj", "{D77EA09B-6798-4B70-BE6C-99CDC419F39D}"
EndProject
Project("{9A19103F-16F7-4668-BE54-9A1E7A4F7556}") = "AgronicaNetCore.DefaultPianiColturali.BIZ", "..\AgronicaNetCore\AgronicaNetCore.DefaultPianiColturali.BIZ\AgronicaNetCore.DefaultPianiColturali.BIZ.csproj", "{4B0B5B00-702D-46E5-AFA3-AE79B19135C3}"
EndProject
Project("{9A19103F-16F7-4668-BE54-9A1E7A4F7556}") = "AgronicaNetCore.SpecieVegetaliDefault.DAL", "..\AgronicaNetCore\AgronicaNetCore.SpecieVegetaliDefault.DAL\AgronicaNetCore.SpecieVegetaliDefault.DAL.csproj", "{BB84B61F-CFA1-4AFD-87D7-E3A5D8B27959}"
EndProject
Project("{9A19103F-16F7-4668-BE54-9A1E7A4F7556}") = "AgronicaNetCore.Operazione.BIZ", "..\AgronicaNetCore\AgronicaNetCore.Operazione.BIZ\AgronicaNetCore.Operazione.BIZ.csproj", "{A9233403-6DA3-496F-8360-9173B728FF66}"
EndProject
Project("{9A19103F-16F7-4668-BE54-9A1E7A4F7556}") = "AgronicaNetCore.Operazione.DAL", "..\AgronicaNetCore\AgronicaNetCore.Operazione.DAL\AgronicaNetCore.Operazione.DAL.csproj", "{7AA2D8CB-C3F4-484E-9896-A8C985C4283B}"
EndProject
Project("{9A19103F-16F7-4668-BE54-9A1E7A4F7556}") = "AgronicaNetCore.DomandaIrrigua.BIZ", "..\AgronicaNetCore\AgronicaNetCore.DomandaIrrigua.BIZ\AgronicaNetCore.DomandaIrrigua.BIZ.csproj", "{7942C239-3C2C-4244-8D02-A7111A9240B1}"
EndProject
Project("{9A19103F-16F7-4668-BE54-9A1E7A4F7556}") = "AgronicaNetCore.DomandaIrrigua.DAL", "..\AgronicaNetCore\AgronicaNetCore.DomandaIrrigua.DAL\AgronicaNetCore.DomandaIrrigua.DAL.csproj", "{648BCB42-9619-4430-AFA7-82222DB735B4}"
EndProject
Project("{9A19103F-16F7-4668-BE54-9A1E7A4F7556}") = "AgronicaNetCore.Zoo.BIZ", "..\AgronicaNetCore\AgronicaNetCore.Zoo.BIZ\AgronicaNetCore.Zoo.BIZ.csproj", "{90B35C65-5CFC-439B-A8CC-06473A671119}"
EndProject
Project("{9A19103F-16F7-4668-BE54-9A1E7A4F7556}") = "AgronicaNetCore.Zoo.DAL", "..\AgronicaNetCore\AgronicaNetCore.Zoo.DAL\AgronicaNetCore.Zoo.DAL.csproj", "{08E72902-F36F-408B-A18D-D11D5113291D}"
EndProject
Project("{9A19103F-16F7-4668-BE54-9A1E7A4F7556}") = "AgronicaNetCore.OperazioniZoo.DAL", "..\AgronicaNetCore\AgronicaNetCore.OperazioniZoo.DAL\AgronicaNetCore.OperazioniZoo.DAL.csproj", "{E7FBA075-826C-4875-8A3B-A51300566DE7}"
EndProject
Project("{9A19103F-16F7-4668-BE54-9A1E7A4F7556}") = "AgronicaNetCore.OperazioniZoo.BIZ", "..\AgronicaNetCore\AgronicaNetCore.OperazioniZoo.BIZ\AgronicaNetCore.OperazioniZoo.BIZ.csproj", "{6262EEF9-280E-4ADD-8EBA-BF429A71A721}"
EndProject
Project("{9A19103F-16F7-4668-BE54-9A1E7A4F7556}") = "AgronicaNetCore.Utility.DAL", "..\AgronicaNetCore\AgronicaNetCore.Utility.DAL\AgronicaNetCore.Utility.DAL.csproj", "{EE936DE1-20E6-4049-A424-0F463F1ACC62}"
EndProject
Project("{9A19103F-16F7-4668-BE54-9A1E7A4F7556}") = "AgronicaNetCore.Utility.BIZ", "..\AgronicaNetCore\AgronicaNetCore.Utility.BIZ\AgronicaNetCore.Utility.BIZ.csproj", "{15000413-56AD-41C5-BC8D-73F0A9F4AF3F}"
EndProject
Project("{9A19103F-16F7-4668-BE54-9A1E7A4F7556}") = "AgronicaNetCore.Magazzino.BIZ", "..\AgronicaNetCore\AgronicaNetCore.Magazzino.BIZ\AgronicaNetCore.Magazzino.BIZ.csproj", "{BA7A36C8-A724-4F57-A446-E9F923661043}"
EndProject
Project("{9A19103F-16F7-4668-BE54-9A1E7A4F7556}") = "AgronicaNetCore.Magazzino.DAL", "..\AgronicaNetCore\AgronicaNetCore.Magazzino.DAL\AgronicaNetCore.Magazzino.DAL.csproj", "{970E97A4-B2EC-4F7A-9028-FCAEAF1B5299}"
EndProject
Project("{9A19103F-16F7-4668-BE54-9A1E7A4F7556}") = "AgronicaNetCore.CodificheCAC.BIZ", "..\AgronicaNetCore\AgronicaNetCore.CodificheCAC.BIZ\AgronicaNetCore.CodificheCAC.BIZ.csproj", "{DE7F833F-D330-4ED6-9190-50221BCA3B3A}"
EndProject
Project("{9A19103F-16F7-4668-BE54-9A1E7A4F7556}") = "AgronicaNetCore.CodificheCAC.DAL", "..\AgronicaNetCore\AgronicaNetCore.CodificheCAC.DAL\AgronicaNetCore.CodificheCAC.DAL.csproj", "{91C16197-D913-485B-907C-2F8B6E756C2E}"
EndProject
Project("{9A19103F-16F7-4668-BE54-9A1E7A4F7556}") = "AgronicaNetCore.Documentale.BIZ", "..\AgronicaNetCore\AgronicaNetCore.Documentale.BIZ\AgronicaNetCore.Documentale.BIZ.csproj", "{41B8AE1E-39DF-47B8-B669-EF414128DDE3}"
EndProject
Project("{9A19103F-16F7-4668-BE54-9A1E7A4F7556}") = "AgronicaNetCore.Documentale.DAL", "..\AgronicaNetCore\AgronicaNetCore.Documentale.DAL\AgronicaNetCore.Documentale.DAL.csproj", "{6A4E60B3-584A-4EF4-8138-11BB73944C2A}"
EndProject
Project("{FAE04EC0-301F-11D3-BF4B-00C04F79EFBC}") = "AgronicaNetCore.Statistiche.BIZ", "..\AgronicaNetCore\AgronicaNetCore.Statistiche.BIZ\AgronicaNetCore.Statistiche.BIZ.csproj", "{5DE6D6B7-55E5-7161-887D-116519074D3A}"
EndProject
Project("{FAE04EC0-301F-11D3-BF4B-00C04F79EFBC}") = "AgronicaNetCore.Statistiche.DAL", "..\AgronicaNetCore\AgronicaNetCore.Statistiche.DAL\AgronicaNetCore.Statistiche.DAL.csproj", "{AEFA1898-6D64-861D-3C70-5E93A461E92A}"
EndProject
Project("{FAE04EC0-301F-11D3-BF4B-00C04F79EFBC}") = "AgronicaNetCore.Pratiche.DAL", "..\AgronicaNetCore\AgronicaNetCore.Pratiche.DAL\AgronicaNetCore.Pratiche.DAL.csproj", "{B2B1CEE2-A9A1-477A-8451-4887061880F7}"
EndProject
Project("{FAE04EC0-301F-11D3-BF4B-00C04F79EFBC}") = "AgronicaNetCore.Agenda.DAL", "..\AgronicaNetCore\AgronicaNetCore.Agenda.DAL\AgronicaNetCore.Agenda.DAL.csproj", "{48F9079E-0C39-F65E-B660-96FD7C564D6E}"
EndProject
Project("{FAE04EC0-301F-11D3-BF4B-00C04F79EFBC}") = "AgronicaNetCore.RischiMeteo.BIZ", "..\AgronicaNetCore\AgronicaNetCore.RischiMeteo.BIZ\AgronicaNetCore.RischiMeteo.BIZ.csproj", "{25639AE0-73A1-40CA-ABAA-EBF6F5A09649}"
EndProject
Project("{FAE04EC0-301F-11D3-BF4B-00C04F79EFBC}") = "AgronicaNetCore.RischiMeteo.DAL", "..\AgronicaNetCore\AgronicaNetCore.RischiMeteo.DAL\AgronicaNetCore.RischiMeteo.DAL.csproj", "{BC43B06C-ED04-4AE0-9A08-B01F54897105}"
EndProject
Project("{FAE04EC0-301F-11D3-BF4B-00C04F79EFBC}") = "AgronicaNetCore.SostenibilitaCO2.BIZ", "..\AgronicaNetCore\AgronicaNetCore.SostenibilitaCO2.BIZ\AgronicaNetCore.SostenibilitaCO2.BIZ.csproj", "{E7B2CA15-A4A6-4666-AD25-B397F92C591F}"
EndProject
Project("{FAE04EC0-301F-11D3-BF4B-00C04F79EFBC}") = "AgronicaNetCore.SostenibilitaCO2.DAL", "..\AgronicaNetCore\AgronicaNetCore.SostenibilitaCO2.DAL\AgronicaNetCore.SostenibilitaCO2.DAL.csproj", "{265064AB-F16A-472E-B677-B47C513F96B1}"
EndProject
Project("{F184B08F-C81C-45F6-A57F-5ABD9991F28F}") = "AgronicaCoreVarieStdDAL", "..\AgronicaCoreStd\AgronicaCoreVarieStdDAL\AgronicaCoreVarieStdDAL.vbproj", "{1FD43731-6F7C-B0A8-CDA7-52E50CF337EE}"
EndProject
Project("{FAE04EC0-301F-11D3-BF4B-00C04F79EFBC}") = "AgronicaCoreEntityFrameworkSTD", "..\AgronicaCoreStd\AgronicaCoreEntityFrameworkSTD\AgronicaCoreEntityFrameworkSTD.csproj", "{249848CE-E20B-E49F-7566-28F0F65BDF33}"
EndProject
Project("{FAE04EC0-301F-11D3-BF4B-00C04F79EFBC}") = "AgronicaCoreEntityFrameworkSTD_POCO", "..\AgronicaCoreStd\AgronicaCoreEntityFrameworkSTD_POCO\AgronicaCoreEntityFrameworkSTD_POCO.csproj", "{9F9B9B54-F862-A7D0-67BA-23575C93B840}"
EndProject
Project("{FAE04EC0-301F-11D3-BF4B-00C04F79EFBC}") = "AgronicaNetCore.SostenibilitaH2O.BIZ", "..\AgronicaNetCore\AgronicaNetCore.SostenibilitaH2O.BIZ\AgronicaNetCore.SostenibilitaH2O.BIZ.csproj", "{9EE24BBB-A5F1-BB18-05C3-405E6CD12BDE}"
EndProject
Project("{FAE04EC0-301F-11D3-BF4B-00C04F79EFBC}") = "AgronicaNetCore.SostenibilitaH2O.DAL", "..\AgronicaNetCore\AgronicaNetCore.SostenibilitaH2O.DAL\AgronicaNetCore.SostenibilitaH2O.DAL.csproj", "{B5072885-876B-22E6-28B3-26835EBD38F2}"
EndProject
Project("{FAE04EC0-301F-11D3-BF4B-00C04F79EFBC}") = "AgronicaNetCore.MeteoSuite.BIZ", "..\AgronicaNetCore\AgronicaNetCore.MeteoSuite.BIZ\AgronicaNetCore.MeteoSuite.BIZ.csproj", "{6B0D2C1C-9484-927F-DD6B-F3C1BE70D5EF}"
EndProject
Project("{FAE04EC0-301F-11D3-BF4B-00C04F79EFBC}") = "AgronicaNetCore.MeteoSuite.DAL", "..\AgronicaNetCore\AgronicaNetCore.MeteoSuite.DAL\AgronicaNetCore.MeteoSuite.DAL.csproj", "{D02C5760-471D-8AB6-7A6A-6E7FA66DE768}"
EndProject
Project("{FAE04EC0-301F-11D3-BF4B-00C04F79EFBC}") = "AgronicaNetCore.DSSDifesa.DAL", "..\AgronicaNetCore\AgronicaNetCore.DSSDifesa.DAL\AgronicaNetCore.DSSDifesa.DAL.csproj", "{38135D65-7B90-168B-8F5A-2DF76BEBEA6A}"
EndProject
Project("{FAE04EC0-301F-11D3-BF4B-00C04F79EFBC}") = "AgronicaNetCore.DSSDifesa.BIZ", "..\AgronicaNetCore\AgronicaNetCore.DSSDifesa.BIZ\AgronicaNetCore.DSSDifesa.BIZ.csproj", "{66A5F8FC-ED35-DACE-5879-DCF01557EC79}"
EndProject
Project("{FAE04EC0-301F-11D3-BF4B-00C04F79EFBC}") = "AgronicaNetCore.Gis.Shared", "..\AgronicaNetCore\AgronicaNetCore.Gis.Shared\AgronicaNetCore.Gis.Shared.csproj", "{5BFE561C-D840-CA83-4BE2-7B90B768DC19}"
EndProject
Project("{FAE04EC0-301F-11D3-BF4B-00C04F79EFBC}") = "AgronicaCoreVisibilitaStd", "..\AgronicaCoreStd\AgronicaCoreVisibilitaStd\AgronicaCoreVisibilitaStd.csproj", "{811522ED-FA2B-26E8-4CBD-F591F80A9BFB}"
EndProject
Global
	GlobalSection(SolutionConfigurationPlatforms) = preSolution
		Debug|Any CPU = Debug|Any CPU
		Release|Any CPU = Release|Any CPU
	EndGlobalSection
	GlobalSection(ProjectConfigurationPlatforms) = postSolution
		{BA1220AF-3149-4659-9186-79FE3E1F0740}.Debug|Any CPU.ActiveCfg = Debug|Any CPU
		{BA1220AF-3149-4659-9186-79FE3E1F0740}.Debug|Any CPU.Build.0 = Debug|Any CPU
		{BA1220AF-3149-4659-9186-79FE3E1F0740}.Release|Any CPU.ActiveCfg = Release|Any CPU
		{BA1220AF-3149-4659-9186-79FE3E1F0740}.Release|Any CPU.Build.0 = Release|Any CPU
		{C717FDF9-9927-4074-B6A0-21DFD0FEDF91}.Debug|Any CPU.ActiveCfg = Debug|Any CPU
		{C717FDF9-9927-4074-B6A0-21DFD0FEDF91}.Debug|Any CPU.Build.0 = Debug|Any CPU
		{C717FDF9-9927-4074-B6A0-21DFD0FEDF91}.Release|Any CPU.ActiveCfg = Release|Any CPU
		{C717FDF9-9927-4074-B6A0-21DFD0FEDF91}.Release|Any CPU.Build.0 = Release|Any CPU
		{BDC9AD5A-6C02-44D5-9CA8-DB9A315E8F8E}.Debug|Any CPU.ActiveCfg = Debug|Any CPU
		{BDC9AD5A-6C02-44D5-9CA8-DB9A315E8F8E}.Debug|Any CPU.Build.0 = Debug|Any CPU
		{BDC9AD5A-6C02-44D5-9CA8-DB9A315E8F8E}.Release|Any CPU.ActiveCfg = Release|Any CPU
		{BDC9AD5A-6C02-44D5-9CA8-DB9A315E8F8E}.Release|Any CPU.Build.0 = Release|Any CPU
		{111638A4-B5BE-4306-928C-F289D115FE73}.Debug|Any CPU.ActiveCfg = Debug|Any CPU
		{111638A4-B5BE-4306-928C-F289D115FE73}.Debug|Any CPU.Build.0 = Debug|Any CPU
		{111638A4-B5BE-4306-928C-F289D115FE73}.Release|Any CPU.ActiveCfg = Release|Any CPU
		{111638A4-B5BE-4306-928C-F289D115FE73}.Release|Any CPU.Build.0 = Release|Any CPU
		{BB3ED39C-C2B3-4BC5-AB93-56CB8199F983}.Debug|Any CPU.ActiveCfg = Debug|Any CPU
		{BB3ED39C-C2B3-4BC5-AB93-56CB8199F983}.Debug|Any CPU.Build.0 = Debug|Any CPU
		{BB3ED39C-C2B3-4BC5-AB93-56CB8199F983}.Release|Any CPU.ActiveCfg = Release|Any CPU
		{BB3ED39C-C2B3-4BC5-AB93-56CB8199F983}.Release|Any CPU.Build.0 = Release|Any CPU
		{8A137FDD-FD6B-47A0-A2AA-F6886D3A5941}.Debug|Any CPU.ActiveCfg = Debug|Any CPU
		{8A137FDD-FD6B-47A0-A2AA-F6886D3A5941}.Debug|Any CPU.Build.0 = Debug|Any CPU
		{8A137FDD-FD6B-47A0-A2AA-F6886D3A5941}.Release|Any CPU.ActiveCfg = Release|Any CPU
		{8A137FDD-FD6B-47A0-A2AA-F6886D3A5941}.Release|Any CPU.Build.0 = Release|Any CPU
		{983BF508-41C7-429B-9CF8-1251E56D2FF0}.Debug|Any CPU.ActiveCfg = Debug|Any CPU
		{983BF508-41C7-429B-9CF8-1251E56D2FF0}.Debug|Any CPU.Build.0 = Debug|Any CPU
		{983BF508-41C7-429B-9CF8-1251E56D2FF0}.Release|Any CPU.ActiveCfg = Release|Any CPU
		{983BF508-41C7-429B-9CF8-1251E56D2FF0}.Release|Any CPU.Build.0 = Release|Any CPU
		{F4CABB46-9F71-43C0-9F96-492209051075}.Debug|Any CPU.ActiveCfg = Debug|Any CPU
		{F4CABB46-9F71-43C0-9F96-492209051075}.Debug|Any CPU.Build.0 = Debug|Any CPU
		{F4CABB46-9F71-43C0-9F96-492209051075}.Release|Any CPU.ActiveCfg = Release|Any CPU
		{F4CABB46-9F71-43C0-9F96-492209051075}.Release|Any CPU.Build.0 = Release|Any CPU
		{FCD2B93B-DDD2-4416-B09A-F266EFAE51FF}.Debug|Any CPU.ActiveCfg = Debug|Any CPU
		{FCD2B93B-DDD2-4416-B09A-F266EFAE51FF}.Debug|Any CPU.Build.0 = Debug|Any CPU
		{FCD2B93B-DDD2-4416-B09A-F266EFAE51FF}.Release|Any CPU.ActiveCfg = Release|Any CPU
		{FCD2B93B-DDD2-4416-B09A-F266EFAE51FF}.Release|Any CPU.Build.0 = Release|Any CPU
		{E326F8F9-A281-4EC7-A88C-0A305DDB1BF7}.Debug|Any CPU.ActiveCfg = Debug|Any CPU
		{E326F8F9-A281-4EC7-A88C-0A305DDB1BF7}.Debug|Any CPU.Build.0 = Debug|Any CPU
		{E326F8F9-A281-4EC7-A88C-0A305DDB1BF7}.Release|Any CPU.ActiveCfg = Release|Any CPU
		{E326F8F9-A281-4EC7-A88C-0A305DDB1BF7}.Release|Any CPU.Build.0 = Release|Any CPU
		{BC8EC655-CDD1-4ECC-BBBA-63B5DCA866DE}.Debug|Any CPU.ActiveCfg = Debug|Any CPU
		{BC8EC655-CDD1-4ECC-BBBA-63B5DCA866DE}.Debug|Any CPU.Build.0 = Debug|Any CPU
		{BC8EC655-CDD1-4ECC-BBBA-63B5DCA866DE}.Release|Any CPU.ActiveCfg = Release|Any CPU
		{BC8EC655-CDD1-4ECC-BBBA-63B5DCA866DE}.Release|Any CPU.Build.0 = Release|Any CPU
		{18BDCA56-CCF3-4E58-86AC-7ECB1370B93D}.Debug|Any CPU.ActiveCfg = Debug|Any CPU
		{18BDCA56-CCF3-4E58-86AC-7ECB1370B93D}.Debug|Any CPU.Build.0 = Debug|Any CPU
		{18BDCA56-CCF3-4E58-86AC-7ECB1370B93D}.Release|Any CPU.ActiveCfg = Release|Any CPU
		{18BDCA56-CCF3-4E58-86AC-7ECB1370B93D}.Release|Any CPU.Build.0 = Release|Any CPU
		{97C4BE5D-FAE3-4F9B-A311-824FE3EB9BA5}.Debug|Any CPU.ActiveCfg = Debug|Any CPU
		{97C4BE5D-FAE3-4F9B-A311-824FE3EB9BA5}.Debug|Any CPU.Build.0 = Debug|Any CPU
		{97C4BE5D-FAE3-4F9B-A311-824FE3EB9BA5}.Release|Any CPU.ActiveCfg = Release|Any CPU
		{97C4BE5D-FAE3-4F9B-A311-824FE3EB9BA5}.Release|Any CPU.Build.0 = Release|Any CPU
		{0786A7CE-342F-4AC1-BA54-459C76D6C105}.Debug|Any CPU.ActiveCfg = Debug|Any CPU
		{0786A7CE-342F-4AC1-BA54-459C76D6C105}.Debug|Any CPU.Build.0 = Debug|Any CPU
		{0786A7CE-342F-4AC1-BA54-459C76D6C105}.Release|Any CPU.ActiveCfg = Release|Any CPU
		{0786A7CE-342F-4AC1-BA54-459C76D6C105}.Release|Any CPU.Build.0 = Release|Any CPU
		{9CAC4A84-51BD-4481-A129-50247CCABD1C}.Debug|Any CPU.ActiveCfg = Debug|Any CPU
		{9CAC4A84-51BD-4481-A129-50247CCABD1C}.Debug|Any CPU.Build.0 = Debug|Any CPU
		{9CAC4A84-51BD-4481-A129-50247CCABD1C}.Release|Any CPU.ActiveCfg = Release|Any CPU
		{9CAC4A84-51BD-4481-A129-50247CCABD1C}.Release|Any CPU.Build.0 = Release|Any CPU
		{726D1B9E-E224-4ACB-A2C4-86D336A7575F}.Debug|Any CPU.ActiveCfg = Debug|Any CPU
		{726D1B9E-E224-4ACB-A2C4-86D336A7575F}.Debug|Any CPU.Build.0 = Debug|Any CPU
		{726D1B9E-E224-4ACB-A2C4-86D336A7575F}.Release|Any CPU.ActiveCfg = Release|Any CPU
		{726D1B9E-E224-4ACB-A2C4-86D336A7575F}.Release|Any CPU.Build.0 = Release|Any CPU
		{733D7F53-F09E-4B09-B24E-9E520F3480AD}.Debug|Any CPU.ActiveCfg = Debug|Any CPU
		{733D7F53-F09E-4B09-B24E-9E520F3480AD}.Debug|Any CPU.Build.0 = Debug|Any CPU
		{733D7F53-F09E-4B09-B24E-9E520F3480AD}.Release|Any CPU.ActiveCfg = Release|Any CPU
		{733D7F53-F09E-4B09-B24E-9E520F3480AD}.Release|Any CPU.Build.0 = Release|Any CPU
		{39E7442E-4D95-4CF8-B213-5D6A244CCD66}.Debug|Any CPU.ActiveCfg = Debug|Any CPU
		{39E7442E-4D95-4CF8-B213-5D6A244CCD66}.Debug|Any CPU.Build.0 = Debug|Any CPU
		{39E7442E-4D95-4CF8-B213-5D6A244CCD66}.Release|Any CPU.ActiveCfg = Release|Any CPU
		{39E7442E-4D95-4CF8-B213-5D6A244CCD66}.Release|Any CPU.Build.0 = Release|Any CPU
		{EC08CA4A-1DAD-4AC9-A853-C2942A91307D}.Debug|Any CPU.ActiveCfg = Debug|Any CPU
		{EC08CA4A-1DAD-4AC9-A853-C2942A91307D}.Debug|Any CPU.Build.0 = Debug|Any CPU
		{EC08CA4A-1DAD-4AC9-A853-C2942A91307D}.Release|Any CPU.ActiveCfg = Release|Any CPU
		{EC08CA4A-1DAD-4AC9-A853-C2942A91307D}.Release|Any CPU.Build.0 = Release|Any CPU
		{BEC3E90A-4286-4F76-9EF6-2C916EA1BF73}.Debug|Any CPU.ActiveCfg = Debug|Any CPU
		{BEC3E90A-4286-4F76-9EF6-2C916EA1BF73}.Debug|Any CPU.Build.0 = Debug|Any CPU
		{BEC3E90A-4286-4F76-9EF6-2C916EA1BF73}.Release|Any CPU.ActiveCfg = Release|Any CPU
		{BEC3E90A-4286-4F76-9EF6-2C916EA1BF73}.Release|Any CPU.Build.0 = Release|Any CPU
		{374C870F-A86A-4A0A-A1F5-26F3BADD80C7}.Debug|Any CPU.ActiveCfg = Debug|Any CPU
		{374C870F-A86A-4A0A-A1F5-26F3BADD80C7}.Debug|Any CPU.Build.0 = Debug|Any CPU
		{374C870F-A86A-4A0A-A1F5-26F3BADD80C7}.Release|Any CPU.ActiveCfg = Release|Any CPU
		{374C870F-A86A-4A0A-A1F5-26F3BADD80C7}.Release|Any CPU.Build.0 = Release|Any CPU
		{4DC0E25C-8EAC-44D4-A986-05E1905C3435}.Debug|Any CPU.ActiveCfg = Debug|Any CPU
		{4DC0E25C-8EAC-44D4-A986-05E1905C3435}.Debug|Any CPU.Build.0 = Debug|Any CPU
		{4DC0E25C-8EAC-44D4-A986-05E1905C3435}.Release|Any CPU.ActiveCfg = Release|Any CPU
		{4DC0E25C-8EAC-44D4-A986-05E1905C3435}.Release|Any CPU.Build.0 = Release|Any CPU
		{38837CD8-ED7F-4463-B5E0-A239FFC61522}.Debug|Any CPU.ActiveCfg = Debug|Any CPU
		{38837CD8-ED7F-4463-B5E0-A239FFC61522}.Debug|Any CPU.Build.0 = Debug|Any CPU
		{38837CD8-ED7F-4463-B5E0-A239FFC61522}.Release|Any CPU.ActiveCfg = Release|Any CPU
		{38837CD8-ED7F-4463-B5E0-A239FFC61522}.Release|Any CPU.Build.0 = Release|Any CPU
		{231BE7E1-E9F1-4FE3-A359-9C3DA2C05068}.Debug|Any CPU.ActiveCfg = Debug|Any CPU
		{231BE7E1-E9F1-4FE3-A359-9C3DA2C05068}.Debug|Any CPU.Build.0 = Debug|Any CPU
		{231BE7E1-E9F1-4FE3-A359-9C3DA2C05068}.Release|Any CPU.ActiveCfg = Release|Any CPU
		{231BE7E1-E9F1-4FE3-A359-9C3DA2C05068}.Release|Any CPU.Build.0 = Release|Any CPU
		{9E3724C8-226C-44F9-9D2B-6FE0047A1E0D}.Debug|Any CPU.ActiveCfg = Debug|Any CPU
		{9E3724C8-226C-44F9-9D2B-6FE0047A1E0D}.Debug|Any CPU.Build.0 = Debug|Any CPU
		{9E3724C8-226C-44F9-9D2B-6FE0047A1E0D}.Release|Any CPU.ActiveCfg = Release|Any CPU
		{9E3724C8-226C-44F9-9D2B-6FE0047A1E0D}.Release|Any CPU.Build.0 = Release|Any CPU
		{40D044DB-CCFC-492B-B617-5325E9CBADCA}.Debug|Any CPU.ActiveCfg = Debug|Any CPU
		{40D044DB-CCFC-492B-B617-5325E9CBADCA}.Debug|Any CPU.Build.0 = Debug|Any CPU
		{40D044DB-CCFC-492B-B617-5325E9CBADCA}.Release|Any CPU.ActiveCfg = Release|Any CPU
		{40D044DB-CCFC-492B-B617-5325E9CBADCA}.Release|Any CPU.Build.0 = Release|Any CPU
		{D0251FC9-FE9A-4E1D-9B20-1A3172625741}.Debug|Any CPU.ActiveCfg = Debug|Any CPU
		{D0251FC9-FE9A-4E1D-9B20-1A3172625741}.Debug|Any CPU.Build.0 = Debug|Any CPU
		{D0251FC9-FE9A-4E1D-9B20-1A3172625741}.Release|Any CPU.ActiveCfg = Release|Any CPU
		{D0251FC9-FE9A-4E1D-9B20-1A3172625741}.Release|Any CPU.Build.0 = Release|Any CPU
		{895C5279-AC15-4CE5-9902-4EDEC124FD79}.Debug|Any CPU.ActiveCfg = Debug|Any CPU
		{895C5279-AC15-4CE5-9902-4EDEC124FD79}.Debug|Any CPU.Build.0 = Debug|Any CPU
		{895C5279-AC15-4CE5-9902-4EDEC124FD79}.Release|Any CPU.ActiveCfg = Release|Any CPU
		{895C5279-AC15-4CE5-9902-4EDEC124FD79}.Release|Any CPU.Build.0 = Release|Any CPU
		{8376B26E-64EB-419B-80AA-B20756B5007A}.Debug|Any CPU.ActiveCfg = Debug|Any CPU
		{8376B26E-64EB-419B-80AA-B20756B5007A}.Debug|Any CPU.Build.0 = Debug|Any CPU
		{8376B26E-64EB-419B-80AA-B20756B5007A}.Release|Any CPU.ActiveCfg = Release|Any CPU
		{8376B26E-64EB-419B-80AA-B20756B5007A}.Release|Any CPU.Build.0 = Release|Any CPU
		{F2AC5148-36C2-4BD3-A4A7-366DCCE07357}.Debug|Any CPU.ActiveCfg = Debug|Any CPU
		{F2AC5148-36C2-4BD3-A4A7-366DCCE07357}.Debug|Any CPU.Build.0 = Debug|Any CPU
		{F2AC5148-36C2-4BD3-A4A7-366DCCE07357}.Release|Any CPU.ActiveCfg = Release|Any CPU
		{F2AC5148-36C2-4BD3-A4A7-366DCCE07357}.Release|Any CPU.Build.0 = Release|Any CPU
		{057B1E94-095C-4AB0-ADF4-7FB336D339AF}.Debug|Any CPU.ActiveCfg = Debug|Any CPU
		{057B1E94-095C-4AB0-ADF4-7FB336D339AF}.Debug|Any CPU.Build.0 = Debug|Any CPU
		{057B1E94-095C-4AB0-ADF4-7FB336D339AF}.Release|Any CPU.ActiveCfg = Release|Any CPU
		{057B1E94-095C-4AB0-ADF4-7FB336D339AF}.Release|Any CPU.Build.0 = Release|Any CPU
		{D77EA09B-6798-4B70-BE6C-99CDC419F39D}.Debug|Any CPU.ActiveCfg = Debug|Any CPU
		{D77EA09B-6798-4B70-BE6C-99CDC419F39D}.Debug|Any CPU.Build.0 = Debug|Any CPU
		{D77EA09B-6798-4B70-BE6C-99CDC419F39D}.Release|Any CPU.ActiveCfg = Release|Any CPU
		{D77EA09B-6798-4B70-BE6C-99CDC419F39D}.Release|Any CPU.Build.0 = Release|Any CPU
		{4B0B5B00-702D-46E5-AFA3-AE79B19135C3}.Debug|Any CPU.ActiveCfg = Debug|Any CPU
		{4B0B5B00-702D-46E5-AFA3-AE79B19135C3}.Debug|Any CPU.Build.0 = Debug|Any CPU
		{4B0B5B00-702D-46E5-AFA3-AE79B19135C3}.Release|Any CPU.ActiveCfg = Release|Any CPU
		{4B0B5B00-702D-46E5-AFA3-AE79B19135C3}.Release|Any CPU.Build.0 = Release|Any CPU
		{BB84B61F-CFA1-4AFD-87D7-E3A5D8B27959}.Debug|Any CPU.ActiveCfg = Debug|Any CPU
		{BB84B61F-CFA1-4AFD-87D7-E3A5D8B27959}.Debug|Any CPU.Build.0 = Debug|Any CPU
		{BB84B61F-CFA1-4AFD-87D7-E3A5D8B27959}.Release|Any CPU.ActiveCfg = Release|Any CPU
		{BB84B61F-CFA1-4AFD-87D7-E3A5D8B27959}.Release|Any CPU.Build.0 = Release|Any CPU
		{A9233403-6DA3-496F-8360-9173B728FF66}.Debug|Any CPU.ActiveCfg = Debug|Any CPU
		{A9233403-6DA3-496F-8360-9173B728FF66}.Debug|Any CPU.Build.0 = Debug|Any CPU
		{A9233403-6DA3-496F-8360-9173B728FF66}.Release|Any CPU.ActiveCfg = Release|Any CPU
		{A9233403-6DA3-496F-8360-9173B728FF66}.Release|Any CPU.Build.0 = Release|Any CPU
		{7AA2D8CB-C3F4-484E-9896-A8C985C4283B}.Debug|Any CPU.ActiveCfg = Debug|Any CPU
		{7AA2D8CB-C3F4-484E-9896-A8C985C4283B}.Debug|Any CPU.Build.0 = Debug|Any CPU
		{7AA2D8CB-C3F4-484E-9896-A8C985C4283B}.Release|Any CPU.ActiveCfg = Release|Any CPU
		{7AA2D8CB-C3F4-484E-9896-A8C985C4283B}.Release|Any CPU.Build.0 = Release|Any CPU
		{7942C239-3C2C-4244-8D02-A7111A9240B1}.Debug|Any CPU.ActiveCfg = Debug|Any CPU
		{7942C239-3C2C-4244-8D02-A7111A9240B1}.Debug|Any CPU.Build.0 = Debug|Any CPU
		{7942C239-3C2C-4244-8D02-A7111A9240B1}.Release|Any CPU.ActiveCfg = Release|Any CPU
		{7942C239-3C2C-4244-8D02-A7111A9240B1}.Release|Any CPU.Build.0 = Release|Any CPU
		{648BCB42-9619-4430-AFA7-82222DB735B4}.Debug|Any CPU.ActiveCfg = Debug|Any CPU
		{648BCB42-9619-4430-AFA7-82222DB735B4}.Debug|Any CPU.Build.0 = Debug|Any CPU
		{648BCB42-9619-4430-AFA7-82222DB735B4}.Release|Any CPU.ActiveCfg = Release|Any CPU
		{648BCB42-9619-4430-AFA7-82222DB735B4}.Release|Any CPU.Build.0 = Release|Any CPU
		{90B35C65-5CFC-439B-A8CC-06473A671119}.Debug|Any CPU.ActiveCfg = Debug|Any CPU
		{90B35C65-5CFC-439B-A8CC-06473A671119}.Debug|Any CPU.Build.0 = Debug|Any CPU
		{90B35C65-5CFC-439B-A8CC-06473A671119}.Release|Any CPU.ActiveCfg = Release|Any CPU
		{90B35C65-5CFC-439B-A8CC-06473A671119}.Release|Any CPU.Build.0 = Release|Any CPU
		{08E72902-F36F-408B-A18D-D11D5113291D}.Debug|Any CPU.ActiveCfg = Debug|Any CPU
		{08E72902-F36F-408B-A18D-D11D5113291D}.Debug|Any CPU.Build.0 = Debug|Any CPU
		{08E72902-F36F-408B-A18D-D11D5113291D}.Release|Any CPU.ActiveCfg = Release|Any CPU
		{08E72902-F36F-408B-A18D-D11D5113291D}.Release|Any CPU.Build.0 = Release|Any CPU
		{E7FBA075-826C-4875-8A3B-A51300566DE7}.Debug|Any CPU.ActiveCfg = Debug|Any CPU
		{E7FBA075-826C-4875-8A3B-A51300566DE7}.Debug|Any CPU.Build.0 = Debug|Any CPU
		{E7FBA075-826C-4875-8A3B-A51300566DE7}.Release|Any CPU.ActiveCfg = Release|Any CPU
		{E7FBA075-826C-4875-8A3B-A51300566DE7}.Release|Any CPU.Build.0 = Release|Any CPU
		{6262EEF9-280E-4ADD-8EBA-BF429A71A721}.Debug|Any CPU.ActiveCfg = Debug|Any CPU
		{6262EEF9-280E-4ADD-8EBA-BF429A71A721}.Debug|Any CPU.Build.0 = Debug|Any CPU
		{6262EEF9-280E-4ADD-8EBA-BF429A71A721}.Release|Any CPU.ActiveCfg = Release|Any CPU
		{6262EEF9-280E-4ADD-8EBA-BF429A71A721}.Release|Any CPU.Build.0 = Release|Any CPU
		{EE936DE1-20E6-4049-A424-0F463F1ACC62}.Debug|Any CPU.ActiveCfg = Debug|Any CPU
		{EE936DE1-20E6-4049-A424-0F463F1ACC62}.Debug|Any CPU.Build.0 = Debug|Any CPU
		{EE936DE1-20E6-4049-A424-0F463F1ACC62}.Release|Any CPU.ActiveCfg = Release|Any CPU
		{EE936DE1-20E6-4049-A424-0F463F1ACC62}.Release|Any CPU.Build.0 = Release|Any CPU
		{15000413-56AD-41C5-BC8D-73F0A9F4AF3F}.Debug|Any CPU.ActiveCfg = Debug|Any CPU
		{15000413-56AD-41C5-BC8D-73F0A9F4AF3F}.Debug|Any CPU.Build.0 = Debug|Any CPU
		{15000413-56AD-41C5-BC8D-73F0A9F4AF3F}.Release|Any CPU.ActiveCfg = Release|Any CPU
		{15000413-56AD-41C5-BC8D-73F0A9F4AF3F}.Release|Any CPU.Build.0 = Release|Any CPU
		{BA7A36C8-A724-4F57-A446-E9F923661043}.Debug|Any CPU.ActiveCfg = Debug|Any CPU
		{BA7A36C8-A724-4F57-A446-E9F923661043}.Debug|Any CPU.Build.0 = Debug|Any CPU
		{BA7A36C8-A724-4F57-A446-E9F923661043}.Release|Any CPU.ActiveCfg = Release|Any CPU
		{BA7A36C8-A724-4F57-A446-E9F923661043}.Release|Any CPU.Build.0 = Release|Any CPU
		{970E97A4-B2EC-4F7A-9028-FCAEAF1B5299}.Debug|Any CPU.ActiveCfg = Debug|Any CPU
		{970E97A4-B2EC-4F7A-9028-FCAEAF1B5299}.Debug|Any CPU.Build.0 = Debug|Any CPU
		{970E97A4-B2EC-4F7A-9028-FCAEAF1B5299}.Release|Any CPU.ActiveCfg = Release|Any CPU
		{970E97A4-B2EC-4F7A-9028-FCAEAF1B5299}.Release|Any CPU.Build.0 = Release|Any CPU
		{DE7F833F-D330-4ED6-9190-50221BCA3B3A}.Debug|Any CPU.ActiveCfg = Debug|Any CPU
		{DE7F833F-D330-4ED6-9190-50221BCA3B3A}.Debug|Any CPU.Build.0 = Debug|Any CPU
		{DE7F833F-D330-4ED6-9190-50221BCA3B3A}.Release|Any CPU.ActiveCfg = Release|Any CPU
		{DE7F833F-D330-4ED6-9190-50221BCA3B3A}.Release|Any CPU.Build.0 = Release|Any CPU
		{91C16197-D913-485B-907C-2F8B6E756C2E}.Debug|Any CPU.ActiveCfg = Debug|Any CPU
		{91C16197-D913-485B-907C-2F8B6E756C2E}.Debug|Any CPU.Build.0 = Debug|Any CPU
		{91C16197-D913-485B-907C-2F8B6E756C2E}.Release|Any CPU.ActiveCfg = Release|Any CPU
		{91C16197-D913-485B-907C-2F8B6E756C2E}.Release|Any CPU.Build.0 = Release|Any CPU
		{41B8AE1E-39DF-47B8-B669-EF414128DDE3}.Debug|Any CPU.ActiveCfg = Debug|Any CPU
		{41B8AE1E-39DF-47B8-B669-EF414128DDE3}.Debug|Any CPU.Build.0 = Debug|Any CPU
		{41B8AE1E-39DF-47B8-B669-EF414128DDE3}.Release|Any CPU.ActiveCfg = Release|Any CPU
		{41B8AE1E-39DF-47B8-B669-EF414128DDE3}.Release|Any CPU.Build.0 = Release|Any CPU
		{6A4E60B3-584A-4EF4-8138-11BB73944C2A}.Debug|Any CPU.ActiveCfg = Debug|Any CPU
		{6A4E60B3-584A-4EF4-8138-11BB73944C2A}.Debug|Any CPU.Build.0 = Debug|Any CPU
		{6A4E60B3-584A-4EF4-8138-11BB73944C2A}.Release|Any CPU.ActiveCfg = Release|Any CPU
		{6A4E60B3-584A-4EF4-8138-11BB73944C2A}.Release|Any CPU.Build.0 = Release|Any CPU
		{5DE6D6B7-55E5-7161-887D-116519074D3A}.Debug|Any CPU.ActiveCfg = Debug|Any CPU
		{5DE6D6B7-55E5-7161-887D-116519074D3A}.Debug|Any CPU.Build.0 = Debug|Any CPU
		{5DE6D6B7-55E5-7161-887D-116519074D3A}.Release|Any CPU.ActiveCfg = Release|Any CPU
		{5DE6D6B7-55E5-7161-887D-116519074D3A}.Release|Any CPU.Build.0 = Release|Any CPU
		{AEFA1898-6D64-861D-3C70-5E93A461E92A}.Debug|Any CPU.ActiveCfg = Debug|Any CPU
		{AEFA1898-6D64-861D-3C70-5E93A461E92A}.Debug|Any CPU.Build.0 = Debug|Any CPU
		{AEFA1898-6D64-861D-3C70-5E93A461E92A}.Release|Any CPU.ActiveCfg = Release|Any CPU
		{AEFA1898-6D64-861D-3C70-5E93A461E92A}.Release|Any CPU.Build.0 = Release|Any CPU
		{B2B1CEE2-A9A1-477A-8451-4887061880F7}.Debug|Any CPU.ActiveCfg = Debug|Any CPU
		{B2B1CEE2-A9A1-477A-8451-4887061880F7}.Debug|Any CPU.Build.0 = Debug|Any CPU
		{B2B1CEE2-A9A1-477A-8451-4887061880F7}.Release|Any CPU.ActiveCfg = Release|Any CPU
		{B2B1CEE2-A9A1-477A-8451-4887061880F7}.Release|Any CPU.Build.0 = Release|Any CPU
		{48F9079E-0C39-F65E-B660-96FD7C564D6E}.Debug|Any CPU.ActiveCfg = Debug|Any CPU
		{48F9079E-0C39-F65E-B660-96FD7C564D6E}.Debug|Any CPU.Build.0 = Debug|Any CPU
		{48F9079E-0C39-F65E-B660-96FD7C564D6E}.Release|Any CPU.ActiveCfg = Release|Any CPU
		{48F9079E-0C39-F65E-B660-96FD7C564D6E}.Release|Any CPU.Build.0 = Release|Any CPU
		{25639AE0-73A1-40CA-ABAA-EBF6F5A09649}.Debug|Any CPU.ActiveCfg = Debug|Any CPU
		{25639AE0-73A1-40CA-ABAA-EBF6F5A09649}.Debug|Any CPU.Build.0 = Debug|Any CPU
		{25639AE0-73A1-40CA-ABAA-EBF6F5A09649}.Release|Any CPU.ActiveCfg = Release|Any CPU
		{25639AE0-73A1-40CA-ABAA-EBF6F5A09649}.Release|Any CPU.Build.0 = Release|Any CPU
		{BC43B06C-ED04-4AE0-9A08-B01F54897105}.Debug|Any CPU.ActiveCfg = Debug|Any CPU
		{BC43B06C-ED04-4AE0-9A08-B01F54897105}.Debug|Any CPU.Build.0 = Debug|Any CPU
		{BC43B06C-ED04-4AE0-9A08-B01F54897105}.Release|Any CPU.ActiveCfg = Release|Any CPU
		{BC43B06C-ED04-4AE0-9A08-B01F54897105}.Release|Any CPU.Build.0 = Release|Any CPU
		{E7B2CA15-A4A6-4666-AD25-B397F92C591F}.Debug|Any CPU.ActiveCfg = Debug|Any CPU
		{E7B2CA15-A4A6-4666-AD25-B397F92C591F}.Debug|Any CPU.Build.0 = Debug|Any CPU
		{E7B2CA15-A4A6-4666-AD25-B397F92C591F}.Release|Any CPU.ActiveCfg = Release|Any CPU
		{E7B2CA15-A4A6-4666-AD25-B397F92C591F}.Release|Any CPU.Build.0 = Release|Any CPU
		{265064AB-F16A-472E-B677-B47C513F96B1}.Debug|Any CPU.ActiveCfg = Debug|Any CPU
		{265064AB-F16A-472E-B677-B47C513F96B1}.Debug|Any CPU.Build.0 = Debug|Any CPU
		{265064AB-F16A-472E-B677-B47C513F96B1}.Release|Any CPU.ActiveCfg = Release|Any CPU
		{265064AB-F16A-472E-B677-B47C513F96B1}.Release|Any CPU.Build.0 = Release|Any CPU
		{1FD43731-6F7C-B0A8-CDA7-52E50CF337EE}.Debug|Any CPU.ActiveCfg = Debug|Any CPU
		{1FD43731-6F7C-B0A8-CDA7-52E50CF337EE}.Debug|Any CPU.Build.0 = Debug|Any CPU
		{1FD43731-6F7C-B0A8-CDA7-52E50CF337EE}.Release|Any CPU.ActiveCfg = Release|Any CPU
		{1FD43731-6F7C-B0A8-CDA7-52E50CF337EE}.Release|Any CPU.Build.0 = Release|Any CPU
		{249848CE-E20B-E49F-7566-28F0F65BDF33}.Debug|Any CPU.ActiveCfg = Debug|Any CPU
		{249848CE-E20B-E49F-7566-28F0F65BDF33}.Debug|Any CPU.Build.0 = Debug|Any CPU
		{249848CE-E20B-E49F-7566-28F0F65BDF33}.Release|Any CPU.ActiveCfg = Release|Any CPU
		{249848CE-E20B-E49F-7566-28F0F65BDF33}.Release|Any CPU.Build.0 = Release|Any CPU
		{9F9B9B54-F862-A7D0-67BA-23575C93B840}.Debug|Any CPU.ActiveCfg = Debug|Any CPU
		{9F9B9B54-F862-A7D0-67BA-23575C93B840}.Debug|Any CPU.Build.0 = Debug|Any CPU
		{9F9B9B54-F862-A7D0-67BA-23575C93B840}.Release|Any CPU.ActiveCfg = Release|Any CPU
		{9F9B9B54-F862-A7D0-67BA-23575C93B840}.Release|Any CPU.Build.0 = Release|Any CPU
		{9EE24BBB-A5F1-BB18-05C3-405E6CD12BDE}.Debug|Any CPU.ActiveCfg = Debug|Any CPU
		{9EE24BBB-A5F1-BB18-05C3-405E6CD12BDE}.Debug|Any CPU.Build.0 = Debug|Any CPU
		{9EE24BBB-A5F1-BB18-05C3-405E6CD12BDE}.Release|Any CPU.ActiveCfg = Release|Any CPU
		{9EE24BBB-A5F1-BB18-05C3-405E6CD12BDE}.Release|Any CPU.Build.0 = Release|Any CPU
		{B5072885-876B-22E6-28B3-26835EBD38F2}.Debug|Any CPU.ActiveCfg = Debug|Any CPU
		{B5072885-876B-22E6-28B3-26835EBD38F2}.Debug|Any CPU.Build.0 = Debug|Any CPU
		{B5072885-876B-22E6-28B3-26835EBD38F2}.Release|Any CPU.ActiveCfg = Release|Any CPU
		{B5072885-876B-22E6-28B3-26835EBD38F2}.Release|Any CPU.Build.0 = Release|Any CPU
		{6B0D2C1C-9484-927F-DD6B-F3C1BE70D5EF}.Debug|Any CPU.ActiveCfg = Debug|Any CPU
		{6B0D2C1C-9484-927F-DD6B-F3C1BE70D5EF}.Debug|Any CPU.Build.0 = Debug|Any CPU
		{6B0D2C1C-9484-927F-DD6B-F3C1BE70D5EF}.Release|Any CPU.ActiveCfg = Release|Any CPU
		{6B0D2C1C-9484-927F-DD6B-F3C1BE70D5EF}.Release|Any CPU.Build.0 = Release|Any CPU
		{D02C5760-471D-8AB6-7A6A-6E7FA66DE768}.Debug|Any CPU.ActiveCfg = Debug|Any CPU
		{D02C5760-471D-8AB6-7A6A-6E7FA66DE768}.Debug|Any CPU.Build.0 = Debug|Any CPU
		{D02C5760-471D-8AB6-7A6A-6E7FA66DE768}.Release|Any CPU.ActiveCfg = Release|Any CPU
		{D02C5760-471D-8AB6-7A6A-6E7FA66DE768}.Release|Any CPU.Build.0 = Release|Any CPU
		{38135D65-7B90-168B-8F5A-2DF76BEBEA6A}.Debug|Any CPU.ActiveCfg = Debug|Any CPU
		{38135D65-7B90-168B-8F5A-2DF76BEBEA6A}.Debug|Any CPU.Build.0 = Debug|Any CPU
		{38135D65-7B90-168B-8F5A-2DF76BEBEA6A}.Release|Any CPU.ActiveCfg = Release|Any CPU
		{38135D65-7B90-168B-8F5A-2DF76BEBEA6A}.Release|Any CPU.Build.0 = Release|Any CPU
		{66A5F8FC-ED35-DACE-5879-DCF01557EC79}.Debug|Any CPU.ActiveCfg = Debug|Any CPU
		{66A5F8FC-ED35-DACE-5879-DCF01557EC79}.Debug|Any CPU.Build.0 = Debug|Any CPU
		{66A5F8FC-ED35-DACE-5879-DCF01557EC79}.Release|Any CPU.ActiveCfg = Release|Any CPU
		{66A5F8FC-ED35-DACE-5879-DCF01557EC79}.Release|Any CPU.Build.0 = Release|Any CPU
		{5BFE561C-D840-CA83-4BE2-7B90B768DC19}.Debug|Any CPU.ActiveCfg = Debug|Any CPU
		{5BFE561C-D840-CA83-4BE2-7B90B768DC19}.Debug|Any CPU.Build.0 = Debug|Any CPU
		{5BFE561C-D840-CA83-4BE2-7B90B768DC19}.Release|Any CPU.ActiveCfg = Release|Any CPU
		{5BFE561C-D840-CA83-4BE2-7B90B768DC19}.Release|Any CPU.Build.0 = Release|Any CPU
		{811522ED-FA2B-26E8-4CBD-F591F80A9BFB}.Debug|Any CPU.ActiveCfg = Debug|Any CPU
		{811522ED-FA2B-26E8-4CBD-F591F80A9BFB}.Debug|Any CPU.Build.0 = Debug|Any CPU
		{811522ED-FA2B-26E8-4CBD-F591F80A9BFB}.Release|Any CPU.ActiveCfg = Release|Any CPU
		{811522ED-FA2B-26E8-4CBD-F591F80A9BFB}.Release|Any CPU.Build.0 = Release|Any CPU
	EndGlobalSection
	GlobalSection(SolutionProperties) = preSolution
		HideSolutionNode = FALSE
	EndGlobalSection
	GlobalSection(NestedProjects) = preSolution
		{BA1220AF-3149-4659-9186-79FE3E1F0740} = {2FE1C041-FF6F-4120-803C-96E4F5668FD7}
		{C717FDF9-9927-4074-B6A0-21DFD0FEDF91} = {2FE1C041-FF6F-4120-803C-96E4F5668FD7}
		{111638A4-B5BE-4306-928C-F289D115FE73} = {589CCCAB-C9A1-4135-AD1C-DB685C9AB841}
		{BB3ED39C-C2B3-4BC5-AB93-56CB8199F983} = {589CCCAB-C9A1-4135-AD1C-DB685C9AB841}
		{8A137FDD-FD6B-47A0-A2AA-F6886D3A5941} = {589CCCAB-C9A1-4135-AD1C-DB685C9AB841}
		{983BF508-41C7-429B-9CF8-1251E56D2FF0} = {589CCCAB-C9A1-4135-AD1C-DB685C9AB841}
		{F4CABB46-9F71-43C0-9F96-492209051075} = {589CCCAB-C9A1-4135-AD1C-DB685C9AB841}
		{FCD2B93B-DDD2-4416-B09A-F266EFAE51FF} = {589CCCAB-C9A1-4135-AD1C-DB685C9AB841}
		{E326F8F9-A281-4EC7-A88C-0A305DDB1BF7} = {589CCCAB-C9A1-4135-AD1C-DB685C9AB841}
		{BC8EC655-CDD1-4ECC-BBBA-63B5DCA866DE} = {2FE1C041-FF6F-4120-803C-96E4F5668FD7}
		{18BDCA56-CCF3-4E58-86AC-7ECB1370B93D} = {2FE1C041-FF6F-4120-803C-96E4F5668FD7}
		{97C4BE5D-FAE3-4F9B-A311-824FE3EB9BA5} = {589CCCAB-C9A1-4135-AD1C-DB685C9AB841}
		{0786A7CE-342F-4AC1-BA54-459C76D6C105} = {589CCCAB-C9A1-4135-AD1C-DB685C9AB841}
		{9CAC4A84-51BD-4481-A129-50247CCABD1C} = {589CCCAB-C9A1-4135-AD1C-DB685C9AB841}
		{726D1B9E-E224-4ACB-A2C4-86D336A7575F} = {589CCCAB-C9A1-4135-AD1C-DB685C9AB841}
		{733D7F53-F09E-4B09-B24E-9E520F3480AD} = {589CCCAB-C9A1-4135-AD1C-DB685C9AB841}
		{39E7442E-4D95-4CF8-B213-5D6A244CCD66} = {589CCCAB-C9A1-4135-AD1C-DB685C9AB841}
		{EC08CA4A-1DAD-4AC9-A853-C2942A91307D} = {589CCCAB-C9A1-4135-AD1C-DB685C9AB841}
		{BEC3E90A-4286-4F76-9EF6-2C916EA1BF73} = {589CCCAB-C9A1-4135-AD1C-DB685C9AB841}
		{374C870F-A86A-4A0A-A1F5-26F3BADD80C7} = {589CCCAB-C9A1-4135-AD1C-DB685C9AB841}
		{4DC0E25C-8EAC-44D4-A986-05E1905C3435} = {589CCCAB-C9A1-4135-AD1C-DB685C9AB841}
		{38837CD8-ED7F-4463-B5E0-A239FFC61522} = {589CCCAB-C9A1-4135-AD1C-DB685C9AB841}
		{231BE7E1-E9F1-4FE3-A359-9C3DA2C05068} = {589CCCAB-C9A1-4135-AD1C-DB685C9AB841}
		{9E3724C8-226C-44F9-9D2B-6FE0047A1E0D} = {589CCCAB-C9A1-4135-AD1C-DB685C9AB841}
		{40D044DB-CCFC-492B-B617-5325E9CBADCA} = {589CCCAB-C9A1-4135-AD1C-DB685C9AB841}
		{D0251FC9-FE9A-4E1D-9B20-1A3172625741} = {589CCCAB-C9A1-4135-AD1C-DB685C9AB841}
		{895C5279-AC15-4CE5-9902-4EDEC124FD79} = {589CCCAB-C9A1-4135-AD1C-DB685C9AB841}
		{8376B26E-64EB-419B-80AA-B20756B5007A} = {589CCCAB-C9A1-4135-AD1C-DB685C9AB841}
		{F2AC5148-36C2-4BD3-A4A7-366DCCE07357} = {589CCCAB-C9A1-4135-AD1C-DB685C9AB841}
		{057B1E94-095C-4AB0-ADF4-7FB336D339AF} = {589CCCAB-C9A1-4135-AD1C-DB685C9AB841}
		{D77EA09B-6798-4B70-BE6C-99CDC419F39D} = {589CCCAB-C9A1-4135-AD1C-DB685C9AB841}
		{4B0B5B00-702D-46E5-AFA3-AE79B19135C3} = {589CCCAB-C9A1-4135-AD1C-DB685C9AB841}
		{BB84B61F-CFA1-4AFD-87D7-E3A5D8B27959} = {589CCCAB-C9A1-4135-AD1C-DB685C9AB841}
		{A9233403-6DA3-496F-8360-9173B728FF66} = {589CCCAB-C9A1-4135-AD1C-DB685C9AB841}
		{7AA2D8CB-C3F4-484E-9896-A8C985C4283B} = {589CCCAB-C9A1-4135-AD1C-DB685C9AB841}
		{7942C239-3C2C-4244-8D02-A7111A9240B1} = {589CCCAB-C9A1-4135-AD1C-DB685C9AB841}
		{648BCB42-9619-4430-AFA7-82222DB735B4} = {589CCCAB-C9A1-4135-AD1C-DB685C9AB841}
		{90B35C65-5CFC-439B-A8CC-06473A671119} = {589CCCAB-C9A1-4135-AD1C-DB685C9AB841}
		{08E72902-F36F-408B-A18D-D11D5113291D} = {589CCCAB-C9A1-4135-AD1C-DB685C9AB841}
		{E7FBA075-826C-4875-8A3B-A51300566DE7} = {589CCCAB-C9A1-4135-AD1C-DB685C9AB841}
		{6262EEF9-280E-4ADD-8EBA-BF429A71A721} = {589CCCAB-C9A1-4135-AD1C-DB685C9AB841}
		{EE936DE1-20E6-4049-A424-0F463F1ACC62} = {589CCCAB-C9A1-4135-AD1C-DB685C9AB841}
		{15000413-56AD-41C5-BC8D-73F0A9F4AF3F} = {589CCCAB-C9A1-4135-AD1C-DB685C9AB841}
		{BA7A36C8-A724-4F57-A446-E9F923661043} = {589CCCAB-C9A1-4135-AD1C-DB685C9AB841}
		{970E97A4-B2EC-4F7A-9028-FCAEAF1B5299} = {589CCCAB-C9A1-4135-AD1C-DB685C9AB841}
		{DE7F833F-D330-4ED6-9190-50221BCA3B3A} = {589CCCAB-C9A1-4135-AD1C-DB685C9AB841}
		{91C16197-D913-485B-907C-2F8B6E756C2E} = {589CCCAB-C9A1-4135-AD1C-DB685C9AB841}
		{41B8AE1E-39DF-47B8-B669-EF414128DDE3} = {589CCCAB-C9A1-4135-AD1C-DB685C9AB841}
		{6A4E60B3-584A-4EF4-8138-11BB73944C2A} = {589CCCAB-C9A1-4135-AD1C-DB685C9AB841}
		{5DE6D6B7-55E5-7161-887D-116519074D3A} = {589CCCAB-C9A1-4135-AD1C-DB685C9AB841}
		{AEFA1898-6D64-861D-3C70-5E93A461E92A} = {589CCCAB-C9A1-4135-AD1C-DB685C9AB841}
		{B2B1CEE2-A9A1-477A-8451-4887061880F7} = {589CCCAB-C9A1-4135-AD1C-DB685C9AB841}
		{48F9079E-0C39-F65E-B660-96FD7C564D6E} = {589CCCAB-C9A1-4135-AD1C-DB685C9AB841}
		{25639AE0-73A1-40CA-ABAA-EBF6F5A09649} = {589CCCAB-C9A1-4135-AD1C-DB685C9AB841}
		{BC43B06C-ED04-4AE0-9A08-B01F54897105} = {589CCCAB-C9A1-4135-AD1C-DB685C9AB841}
		{E7B2CA15-A4A6-4666-AD25-B397F92C591F} = {589CCCAB-C9A1-4135-AD1C-DB685C9AB841}
		{265064AB-F16A-472E-B677-B47C513F96B1} = {589CCCAB-C9A1-4135-AD1C-DB685C9AB841}
		{1FD43731-6F7C-B0A8-CDA7-52E50CF337EE} = {2FE1C041-FF6F-4120-803C-96E4F5668FD7}
		{249848CE-E20B-E49F-7566-28F0F65BDF33} = {2FE1C041-FF6F-4120-803C-96E4F5668FD7}
		{9F9B9B54-F862-A7D0-67BA-23575C93B840} = {2FE1C041-FF6F-4120-803C-96E4F5668FD7}
		{9EE24BBB-A5F1-BB18-05C3-405E6CD12BDE} = {589CCCAB-C9A1-4135-AD1C-DB685C9AB841}
		{B5072885-876B-22E6-28B3-26835EBD38F2} = {589CCCAB-C9A1-4135-AD1C-DB685C9AB841}
		{6B0D2C1C-9484-927F-DD6B-F3C1BE70D5EF} = {589CCCAB-C9A1-4135-AD1C-DB685C9AB841}
		{D02C5760-471D-8AB6-7A6A-6E7FA66DE768} = {589CCCAB-C9A1-4135-AD1C-DB685C9AB841}
		{38135D65-7B90-168B-8F5A-2DF76BEBEA6A} = {589CCCAB-C9A1-4135-AD1C-DB685C9AB841}
		{66A5F8FC-ED35-DACE-5879-DCF01557EC79} = {589CCCAB-C9A1-4135-AD1C-DB685C9AB841}
		{5BFE561C-D840-CA83-4BE2-7B90B768DC19} = {589CCCAB-C9A1-4135-AD1C-DB685C9AB841}
		{811522ED-FA2B-26E8-4CBD-F591F80A9BFB} = {2FE1C041-FF6F-4120-803C-96E4F5668FD7}
	EndGlobalSection
	GlobalSection(ExtensibilityGlobals) = postSolution
		SolutionGuid = {67CB148F-1F56-4D09-B1A5-10ED8EE05BA8}
	EndGlobalSection
EndGlobal
