
Microsoft Visual Studio Solution File, Format Version 12.00
# Visual Studio Version 16
VisualStudioVersion = 16.0.30907.101
MinimumVisualStudioVersion = 10.0.40219.1
Project("{F184B08F-C81C-45F6-A57F-5ABD9991F28F}") = "AgronicaCoreGisDAL", "AgronicaCoreGisDAL\AgronicaCoreGisDAL.vbproj", "{D6963B76-054B-4070-8BAD-DC9CC4C6F8D7}"
	ProjectSection(ProjectDependencies) = postProject
		{D1E4EDCA-946A-44B1-AA32-F315E0A9F13C} = {D1E4EDCA-946A-44B1-AA32-F315E0A9F13C}
	EndProjectSection
EndProject
Project("{F184B08F-C81C-45F6-A57F-5ABD9991F28F}") = "AgronicaCoreDataProvider", "..\AgronicaCore_2010\AgronicaCoreDataProvider\AgronicaCoreDataProvider.vbproj", "{D1E4EDCA-946A-44B1-AA32-F315E0A9F13C}"
EndProject
Project("{F184B08F-C81C-45F6-A57F-5ABD9991F28F}") = "AgronicaCoreGisBIZ", "AgronicaCoreGisBIZ\AgronicaCoreGisBIZ.vbproj", "{8942B252-809E-4FE1-9284-A3FDD7A174EA}"
EndProject
Project("{F184B08F-C81C-45F6-A57F-5ABD9991F28F}") = "AgronicaGIS2012.Commons", "..\AgronicaGIS2012\AgronicaGIS2012.Commons\AgronicaGIS2012.Commons.vbproj", "{BEA06BCC-9EBB-43BC-BB37-FD4519D128D3}"
EndProject
Project("{F184B08F-C81C-45F6-A57F-5ABD9991F28F}") = "AgronicaCoreAnagrafeDAL", "..\AgronicaCore_2010\AgronicaCoreAnagrafeDAL\AgronicaCoreAnagrafeDAL.vbproj", "{4489BE20-BBE8-4B33-A6C3-82B845521073}"
EndProject
Project("{F184B08F-C81C-45F6-A57F-5ABD9991F28F}") = "AgronicaCoreUtentiDAL", "..\AgronicaCore_2010\AgronicaCoreUtentiDAL\AgronicaCoreUtentiDAL.vbproj", "{7430F460-F70F-4E5C-85F3-FEFD8E7EECBE}"
EndProject
Project("{F184B08F-C81C-45F6-A57F-5ABD9991F28F}") = "AgronicaCoreContabHLP", "..\AgronicaCore_2010\AgronicaCoreContabHLP\AgronicaCoreContabHLP.vbproj", "{03C0A225-5A83-4A65-B3AA-207E2932AEF8}"
EndProject
Project("{F184B08F-C81C-45F6-A57F-5ABD9991F28F}") = "AgronicaCoreVarieDAL", "..\AgronicaCore_2010\AgronicaCoreVarieDAL\AgronicaCoreVarieDAL.vbproj", "{0746D560-498B-435B-B197-FAA7FF9BD0DA}"
EndProject
Project("{F184B08F-C81C-45F6-A57F-5ABD9991F28F}") = "AgronicaCoreAnagrafeBIZ", "..\AgronicaCore_2010\AgronicaCoreAnagrafeBIZ\AgronicaCoreAnagrafeBIZ.vbproj", "{23F6D423-BC4F-4D05-A52A-67FA593234C8}"
EndProject
Project("{F184B08F-C81C-45F6-A57F-5ABD9991F28F}") = "AgronicaCoreUtility", "..\AgronicaCore_2010\AgronicaCoreUtility\AgronicaCoreUtility.vbproj", "{1C26FAC0-09AD-4D00-9FA6-6142B93542CF}"
EndProject
Project("{F184B08F-C81C-45F6-A57F-5ABD9991F28F}") = "AgronicaCoreXML", "..\AgronicaCore_2010\AgronicaCoreXML\AgronicaCoreXML.vbproj", "{56B64BCF-A26C-4AC3-86FE-7F8114B1B3D9}"
EndProject
Project("{F184B08F-C81C-45F6-A57F-5ABD9991F28F}") = "AgronicaCoreMetaSchemaDAL", "..\AgronicaCore_2010\AgronicaCoreMetaSchemaDAL\AgronicaCoreMetaSchemaDAL.vbproj", "{307B2208-0488-440A-876B-5DCE4086E53B}"
EndProject
Project("{F184B08F-C81C-45F6-A57F-5ABD9991F28F}") = "AgronicaCoreGraficaDAL", "..\AgronicaCore_2010\AgronicaCoreGraficaDAL\AgronicaCoreGraficaDAL.vbproj", "{0BEE295E-9A01-4A27-BEFF-CCB552C07CAE}"
EndProject
Project("{F184B08F-C81C-45F6-A57F-5ABD9991F28F}") = "AgronicaCoreGraficaBIZ", "..\AgronicaCore_2010\AgronicaCoreGraficaBIZ\AgronicaCoreGraficaBIZ.vbproj", "{F7E29145-114D-4520-B0AB-112ABBF72226}"
EndProject
Project("{F184B08F-C81C-45F6-A57F-5ABD9991F28F}") = "AgronicaCoreContabDAL", "..\AgronicaCore_2010\AgronicaCoreContabDAL\AgronicaCoreContabDAL.vbproj", "{3325415C-E4F0-4EE5-BF6A-C0BD9BF3276B}"
EndProject
Project("{F184B08F-C81C-45F6-A57F-5ABD9991F28F}") = "AgronicaCoreZooDAL", "..\AgronicaCore_2010\AgronicaCoreZooDAL\AgronicaCoreZooDAL.vbproj", "{2332B409-B2E5-4A70-9F33-589F4BF7522F}"
EndProject
Project("{F184B08F-C81C-45F6-A57F-5ABD9991F28F}") = "AgronicaCoreStampeDAL", "..\AgronicaCore_2010\AgronicaCoreStampeDAL\AgronicaCoreStampeDAL.vbproj", "{21FDABC5-4CAF-43DE-800A-1AE7B4CB7CBB}"
EndProject
Project("{F184B08F-C81C-45F6-A57F-5ABD9991F28F}") = "AgronicaCoreContabBIZ", "..\AgronicaCore_2010\AgronicaCoreContabBIZ\AgronicaCoreContabBIZ.vbproj", "{09C9A140-71E4-430E-9E87-73C69E876912}"
EndProject
Project("{F184B08F-C81C-45F6-A57F-5ABD9991F28F}") = "AgronicaCoreGestoreModificheBIZ", "..\AgronicaCore_2010\AgronicaCoreGestoreModificheBIZ\AgronicaCoreGestoreModificheBIZ.vbproj", "{6C64FE54-7833-4319-ACAD-E50A1CE638C2}"
EndProject
Project("{F184B08F-C81C-45F6-A57F-5ABD9991F28F}") = "AgronicaCoreGestioneRichieste", "..\AgronicaCore_2010\AgronicaCoreGestioneRichieste\AgronicaCoreGestioneRichieste.vbproj", "{EFD63249-9CBE-4CB4-90D2-E881341C3B96}"
EndProject
Project("{F184B08F-C81C-45F6-A57F-5ABD9991F28F}") = "AgronicaCoreWebService", "..\AgronicaCore_2010\AgronicaCoreWebService\AgronicaCoreWebService.vbproj", "{C72BDD2D-2D24-41AF-B4FC-1D71060BDE58}"
EndProject
Project("{2150E333-8FDC-42A3-9474-1A3956D46DE8}") = ".nuget", ".nuget", "{8325B26D-912D-4868-9802-BC32CE4FB5A8}"
	ProjectSection(SolutionItems) = preProject
		.nuget\NuGet.Config = .nuget\NuGet.Config
	EndProjectSection
EndProject
Project("{F184B08F-C81C-45F6-A57F-5ABD9991F28F}") = "AgronicaCoreSementieriDAL", "..\AgronicaCore_2010\AgronicaCoreSementieriDAL\AgronicaCoreSementieriDAL.vbproj", "{7CF14AE3-4B42-4488-A29E-E4B698752964}"
EndProject
Project("{F184B08F-C81C-45F6-A57F-5ABD9991F28F}") = "AgronicaCorePianidiCampionamentoDAL", "..\AgronicaCore_2010\AgronicaCorePianidiCampionamentoDAL\AgronicaCorePianidiCampionamentoDAL.vbproj", "{E144D815-9B57-4554-9BC2-10557D382982}"
EndProject
Project("{FAE04EC0-301F-11D3-BF4B-00C04F79EFBC}") = "AgronicaCoreVisibilitaStd", "..\AgronicaCoreStd\AgronicaCoreVisibilitaStd\AgronicaCoreVisibilitaStd.csproj", "{811522ED-FA2B-26E8-4CBD-F591F80A9BFB}"
EndProject
Global
	GlobalSection(SolutionConfigurationPlatforms) = preSolution
		Debug|Any CPU = Debug|Any CPU
		Debug|x86 = Debug|x86
		Release|Any CPU = Release|Any CPU
		Release|x86 = Release|x86
	EndGlobalSection
	GlobalSection(ProjectConfigurationPlatforms) = postSolution
		{D6963B76-054B-4070-8BAD-DC9CC4C6F8D7}.Debug|Any CPU.ActiveCfg = Debug|Any CPU
		{D6963B76-054B-4070-8BAD-DC9CC4C6F8D7}.Debug|Any CPU.Build.0 = Debug|Any CPU
		{D6963B76-054B-4070-8BAD-DC9CC4C6F8D7}.Debug|x86.ActiveCfg = Debug|x86
		{D6963B76-054B-4070-8BAD-DC9CC4C6F8D7}.Debug|x86.Build.0 = Debug|x86
		{D6963B76-054B-4070-8BAD-DC9CC4C6F8D7}.Release|Any CPU.ActiveCfg = Release|Any CPU
		{D6963B76-054B-4070-8BAD-DC9CC4C6F8D7}.Release|Any CPU.Build.0 = Release|Any CPU
		{D6963B76-054B-4070-8BAD-DC9CC4C6F8D7}.Release|x86.ActiveCfg = Release|x86
		{D6963B76-054B-4070-8BAD-DC9CC4C6F8D7}.Release|x86.Build.0 = Release|x86
		{D1E4EDCA-946A-44B1-AA32-F315E0A9F13C}.Debug|Any CPU.ActiveCfg = Debug|Any CPU
		{D1E4EDCA-946A-44B1-AA32-F315E0A9F13C}.Debug|Any CPU.Build.0 = Debug|Any CPU
		{D1E4EDCA-946A-44B1-AA32-F315E0A9F13C}.Debug|x86.ActiveCfg = Debug|x86
		{D1E4EDCA-946A-44B1-AA32-F315E0A9F13C}.Debug|x86.Build.0 = Debug|x86
		{D1E4EDCA-946A-44B1-AA32-F315E0A9F13C}.Release|Any CPU.ActiveCfg = Release|Any CPU
		{D1E4EDCA-946A-44B1-AA32-F315E0A9F13C}.Release|Any CPU.Build.0 = Release|Any CPU
		{D1E4EDCA-946A-44B1-AA32-F315E0A9F13C}.Release|x86.ActiveCfg = Release|x86
		{D1E4EDCA-946A-44B1-AA32-F315E0A9F13C}.Release|x86.Build.0 = Release|x86
		{8942B252-809E-4FE1-9284-A3FDD7A174EA}.Debug|Any CPU.ActiveCfg = Debug|Any CPU
		{8942B252-809E-4FE1-9284-A3FDD7A174EA}.Debug|Any CPU.Build.0 = Debug|Any CPU
		{8942B252-809E-4FE1-9284-A3FDD7A174EA}.Debug|x86.ActiveCfg = Debug|x86
		{8942B252-809E-4FE1-9284-A3FDD7A174EA}.Debug|x86.Build.0 = Debug|x86
		{8942B252-809E-4FE1-9284-A3FDD7A174EA}.Release|Any CPU.ActiveCfg = Release|Any CPU
		{8942B252-809E-4FE1-9284-A3FDD7A174EA}.Release|Any CPU.Build.0 = Release|Any CPU
		{8942B252-809E-4FE1-9284-A3FDD7A174EA}.Release|x86.ActiveCfg = Release|x86
		{8942B252-809E-4FE1-9284-A3FDD7A174EA}.Release|x86.Build.0 = Release|x86
		{BEA06BCC-9EBB-43BC-BB37-FD4519D128D3}.Debug|Any CPU.ActiveCfg = Debug|Any CPU
		{BEA06BCC-9EBB-43BC-BB37-FD4519D128D3}.Debug|Any CPU.Build.0 = Debug|Any CPU
		{BEA06BCC-9EBB-43BC-BB37-FD4519D128D3}.Debug|x86.ActiveCfg = Debug|x86
		{BEA06BCC-9EBB-43BC-BB37-FD4519D128D3}.Debug|x86.Build.0 = Debug|x86
		{BEA06BCC-9EBB-43BC-BB37-FD4519D128D3}.Release|Any CPU.ActiveCfg = Release|Any CPU
		{BEA06BCC-9EBB-43BC-BB37-FD4519D128D3}.Release|Any CPU.Build.0 = Release|Any CPU
		{BEA06BCC-9EBB-43BC-BB37-FD4519D128D3}.Release|x86.ActiveCfg = Release|x86
		{BEA06BCC-9EBB-43BC-BB37-FD4519D128D3}.Release|x86.Build.0 = Release|x86
		{4489BE20-BBE8-4B33-A6C3-82B845521073}.Debug|Any CPU.ActiveCfg = Debug|Any CPU
		{4489BE20-BBE8-4B33-A6C3-82B845521073}.Debug|Any CPU.Build.0 = Debug|Any CPU
		{4489BE20-BBE8-4B33-A6C3-82B845521073}.Debug|x86.ActiveCfg = Debug|x86
		{4489BE20-BBE8-4B33-A6C3-82B845521073}.Debug|x86.Build.0 = Debug|x86
		{4489BE20-BBE8-4B33-A6C3-82B845521073}.Release|Any CPU.ActiveCfg = Release|Any CPU
		{4489BE20-BBE8-4B33-A6C3-82B845521073}.Release|Any CPU.Build.0 = Release|Any CPU
		{4489BE20-BBE8-4B33-A6C3-82B845521073}.Release|x86.ActiveCfg = Release|x86
		{4489BE20-BBE8-4B33-A6C3-82B845521073}.Release|x86.Build.0 = Release|x86
		{7430F460-F70F-4E5C-85F3-FEFD8E7EECBE}.Debug|Any CPU.ActiveCfg = Debug|Any CPU
		{7430F460-F70F-4E5C-85F3-FEFD8E7EECBE}.Debug|Any CPU.Build.0 = Debug|Any CPU
		{7430F460-F70F-4E5C-85F3-FEFD8E7EECBE}.Debug|x86.ActiveCfg = Debug|x86
		{7430F460-F70F-4E5C-85F3-FEFD8E7EECBE}.Debug|x86.Build.0 = Debug|x86
		{7430F460-F70F-4E5C-85F3-FEFD8E7EECBE}.Release|Any CPU.ActiveCfg = Release|Any CPU
		{7430F460-F70F-4E5C-85F3-FEFD8E7EECBE}.Release|Any CPU.Build.0 = Release|Any CPU
		{7430F460-F70F-4E5C-85F3-FEFD8E7EECBE}.Release|x86.ActiveCfg = Release|x86
		{7430F460-F70F-4E5C-85F3-FEFD8E7EECBE}.Release|x86.Build.0 = Release|x86
		{03C0A225-5A83-4A65-B3AA-207E2932AEF8}.Debug|Any CPU.ActiveCfg = Debug|Any CPU
		{03C0A225-5A83-4A65-B3AA-207E2932AEF8}.Debug|Any CPU.Build.0 = Debug|Any CPU
		{03C0A225-5A83-4A65-B3AA-207E2932AEF8}.Debug|x86.ActiveCfg = Debug|x86
		{03C0A225-5A83-4A65-B3AA-207E2932AEF8}.Debug|x86.Build.0 = Debug|x86
		{03C0A225-5A83-4A65-B3AA-207E2932AEF8}.Release|Any CPU.ActiveCfg = Release|Any CPU
		{03C0A225-5A83-4A65-B3AA-207E2932AEF8}.Release|Any CPU.Build.0 = Release|Any CPU
		{03C0A225-5A83-4A65-B3AA-207E2932AEF8}.Release|x86.ActiveCfg = Release|x86
		{03C0A225-5A83-4A65-B3AA-207E2932AEF8}.Release|x86.Build.0 = Release|x86
		{0746D560-498B-435B-B197-FAA7FF9BD0DA}.Debug|Any CPU.ActiveCfg = Debug|Any CPU
		{0746D560-498B-435B-B197-FAA7FF9BD0DA}.Debug|Any CPU.Build.0 = Debug|Any CPU
		{0746D560-498B-435B-B197-FAA7FF9BD0DA}.Debug|x86.ActiveCfg = Debug|x86
		{0746D560-498B-435B-B197-FAA7FF9BD0DA}.Debug|x86.Build.0 = Debug|x86
		{0746D560-498B-435B-B197-FAA7FF9BD0DA}.Release|Any CPU.ActiveCfg = Release|Any CPU
		{0746D560-498B-435B-B197-FAA7FF9BD0DA}.Release|Any CPU.Build.0 = Release|Any CPU
		{0746D560-498B-435B-B197-FAA7FF9BD0DA}.Release|x86.ActiveCfg = Release|x86
		{0746D560-498B-435B-B197-FAA7FF9BD0DA}.Release|x86.Build.0 = Release|x86
		{23F6D423-BC4F-4D05-A52A-67FA593234C8}.Debug|Any CPU.ActiveCfg = Debug|Any CPU
		{23F6D423-BC4F-4D05-A52A-67FA593234C8}.Debug|Any CPU.Build.0 = Debug|Any CPU
		{23F6D423-BC4F-4D05-A52A-67FA593234C8}.Debug|x86.ActiveCfg = Debug|x86
		{23F6D423-BC4F-4D05-A52A-67FA593234C8}.Debug|x86.Build.0 = Debug|x86
		{23F6D423-BC4F-4D05-A52A-67FA593234C8}.Release|Any CPU.ActiveCfg = Release|Any CPU
		{23F6D423-BC4F-4D05-A52A-67FA593234C8}.Release|Any CPU.Build.0 = Release|Any CPU
		{23F6D423-BC4F-4D05-A52A-67FA593234C8}.Release|x86.ActiveCfg = Release|x86
		{23F6D423-BC4F-4D05-A52A-67FA593234C8}.Release|x86.Build.0 = Release|x86
		{1C26FAC0-09AD-4D00-9FA6-6142B93542CF}.Debug|Any CPU.ActiveCfg = Debug|Any CPU
		{1C26FAC0-09AD-4D00-9FA6-6142B93542CF}.Debug|Any CPU.Build.0 = Debug|Any CPU
		{1C26FAC0-09AD-4D00-9FA6-6142B93542CF}.Debug|x86.ActiveCfg = Debug|x86
		{1C26FAC0-09AD-4D00-9FA6-6142B93542CF}.Debug|x86.Build.0 = Debug|x86
		{1C26FAC0-09AD-4D00-9FA6-6142B93542CF}.Release|Any CPU.ActiveCfg = Release|Any CPU
		{1C26FAC0-09AD-4D00-9FA6-6142B93542CF}.Release|Any CPU.Build.0 = Release|Any CPU
		{1C26FAC0-09AD-4D00-9FA6-6142B93542CF}.Release|x86.ActiveCfg = Release|x86
		{1C26FAC0-09AD-4D00-9FA6-6142B93542CF}.Release|x86.Build.0 = Release|x86
		{56B64BCF-A26C-4AC3-86FE-7F8114B1B3D9}.Debug|Any CPU.ActiveCfg = Debug|Any CPU
		{56B64BCF-A26C-4AC3-86FE-7F8114B1B3D9}.Debug|Any CPU.Build.0 = Debug|Any CPU
		{56B64BCF-A26C-4AC3-86FE-7F8114B1B3D9}.Debug|x86.ActiveCfg = Debug|x86
		{56B64BCF-A26C-4AC3-86FE-7F8114B1B3D9}.Debug|x86.Build.0 = Debug|x86
		{56B64BCF-A26C-4AC3-86FE-7F8114B1B3D9}.Release|Any CPU.ActiveCfg = Release|Any CPU
		{56B64BCF-A26C-4AC3-86FE-7F8114B1B3D9}.Release|Any CPU.Build.0 = Release|Any CPU
		{56B64BCF-A26C-4AC3-86FE-7F8114B1B3D9}.Release|x86.ActiveCfg = Release|x86
		{56B64BCF-A26C-4AC3-86FE-7F8114B1B3D9}.Release|x86.Build.0 = Release|x86
		{307B2208-0488-440A-876B-5DCE4086E53B}.Debug|Any CPU.ActiveCfg = Debug|Any CPU
		{307B2208-0488-440A-876B-5DCE4086E53B}.Debug|Any CPU.Build.0 = Debug|Any CPU
		{307B2208-0488-440A-876B-5DCE4086E53B}.Debug|x86.ActiveCfg = Debug|x86
		{307B2208-0488-440A-876B-5DCE4086E53B}.Debug|x86.Build.0 = Debug|x86
		{307B2208-0488-440A-876B-5DCE4086E53B}.Release|Any CPU.ActiveCfg = Release|Any CPU
		{307B2208-0488-440A-876B-5DCE4086E53B}.Release|Any CPU.Build.0 = Release|Any CPU
		{307B2208-0488-440A-876B-5DCE4086E53B}.Release|x86.ActiveCfg = Release|x86
		{307B2208-0488-440A-876B-5DCE4086E53B}.Release|x86.Build.0 = Release|x86
		{0BEE295E-9A01-4A27-BEFF-CCB552C07CAE}.Debug|Any CPU.ActiveCfg = Debug|Any CPU
		{0BEE295E-9A01-4A27-BEFF-CCB552C07CAE}.Debug|Any CPU.Build.0 = Debug|Any CPU
		{0BEE295E-9A01-4A27-BEFF-CCB552C07CAE}.Debug|x86.ActiveCfg = Debug|x86
		{0BEE295E-9A01-4A27-BEFF-CCB552C07CAE}.Debug|x86.Build.0 = Debug|x86
		{0BEE295E-9A01-4A27-BEFF-CCB552C07CAE}.Release|Any CPU.ActiveCfg = Release|Any CPU
		{0BEE295E-9A01-4A27-BEFF-CCB552C07CAE}.Release|Any CPU.Build.0 = Release|Any CPU
		{0BEE295E-9A01-4A27-BEFF-CCB552C07CAE}.Release|x86.ActiveCfg = Release|x86
		{0BEE295E-9A01-4A27-BEFF-CCB552C07CAE}.Release|x86.Build.0 = Release|x86
		{F7E29145-114D-4520-B0AB-112ABBF72226}.Debug|Any CPU.ActiveCfg = Debug|Any CPU
		{F7E29145-114D-4520-B0AB-112ABBF72226}.Debug|Any CPU.Build.0 = Debug|Any CPU
		{F7E29145-114D-4520-B0AB-112ABBF72226}.Debug|x86.ActiveCfg = Debug|x86
		{F7E29145-114D-4520-B0AB-112ABBF72226}.Debug|x86.Build.0 = Debug|x86
		{F7E29145-114D-4520-B0AB-112ABBF72226}.Release|Any CPU.ActiveCfg = Release|Any CPU
		{F7E29145-114D-4520-B0AB-112ABBF72226}.Release|Any CPU.Build.0 = Release|Any CPU
		{F7E29145-114D-4520-B0AB-112ABBF72226}.Release|x86.ActiveCfg = Release|x86
		{F7E29145-114D-4520-B0AB-112ABBF72226}.Release|x86.Build.0 = Release|x86
		{3325415C-E4F0-4EE5-BF6A-C0BD9BF3276B}.Debug|Any CPU.ActiveCfg = Debug|Any CPU
		{3325415C-E4F0-4EE5-BF6A-C0BD9BF3276B}.Debug|Any CPU.Build.0 = Debug|Any CPU
		{3325415C-E4F0-4EE5-BF6A-C0BD9BF3276B}.Debug|x86.ActiveCfg = Debug|x86
		{3325415C-E4F0-4EE5-BF6A-C0BD9BF3276B}.Debug|x86.Build.0 = Debug|x86
		{3325415C-E4F0-4EE5-BF6A-C0BD9BF3276B}.Release|Any CPU.ActiveCfg = Release|Any CPU
		{3325415C-E4F0-4EE5-BF6A-C0BD9BF3276B}.Release|Any CPU.Build.0 = Release|Any CPU
		{3325415C-E4F0-4EE5-BF6A-C0BD9BF3276B}.Release|x86.ActiveCfg = Release|x86
		{3325415C-E4F0-4EE5-BF6A-C0BD9BF3276B}.Release|x86.Build.0 = Release|x86
		{2332B409-B2E5-4A70-9F33-589F4BF7522F}.Debug|Any CPU.ActiveCfg = Debug|Any CPU
		{2332B409-B2E5-4A70-9F33-589F4BF7522F}.Debug|Any CPU.Build.0 = Debug|Any CPU
		{2332B409-B2E5-4A70-9F33-589F4BF7522F}.Debug|x86.ActiveCfg = Debug|x86
		{2332B409-B2E5-4A70-9F33-589F4BF7522F}.Debug|x86.Build.0 = Debug|x86
		{2332B409-B2E5-4A70-9F33-589F4BF7522F}.Release|Any CPU.ActiveCfg = Release|Any CPU
		{2332B409-B2E5-4A70-9F33-589F4BF7522F}.Release|Any CPU.Build.0 = Release|Any CPU
		{2332B409-B2E5-4A70-9F33-589F4BF7522F}.Release|x86.ActiveCfg = Release|x86
		{2332B409-B2E5-4A70-9F33-589F4BF7522F}.Release|x86.Build.0 = Release|x86
		{21FDABC5-4CAF-43DE-800A-1AE7B4CB7CBB}.Debug|Any CPU.ActiveCfg = Debug|Any CPU
		{21FDABC5-4CAF-43DE-800A-1AE7B4CB7CBB}.Debug|Any CPU.Build.0 = Debug|Any CPU
		{21FDABC5-4CAF-43DE-800A-1AE7B4CB7CBB}.Debug|x86.ActiveCfg = Debug|x86
		{21FDABC5-4CAF-43DE-800A-1AE7B4CB7CBB}.Debug|x86.Build.0 = Debug|x86
		{21FDABC5-4CAF-43DE-800A-1AE7B4CB7CBB}.Release|Any CPU.ActiveCfg = Release|Any CPU
		{21FDABC5-4CAF-43DE-800A-1AE7B4CB7CBB}.Release|Any CPU.Build.0 = Release|Any CPU
		{21FDABC5-4CAF-43DE-800A-1AE7B4CB7CBB}.Release|x86.ActiveCfg = Release|x86
		{21FDABC5-4CAF-43DE-800A-1AE7B4CB7CBB}.Release|x86.Build.0 = Release|x86
		{09C9A140-71E4-430E-9E87-73C69E876912}.Debug|Any CPU.ActiveCfg = Debug|Any CPU
		{09C9A140-71E4-430E-9E87-73C69E876912}.Debug|Any CPU.Build.0 = Debug|Any CPU
		{09C9A140-71E4-430E-9E87-73C69E876912}.Debug|x86.ActiveCfg = Debug|x86
		{09C9A140-71E4-430E-9E87-73C69E876912}.Debug|x86.Build.0 = Debug|x86
		{09C9A140-71E4-430E-9E87-73C69E876912}.Release|Any CPU.ActiveCfg = Release|Any CPU
		{09C9A140-71E4-430E-9E87-73C69E876912}.Release|Any CPU.Build.0 = Release|Any CPU
		{09C9A140-71E4-430E-9E87-73C69E876912}.Release|x86.ActiveCfg = Release|x86
		{09C9A140-71E4-430E-9E87-73C69E876912}.Release|x86.Build.0 = Release|x86
		{6C64FE54-7833-4319-ACAD-E50A1CE638C2}.Debug|Any CPU.ActiveCfg = Debug|Any CPU
		{6C64FE54-7833-4319-ACAD-E50A1CE638C2}.Debug|Any CPU.Build.0 = Debug|Any CPU
		{6C64FE54-7833-4319-ACAD-E50A1CE638C2}.Debug|x86.ActiveCfg = Debug|x86
		{6C64FE54-7833-4319-ACAD-E50A1CE638C2}.Debug|x86.Build.0 = Debug|x86
		{6C64FE54-7833-4319-ACAD-E50A1CE638C2}.Release|Any CPU.ActiveCfg = Release|Any CPU
		{6C64FE54-7833-4319-ACAD-E50A1CE638C2}.Release|Any CPU.Build.0 = Release|Any CPU
		{6C64FE54-7833-4319-ACAD-E50A1CE638C2}.Release|x86.ActiveCfg = Release|x86
		{6C64FE54-7833-4319-ACAD-E50A1CE638C2}.Release|x86.Build.0 = Release|x86
		{EFD63249-9CBE-4CB4-90D2-E881341C3B96}.Debug|Any CPU.ActiveCfg = Debug|Any CPU
		{EFD63249-9CBE-4CB4-90D2-E881341C3B96}.Debug|Any CPU.Build.0 = Debug|Any CPU
		{EFD63249-9CBE-4CB4-90D2-E881341C3B96}.Debug|x86.ActiveCfg = Debug|x86
		{EFD63249-9CBE-4CB4-90D2-E881341C3B96}.Debug|x86.Build.0 = Debug|x86
		{EFD63249-9CBE-4CB4-90D2-E881341C3B96}.Release|Any CPU.ActiveCfg = Release|Any CPU
		{EFD63249-9CBE-4CB4-90D2-E881341C3B96}.Release|Any CPU.Build.0 = Release|Any CPU
		{EFD63249-9CBE-4CB4-90D2-E881341C3B96}.Release|x86.ActiveCfg = Release|x86
		{EFD63249-9CBE-4CB4-90D2-E881341C3B96}.Release|x86.Build.0 = Release|x86
		{C72BDD2D-2D24-41AF-B4FC-1D71060BDE58}.Debug|Any CPU.ActiveCfg = Debug|Any CPU
		{C72BDD2D-2D24-41AF-B4FC-1D71060BDE58}.Debug|Any CPU.Build.0 = Debug|Any CPU
		{C72BDD2D-2D24-41AF-B4FC-1D71060BDE58}.Debug|x86.ActiveCfg = Debug|x86
		{C72BDD2D-2D24-41AF-B4FC-1D71060BDE58}.Debug|x86.Build.0 = Debug|x86
		{C72BDD2D-2D24-41AF-B4FC-1D71060BDE58}.Release|Any CPU.ActiveCfg = Release|Any CPU
		{C72BDD2D-2D24-41AF-B4FC-1D71060BDE58}.Release|Any CPU.Build.0 = Release|Any CPU
		{C72BDD2D-2D24-41AF-B4FC-1D71060BDE58}.Release|x86.ActiveCfg = Release|x86
		{C72BDD2D-2D24-41AF-B4FC-1D71060BDE58}.Release|x86.Build.0 = Release|x86
		{7CF14AE3-4B42-4488-A29E-E4B698752964}.Debug|Any CPU.ActiveCfg = Debug|Any CPU
		{7CF14AE3-4B42-4488-A29E-E4B698752964}.Debug|Any CPU.Build.0 = Debug|Any CPU
		{7CF14AE3-4B42-4488-A29E-E4B698752964}.Debug|x86.ActiveCfg = Debug|x86
		{7CF14AE3-4B42-4488-A29E-E4B698752964}.Debug|x86.Build.0 = Debug|x86
		{7CF14AE3-4B42-4488-A29E-E4B698752964}.Release|Any CPU.ActiveCfg = Release|Any CPU
		{7CF14AE3-4B42-4488-A29E-E4B698752964}.Release|Any CPU.Build.0 = Release|Any CPU
		{7CF14AE3-4B42-4488-A29E-E4B698752964}.Release|x86.ActiveCfg = Release|x86
		{7CF14AE3-4B42-4488-A29E-E4B698752964}.Release|x86.Build.0 = Release|x86
		{E144D815-9B57-4554-9BC2-10557D382982}.Debug|Any CPU.ActiveCfg = Debug|Any CPU
		{E144D815-9B57-4554-9BC2-10557D382982}.Debug|Any CPU.Build.0 = Debug|Any CPU
		{E144D815-9B57-4554-9BC2-10557D382982}.Debug|x86.ActiveCfg = Debug|x86
		{E144D815-9B57-4554-9BC2-10557D382982}.Debug|x86.Build.0 = Debug|x86
		{E144D815-9B57-4554-9BC2-10557D382982}.Release|Any CPU.ActiveCfg = Release|Any CPU
		{E144D815-9B57-4554-9BC2-10557D382982}.Release|Any CPU.Build.0 = Release|Any CPU
		{E144D815-9B57-4554-9BC2-10557D382982}.Release|x86.ActiveCfg = Release|x86
		{E144D815-9B57-4554-9BC2-10557D382982}.Release|x86.Build.0 = Release|x86
		{811522ED-FA2B-26E8-4CBD-F591F80A9BFB}.Debug|Any CPU.ActiveCfg = Debug|Any CPU
		{811522ED-FA2B-26E8-4CBD-F591F80A9BFB}.Debug|Any CPU.Build.0 = Debug|Any CPU
		{811522ED-FA2B-26E8-4CBD-F591F80A9BFB}.Debug|x86.ActiveCfg = Debug|Any CPU
		{811522ED-FA2B-26E8-4CBD-F591F80A9BFB}.Debug|x86.Build.0 = Debug|Any CPU
		{811522ED-FA2B-26E8-4CBD-F591F80A9BFB}.Release|Any CPU.ActiveCfg = Release|Any CPU
		{811522ED-FA2B-26E8-4CBD-F591F80A9BFB}.Release|Any CPU.Build.0 = Release|Any CPU
		{811522ED-FA2B-26E8-4CBD-F591F80A9BFB}.Release|x86.ActiveCfg = Release|Any CPU
		{811522ED-FA2B-26E8-4CBD-F591F80A9BFB}.Release|x86.Build.0 = Release|Any CPU
	EndGlobalSection
	GlobalSection(SolutionProperties) = preSolution
		HideSolutionNode = FALSE
	EndGlobalSection
	GlobalSection(ExtensibilityGlobals) = postSolution
		SolutionGuid = {7A70EA94-BF41-40DA-B4E6-90F1F78E811A}
	EndGlobalSection
EndGlobal
