{
  "name": "gias-shared-css",
  "version": "1.2.0",
  "lockfileVersion": 3,
  "requires": true,
  "packages": {
    "": {
      "name": "gias-shared-css",
      "version": "1.2.0",
      "license": "ISC",
      "dependencies": {
        "@angular/material": "^19.2.9",
        "@progress/kendo-font-icons": "^4.0.0",
        "@progress/kendo-theme-bootstrap": "^10.4.0",
        "@progress/kendo-theme-default": "^10.4.0",
        "bootstrap": "^5.3.5"
      }
    },
    "node_modules/@angular/cdk": {
      "version": "19.2.9",
      "resolved": "https://registry.npmjs.org/@angular/cdk/-/cdk-19.2.9.tgz",
      "integrity": "sha512-4If3BjWQPwW/xqRUCL7Mx0dHS0SuZY7Tq/Ocf7liwYTYCmSv8Ew7NqaiPA4RS3FnyUJcZW/UAd231uWI/ZHChg==",
      "license": "MIT",
      "peer": true,
      "dependencies": {
        "parse5": "^7.1.2",
        "tslib": "^2.3.0"
      },
      "peerDependencies": {
        "@angular/common": "^19.0.0 || ^20.0.0",
        "@angular/core": "^19.0.0 || ^20.0.0",
        "rxjs": "^6.5.3 || ^7.4.0"
      }
    },
    "node_modules/@angular/common": {
      "version": "19.2.6",
      "resolved": "https://registry.npmjs.org/@angular/common/-/common-19.2.6.tgz",
      "integrity": "sha512-kqqjLwDUTpAv4m39AvlDFJhrxmBqblgzvXLm82F8UQ+505aleYpq/8P3tcfgJCRSCWZ1HXWki+JPHkdnHvhy0A==",
      "license": "MIT",
      "peer": true,
      "dependencies": {
        "tslib": "^2.3.0"
      },
      "engines": {
        "node": "^18.19.1 || ^20.11.1 || >=22.0.0"
      },
      "peerDependencies": {
        "@angular/core": "19.2.6",
        "rxjs": "^6.5.3 || ^7.4.0"
      }
    },
    "node_modules/@angular/core": {
      "version": "19.2.6",
      "resolved": "https://registry.npmjs.org/@angular/core/-/core-19.2.6.tgz",
      "integrity": "sha512-tmtdONYMg3PvhuCUlTHX17P7MZTLrbDNWpiTyZNRGDbRzQqc5fxK8IrZJXm7TWxx8imDrBZn+wvwCYNDmMD81g==",
      "license": "MIT",
      "peer": true,
      "dependencies": {
        "tslib": "^2.3.0"
      },
      "engines": {
        "node": "^18.19.1 || ^20.11.1 || >=22.0.0"
      },
      "peerDependencies": {
        "rxjs": "^6.5.3 || ^7.4.0",
        "zone.js": "~0.15.0"
      }
    },
    "node_modules/@angular/forms": {
      "version": "19.2.6",
      "resolved": "https://registry.npmjs.org/@angular/forms/-/forms-19.2.6.tgz",
      "integrity": "sha512-cacGuc8MXe0Am3dEaDvGYrUwUTGBWecWIA1xpGXWj7mjwLf+FhLFIPc6LfLgiQyGGAYaRjyEaZ3HGTqefuI8lQ==",
      "license": "MIT",
      "peer": true,
      "dependencies": {
        "tslib": "^2.3.0"
      },
      "engines": {
        "node": "^18.19.1 || ^20.11.1 || >=22.0.0"
      },
      "peerDependencies": {
        "@angular/common": "19.2.6",
        "@angular/core": "19.2.6",
        "@angular/platform-browser": "19.2.6",
        "rxjs": "^6.5.3 || ^7.4.0"
      }
    },
    "node_modules/@angular/material": {
      "version": "19.2.9",
      "resolved": "https://registry.npmjs.org/@angular/material/-/material-19.2.9.tgz",
      "integrity": "sha512-zkc49u6AIZ+aQe76MvOmoZ06c+/ZNpFeBS3dH65kCmnIpFhh8c+zLjxgwgBIlrvUmfjy6J1iJaG05hmkLzAggg==",
      "license": "MIT",
      "dependencies": {
        "tslib": "^2.3.0"
      },
      "peerDependencies": {
        "@angular/cdk": "19.2.9",
        "@angular/common": "^19.0.0 || ^20.0.0",
        "@angular/core": "^19.0.0 || ^20.0.0",
        "@angular/forms": "^19.0.0 || ^20.0.0",
        "@angular/platform-browser": "^19.0.0 || ^20.0.0",
        "rxjs": "^6.5.3 || ^7.4.0"
      }
    },
    "node_modules/@angular/platform-browser": {
      "version": "19.2.6",
      "resolved": "https://registry.npmjs.org/@angular/platform-browser/-/platform-browser-19.2.6.tgz",
      "integrity": "sha512-FfI642EbUU4RPu+zg2kPvlLCREhwzStgXFr7K4hfwCP+K9FPtgkY1Luw01mhqwySHfzj0oU0C1njZIBX66JBmw==",
      "license": "MIT",
      "peer": true,
      "dependencies": {
        "tslib": "^2.3.0"
      },
      "engines": {
        "node": "^18.19.1 || ^20.11.1 || >=22.0.0"
      },
      "peerDependencies": {
        "@angular/animations": "19.2.6",
        "@angular/common": "19.2.6",
        "@angular/core": "19.2.6"
      },
      "peerDependenciesMeta": {
        "@angular/animations": {
          "optional": true
        }
      }
    },
    "node_modules/@popperjs/core": {
      "version": "2.11.8",
      "resolved": "https://registry.npmjs.org/@popperjs/core/-/core-2.11.8.tgz",
      "integrity": "sha512-P1st0aksCrn9sGZhp8GMYwBnQsbvAWsZAX44oXNNvLHGqAOcoVxmjZiohstwQ7SqKnbR47akdNi+uleWD8+g6A==",
      "license": "MIT",
      "peer": true,
      "funding": {
        "type": "opencollective",
        "url": "https://opencollective.com/popperjs"
      }
    },
    "node_modules/@progress/kendo-font-icons": {
      "version": "4.3.0",
      "resolved": "https://registry.npmjs.org/@progress/kendo-font-icons/-/kendo-font-icons-4.3.0.tgz",
      "integrity": "sha512-vETC055dWcWXz4LnymHJTGhanjKKmZEqgO+IS4G16nBHylgng//8ujKTgDjOsM9hGqLZnWMDvVOnj7l7tCcdkg==",
      "license": "Apache-2.0"
    },
    "node_modules/@progress/kendo-svg-icons": {
      "version": "4.2.0",
      "resolved": "https://registry.npmjs.org/@progress/kendo-svg-icons/-/kendo-svg-icons-4.2.0.tgz",
      "integrity": "sha512-jql1hFwhAXY8vDEOCpu9YUNJfYV52FtVzaoR0QJvXZBu4wcW8h4KlupJdQn3VSIvHJ293gZyvUEkg1/cAA8THA==",
      "license": "Apache-2.0"
    },
    "node_modules/@progress/kendo-theme-bootstrap": {
      "version": "10.6.0",
      "resolved": "https://registry.npmjs.org/@progress/kendo-theme-bootstrap/-/kendo-theme-bootstrap-10.6.0.tgz",
      "integrity": "sha512-e2mHsUyaK7MCA2OL+rHw+WCO4Lz4tdic6LGM1NCsOb9czpr45wjdWshLPxrsE/JhKAlSN3gAgEu1wxErwblfuA==",
      "license": "Apache-2.0",
      "dependencies": {
        "@progress/kendo-svg-icons": "^4.1.0",
        "@progress/kendo-theme-core": "10.6.0",
        "@progress/kendo-theme-utils": "10.6.0"
      }
    },
    "node_modules/@progress/kendo-theme-core": {
      "version": "10.6.0",
      "resolved": "https://registry.npmjs.org/@progress/kendo-theme-core/-/kendo-theme-core-10.6.0.tgz",
      "integrity": "sha512-lCVZYnvW1VmoFy2HBIOQM/ywXxKebzacwoABfFW3sZuaMxhVRV1X+7+LwYbZxTdpDDNjsoNM+PiGbQ1tFmGmsg==",
      "license": "Apache-2.0"
    },
    "node_modules/@progress/kendo-theme-default": {
      "version": "10.6.0",
      "resolved": "https://registry.npmjs.org/@progress/kendo-theme-default/-/kendo-theme-default-10.6.0.tgz",
      "integrity": "sha512-Y2WJY2ao+LxES6YsRmF9Cs0f4uLVd+GYThp1A7BWXuhxA8wJDgZftmiduxnsf49r49VSYiJSKkp1sdV4mi8Lrg==",
      "license": "Apache-2.0",
      "dependencies": {
        "@progress/kendo-svg-icons": "^4.1.0",
        "@progress/kendo-theme-core": "10.6.0",
        "@progress/kendo-theme-utils": "10.6.0"
      }
    },
    "node_modules/@progress/kendo-theme-utils": {
      "version": "10.6.0",
      "resolved": "https://registry.npmjs.org/@progress/kendo-theme-utils/-/kendo-theme-utils-10.6.0.tgz",
      "integrity": "sha512-BtNC3JGhWmRxQDJAmLQjICD8LV4hgqVyu0j/7quPTCvXtqenBcO5qkr990k9ltLM0eMmj65LpZUYtsQHcnqJqQ==",
      "license": "Apache-2.0",
      "dependencies": {
        "@progress/kendo-theme-core": "10.6.0"
      }
    },
    "node_modules/bootstrap": {
      "version": "5.3.5",
      "resolved": "https://registry.npmjs.org/bootstrap/-/bootstrap-5.3.5.tgz",
      "integrity": "sha512-ct1CHKtiobRimyGzmsSldEtM03E8fcEX4Tb3dGXz1V8faRwM50+vfHwTzOxB3IlKO7m+9vTH3s/3C6T2EAPeTA==",
      "funding": [
        {
          "type": "github",
          "url": "https://github.com/sponsors/twbs"
        },
        {
          "type": "opencollective",
          "url": "https://opencollective.com/bootstrap"
        }
      ],
      "license": "MIT",
      "peerDependencies": {
        "@popperjs/core": "^2.11.8"
      }
    },
    "node_modules/entities": {
      "version": "4.5.0",
      "resolved": "https://registry.npmjs.org/entities/-/entities-4.5.0.tgz",
      "integrity": "sha512-V0hjH4dGPh9Ao5p0MoRY6BVqtwCjhz6vI5LT8AJ55H+4g9/4vbHx1I54fS0XuclLhDHArPQCiMjDxjaL8fPxhw==",
      "license": "BSD-2-Clause",
      "peer": true,
      "engines": {
        "node": ">=0.12"
      },
      "funding": {
        "url": "https://github.com/fb55/entities?sponsor=1"
      }
    },
    "node_modules/parse5": {
      "version": "7.2.1",
      "resolved": "https://registry.npmjs.org/parse5/-/parse5-7.2.1.tgz",
      "integrity": "sha512-BuBYQYlv1ckiPdQi/ohiivi9Sagc9JG+Ozs0r7b/0iK3sKmrb0b9FdWdBbOdx6hBCM/F9Ir82ofnBhtZOjCRPQ==",
      "license": "MIT",
      "peer": true,
      "dependencies": {
        "entities": "^4.5.0"
      },
      "funding": {
        "url": "https://github.com/inikulin/parse5?sponsor=1"
      }
    },
    "node_modules/rxjs": {
      "version": "7.8.2",
      "resolved": "https://registry.npmjs.org/rxjs/-/rxjs-7.8.2.tgz",
      "integrity": "sha512-dhKf903U/PQZY6boNNtAGdWbG85WAbjT/1xYoZIC7FAY0yWapOBQVsVrDl58W86//e1VpMNBtRV4MaXfdMySFA==",
      "license": "Apache-2.0",
      "peer": true,
      "dependencies": {
        "tslib": "^2.1.0"
      }
    },
    "node_modules/tslib": {
      "version": "2.8.1",
      "resolved": "https://registry.npmjs.org/tslib/-/tslib-2.8.1.tgz",
      "integrity": "sha512-oJFu94HQb+KVduSUQL7wnpmqnfmLsOA/nAh6b6EH0wCEoK0/mPeXU6c3wKDV83MkOuHPRHtSXKKU99IBazS/2w==",
      "license": "0BSD"
    },
    "node_modules/zone.js": {
      "version": "0.15.0",
      "resolved": "https://registry.npmjs.org/zone.js/-/zone.js-0.15.0.tgz",
      "integrity": "sha512-9oxn0IIjbCZkJ67L+LkhYWRyAy7axphb3VgE2MBDlOqnmHMPWGYMxJxBYFueFq/JGY2GMwS0rU+UCLunEmy5UA==",
      "license": "MIT",
      "peer": true
    }
  }
}
